// !$*UTF8*$!
{
	archiveVersion = 1;
	classes = {
	};
	objectVersion = 77;
	objects = {

/* Begin PBXBuildFile section */
		520B50242FFE88C100C5F942 /* AppDelegate.swift in Sources */ = {isa = PBXBuildFile; fileRef = 520B50232FFE88C100C5F942 /* AppDelegate.swift */; };
		520B50262FFE88C100C5F942 /* SceneDelegate.swift in Sources */ = {isa = PBXBuildFile; fileRef = 520B50252FFE88C100C5F942 /* SceneDelegate.swift */; };
		520B50292FFE88C100C5F942 /* LaunchScreen.storyboard in Resources */ = {isa = PBXBuildFile; fileRef = 520B50272FFE88C100C5F942 /* LaunchScreen.storyboard */; };
		520B502C2FFE88C100C5F942 /* Main.storyboard in Resources */ = {isa = PBXBuildFile; fileRef = 520B502A2FFE88C100C5F942 /* Main.storyboard */; };
		520B50352FFE88C100C5F942 /* AppDelegate.swift in Sources */ = {isa = PBXBuildFile; fileRef = 520B50342FFE88C100C5F942 /* AppDelegate.swift */; };
		520B50382FFE88C100C5F942 /* Main.storyboard in Resources */ = {isa = PBXBuildFile; fileRef = 520B50362FFE88C100C5F942 /* Main.storyboard */; };
		520B503F2FFE88C100C5F942 /* Vapor Tracker Extension.appex in Embed Foundation Extensions */ = {isa = PBXBuildFile; fileRef = 520B503E2FFE88C100C5F942 /* Vapor Tracker Extension.appex */; settings = {ATTRIBUTES = (RemoveHeadersOnCopy, ); }; };
		520B50492FFE88C100C5F942 /* Vapor Tracker Extension.appex in Embed Foundation Extensions */ = {isa = PBXBuildFile; fileRef = 520B50482FFE88C100C5F942 /* Vapor Tracker Extension.appex */; settings = {ATTRIBUTES = (RemoveHeadersOnCopy, ); }; };
		520B504E2FFE88C100C5F942 /* Main.html in Resources */ = {isa = PBXBuildFile; fileRef = 520B50132FFE88C000C5F942 /* Main.html */; };
		520B504F2FFE88C100C5F942 /* Main.html in Resources */ = {isa = PBXBuildFile; fileRef = 520B50132FFE88C000C5F942 /* Main.html */; };
		520B50502FFE88C100C5F942 /* Icon.png in Resources */ = {isa = PBXBuildFile; fileRef = 520B50152FFE88C000C5F942 /* Icon.png */; };
		520B50512FFE88C100C5F942 /* Icon.png in Resources */ = {isa = PBXBuildFile; fileRef = 520B50152FFE88C000C5F942 /* Icon.png */; };
		520B50522FFE88C100C5F942 /* Style.css in Resources */ = {isa = PBXBuildFile; fileRef = 520B50162FFE88C000C5F942 /* Style.css */; };
		520B50532FFE88C100C5F942 /* Style.css in Resources */ = {isa = PBXBuildFile; fileRef = 520B50162FFE88C000C5F942 /* Style.css */; };
		520B50542FFE88C100C5F942 /* Script.js in Resources */ = {isa = PBXBuildFile; fileRef = 520B50172FFE88C000C5F942 /* Script.js */; };
		520B50552FFE88C100C5F942 /* Script.js in Resources */ = {isa = PBXBuildFile; fileRef = 520B50172FFE88C000C5F942 /* Script.js */; };
		520B50562FFE88C100C5F942 /* ViewController.swift in Sources */ = {isa = PBXBuildFile; fileRef = 520B50182FFE88C000C5F942 /* ViewController.swift */; };
		520B50572FFE88C100C5F942 /* ViewController.swift in Sources */ = {isa = PBXBuildFile; fileRef = 520B50182FFE88C000C5F942 /* ViewController.swift */; };
		520B50582FFE88C100C5F942 /* Assets.xcassets in Resources */ = {isa = PBXBuildFile; fileRef = 520B50192FFE88C100C5F942 /* Assets.xcassets */; };
		520B50592FFE88C100C5F942 /* Assets.xcassets in Resources */ = {isa = PBXBuildFile; fileRef = 520B50192FFE88C100C5F942 /* Assets.xcassets */; };
		520B505A2FFE88C100C5F942 /* SafariWebExtensionHandler.swift in Sources */ = {isa = PBXBuildFile; fileRef = 520B501B2FFE88C100C5F942 /* SafariWebExtensionHandler.swift */; };
		520B505B2FFE88C100C5F942 /* SafariWebExtensionHandler.swift in Sources */ = {isa = PBXBuildFile; fileRef = 520B501B2FFE88C100C5F942 /* SafariWebExtensionHandler.swift */; };
		520B50762FFE88C100C5F942 /* popup.js in Resources */ = {isa = PBXBuildFile; fileRef = 520B506D2FFE88C100C5F942 /* popup.js */; };
		520B50772FFE88C100C5F942 /* wishlist.js in Resources */ = {isa = PBXBuildFile; fileRef = 520B506E2FFE88C100C5F942 /* wishlist.js */; };
		520B50782FFE88C100C5F942 /* content.css in Resources */ = {isa = PBXBuildFile; fileRef = 520B506F2FFE88C100C5F942 /* content.css */; };
		520B50792FFE88C100C5F942 /* background.js in Resources */ = {isa = PBXBuildFile; fileRef = 520B50702FFE88C100C5F942 /* background.js */; };
		520B507A2FFE88C100C5F942 /* popup.html in Resources */ = {isa = PBXBuildFile; fileRef = 520B50712FFE88C100C5F942 /* popup.html */; };
		520B507B2FFE88C100C5F942 /* img in Resources */ = {isa = PBXBuildFile; fileRef = 520B50722FFE88C100C5F942 /* img */; };
		520B507C2FFE88C100C5F942 /* manifest.json in Resources */ = {isa = PBXBuildFile; fileRef = 520B50732FFE88C100C5F942 /* manifest.json */; };
		520B507D2FFE88C100C5F942 /* banner.js in Resources */ = {isa = PBXBuildFile; fileRef = 520B50742FFE88C100C5F942 /* banner.js */; };
		520B507E2FFE88C100C5F942 /* content.js in Resources */ = {isa = PBXBuildFile; fileRef = 520B50752FFE88C100C5F942 /* content.js */; };
		520B507F2FFE88C100C5F942 /* popup.js in Resources */ = {isa = PBXBuildFile; fileRef = 520B506D2FFE88C100C5F942 /* popup.js */; };
		520B50802FFE88C100C5F942 /* wishlist.js in Resources */ = {isa = PBXBuildFile; fileRef = 520B506E2FFE88C100C5F942 /* wishlist.js */; };
		520B50812FFE88C100C5F942 /* content.css in Resources */ = {isa = PBXBuildFile; fileRef = 520B506F2FFE88C100C5F942 /* content.css */; };
		520B50822FFE88C100C5F942 /* background.js in Resources */ = {isa = PBXBuildFile; fileRef = 520B50702FFE88C100C5F942 /* background.js */; };
		520B50832FFE88C100C5F942 /* popup.html in Resources */ = {isa = PBXBuildFile; fileRef = 520B50712FFE88C100C5F942 /* popup.html */; };
		520B50842FFE88C100C5F942 /* img in Resources */ = {isa = PBXBuildFile; fileRef = 520B50722FFE88C100C5F942 /* img */; };
		520B50852FFE88C100C5F942 /* manifest.json in Resources */ = {isa = PBXBuildFile; fileRef = 520B50732FFE88C100C5F942 /* manifest.json */; };
		520B50862FFE88C100C5F942 /* banner.js in Resources */ = {isa = PBXBuildFile; fileRef = 520B50742FFE88C100C5F942 /* banner.js */; };
		520B50872FFE88C100C5F942 /* content.js in Resources */ = {isa = PBXBuildFile; fileRef = 520B50752FFE88C100C5F942 /* content.js */; };
/* End PBXBuildFile section */

/* Begin PBXContainerItemProxy section */
		520B50402FFE88C100C5F942 /* PBXContainerItemProxy */ = {
			isa = PBXContainerItemProxy;
			containerPortal = 520B500D2FFE88C000C5F942 /* Project object */;
			proxyType = 1;
			remoteGlobalIDString = 520B503D2FFE88C100C5F942;
			remoteInfo = "Vapor Tracker Extension (iOS)";
		};
		520B504A2FFE88C100C5F942 /* PBXContainerItemProxy */ = {
			isa = PBXContainerItemProxy;
			containerPortal = 520B500D2FFE88C000C5F942 /* Project object */;
			proxyType = 1;
			remoteGlobalIDString = 520B50472FFE88C100C5F942;
			remoteInfo = "Vapor Tracker Extension (macOS)";
		};
/* End PBXContainerItemProxy section */

/* Begin PBXCopyFilesBuildPhase section */
		520B50612FFE88C100C5F942 /* Embed Foundation Extensions */ = {
			isa = PBXCopyFilesBuildPhase;
			buildActionMask = 2147483647;
			dstPath = "";
			dstSubfolderSpec = 13;
			files = (
				520B503F2FFE88C100C5F942 /* Vapor Tracker Extension.appex in Embed Foundation Extensions */,
			);
			name = "Embed Foundation Extensions";
			runOnlyForDeploymentPostprocessing = 0;
		};
		520B50682FFE88C100C5F942 /* Embed Foundation Extensions */ = {
			isa = PBXCopyFilesBuildPhase;
			buildActionMask = 2147483647;
			dstPath = "";
			dstSubfolderSpec = 13;
			files = (
				520B50492FFE88C100C5F942 /* Vapor Tracker Extension.appex in Embed Foundation Extensions */,
			);
			name = "Embed Foundation Extensions";
			runOnlyForDeploymentPostprocessing = 0;
		};
/* End PBXCopyFilesBuildPhase section */

/* Begin PBXFileReference section */
		520B50142FFE88C000C5F942 /* Base */ = {isa = PBXFileReference; lastKnownFileType = text.html; name = Base; path = Base.lproj/Main.html; sourceTree = "<group>"; };
		520B50152FFE88C000C5F942 /* Icon.png */ = {isa = PBXFileReference; lastKnownFileType = image.png; path = Icon.png; sourceTree = "<group>"; };
		520B50162FFE88C000C5F942 /* Style.css */ = {isa = PBXFileReference; lastKnownFileType = text.css; path = Style.css; sourceTree = "<group>"; };
		520B50172FFE88C000C5F942 /* Script.js */ = {isa = PBXFileReference; lastKnownFileType = sourcecode.javascript; path = Script.js; sourceTree = "<group>"; };
		520B50182FFE88C000C5F942 /* ViewController.swift */ = {isa = PBXFileReference; lastKnownFileType = sourcecode.swift; path = ViewController.swift; sourceTree = "<group>"; };
		520B50192FFE88C100C5F942 /* Assets.xcassets */ = {isa = PBXFileReference; lastKnownFileType = folder.assetcatalog; path = Assets.xcassets; sourceTree = "<group>"; };
		520B501B2FFE88C100C5F942 /* SafariWebExtensionHandler.swift */ = {isa = PBXFileReference; lastKnownFileType = sourcecode.swift; path = SafariWebExtensionHandler.swift; sourceTree = "<group>"; };
		520B50202FFE88C100C5F942 /* Vapor Tracker.app */ = {isa = PBXFileReference; explicitFileType = wrapper.application; includeInIndex = 0; path = "Vapor Tracker.app"; sourceTree = BUILT_PRODUCTS_DIR; };
		520B50232FFE88C100C5F942 /* AppDelegate.swift */ = {isa = PBXFileReference; lastKnownFileType = sourcecode.swift; path = AppDelegate.swift; sourceTree = "<group>"; };
		520B50252FFE88C100C5F942 /* SceneDelegate.swift */ = {isa = PBXFileReference; lastKnownFileType = sourcecode.swift; path = SceneDelegate.swift; sourceTree = "<group>"; };
		520B50282FFE88C100C5F942 /* Base */ = {isa = PBXFileReference; lastKnownFileType = file.storyboard; name = Base; path = Base.lproj/LaunchScreen.storyboard; sourceTree = "<group>"; };
		520B502B2FFE88C100C5F942 /* Base */ = {isa = PBXFileReference; lastKnownFileType = file.storyboard; name = Base; path = Base.lproj/Main.storyboard; sourceTree = "<group>"; };
		520B502D2FFE88C100C5F942 /* Info.plist */ = {isa = PBXFileReference; lastKnownFileType = text.plist.xml; path = Info.plist; sourceTree = "<group>"; };
		520B50322FFE88C100C5F942 /* Vapor Tracker.app */ = {isa = PBXFileReference; explicitFileType = wrapper.application; includeInIndex = 0; path = "Vapor Tracker.app"; sourceTree = BUILT_PRODUCTS_DIR; };
		520B50342FFE88C100C5F942 /* AppDelegate.swift */ = {isa = PBXFileReference; lastKnownFileType = sourcecode.swift; path = AppDelegate.swift; sourceTree = "<group>"; };
		520B50372FFE88C100C5F942 /* Base */ = {isa = PBXFileReference; lastKnownFileType = file.storyboard; name = Base; path = Base.lproj/Main.storyboard; sourceTree = "<group>"; };
		520B50392FFE88C100C5F942 /* Info.plist */ = {isa = PBXFileReference; lastKnownFileType = text.plist.xml; path = Info.plist; sourceTree = "<group>"; };
		520B503E2FFE88C100C5F942 /* Vapor Tracker Extension.appex */ = {isa = PBXFileReference; explicitFileType = "wrapper.app-extension"; includeInIndex = 0; path = "Vapor Tracker Extension.appex"; sourceTree = BUILT_PRODUCTS_DIR; };
		520B50432FFE88C100C5F942 /* Info.plist */ = {isa = PBXFileReference; lastKnownFileType = text.plist.xml; path = Info.plist; sourceTree = "<group>"; };
		520B50482FFE88C100C5F942 /* Vapor Tracker Extension.appex */ = {isa = PBXFileReference; explicitFileType = "wrapper.app-extension"; includeInIndex = 0; path = "Vapor Tracker Extension.appex"; sourceTree = BUILT_PRODUCTS_DIR; };
		520B504D2FFE88C100C5F942 /* Info.plist */ = {isa = PBXFileReference; lastKnownFileType = text.plist.xml; path = Info.plist; sourceTree = "<group>"; };
		520B506D2FFE88C100C5F942 /* popup.js */ = {isa = PBXFileReference; lastKnownFileType = sourcecode.javascript; name = popup.js; path = Resources/popup.js; sourceTree = "<group>"; };
		520B506E2FFE88C100C5F942 /* wishlist.js */ = {isa = PBXFileReference; lastKnownFileType = sourcecode.javascript; name = wishlist.js; path = Resources/wishlist.js; sourceTree = "<group>"; };
		520B506F2FFE88C100C5F942 /* content.css */ = {isa = PBXFileReference; lastKnownFileType = text.css; name = content.css; path = Resources/content.css; sourceTree = "<group>"; };
		520B50702FFE88C100C5F942 /* background.js */ = {isa = PBXFileReference; lastKnownFileType = sourcecode.javascript; name = background.js; path = Resources/background.js; sourceTree = "<group>"; };
		520B50712FFE88C100C5F942 /* popup.html */ = {isa = PBXFileReference; lastKnownFileType = text.html; name = popup.html; path = Resources/popup.html; sourceTree = "<group>"; };
		520B50722FFE88C100C5F942 /* img */ = {isa = PBXFileReference; lastKnownFileType = folder; name = img; path = Resources/img; sourceTree = "<group>"; };
		520B50732FFE88C100C5F942 /* manifest.json */ = {isa = PBXFileReference; lastKnownFileType = text.json; name = manifest.json; path = Resources/manifest.json; sourceTree = "<group>"; };
		520B50742FFE88C100C5F942 /* banner.js */ = {isa = PBXFileReference; lastKnownFileType = sourcecode.javascript; name = banner.js; path = Resources/banner.js; sourceTree = "<group>"; };
		520B50752FFE88C100C5F942 /* content.js */ = {isa = PBXFileReference; lastKnownFileType = sourcecode.javascript; name = content.js; path = Resources/content.js; sourceTree = "<group>"; };
/* End PBXFileReference section */

/* Begin PBXFrameworksBuildPhase section */
		520B501D2FFE88C100C5F942 /* Frameworks */ = {
			isa = PBXFrameworksBuildPhase;
			buildActionMask = 2147483647;
			files = (
			);
			runOnlyForDeploymentPostprocessing = 0;
		};
		520B502F2FFE88C100C5F942 /* Frameworks */ = {
			isa = PBXFrameworksBuildPhase;
			buildActionMask = 2147483647;
			files = (
			);
			runOnlyForDeploymentPostprocessing = 0;
		};
		520B503B2FFE88C100C5F942 /* Frameworks */ = {
			isa = PBXFrameworksBuildPhase;
			buildActionMask = 2147483647;
			files = (
			);
			runOnlyForDeploymentPostprocessing = 0;
		};
		520B50452FFE88C100C5F942 /* Frameworks */ = {
			isa = PBXFrameworksBuildPhase;
			buildActionMask = 2147483647;
			files = (
			);
			runOnlyForDeploymentPostprocessing = 0;
		};
/* End PBXFrameworksBuildPhase section */

/* Begin PBXGroup section */
		520B500C2FFE88C000C5F942 = {
			isa = PBXGroup;
			children = (
				520B50112FFE88C000C5F942 /* Shared (App) */,
				520B501A2FFE88C100C5F942 /* Shared (Extension) */,
				520B50222FFE88C100C5F942 /* iOS (App) */,
				520B50332FFE88C100C5F942 /* macOS (App) */,
				520B50422FFE88C100C5F942 /* iOS (Extension) */,
				520B504C2FFE88C100C5F942 /* macOS (Extension) */,
				520B50212FFE88C100C5F942 /* Products */,
			);
			sourceTree = "<group>";
		};
		520B50112FFE88C000C5F942 /* Shared (App) */ = {
			isa = PBXGroup;
			children = (
				520B50182FFE88C000C5F942 /* ViewController.swift */,
				520B50192FFE88C100C5F942 /* Assets.xcassets */,
				520B50122FFE88C000C5F942 /* Resources */,
			);
			path = "Shared (App)";
			sourceTree = "<group>";
		};
		520B50122FFE88C000C5F942 /* Resources */ = {
			isa = PBXGroup;
			children = (
				520B50132FFE88C000C5F942 /* Main.html */,
				520B50152FFE88C000C5F942 /* Icon.png */,
				520B50162FFE88C000C5F942 /* Style.css */,
				520B50172FFE88C000C5F942 /* Script.js */,
			);
			path = Resources;
			sourceTree = "<group>";
		};
		520B501A2FFE88C100C5F942 /* Shared (Extension) */ = {
			isa = PBXGroup;
			children = (
				520B506C2FFE88C100C5F942 /* Resources */,
				520B501B2FFE88C100C5F942 /* SafariWebExtensionHandler.swift */,
			);
			path = "Shared (Extension)";
			sourceTree = "<group>";
		};
		520B50212FFE88C100C5F942 /* Products */ = {
			isa = PBXGroup;
			children = (
				520B50202FFE88C100C5F942 /* Vapor Tracker.app */,
				520B50322FFE88C100C5F942 /* Vapor Tracker.app */,
				520B503E2FFE88C100C5F942 /* Vapor Tracker Extension.appex */,
				520B50482FFE88C100C5F942 /* Vapor Tracker Extension.appex */,
			);
			name = Products;
			sourceTree = "<group>";
		};
		520B50222FFE88C100C5F942 /* iOS (App) */ = {
			isa = PBXGroup;
			children = (
				520B50232FFE88C100C5F942 /* AppDelegate.swift */,
				520B50252FFE88C100C5F942 /* SceneDelegate.swift */,
				520B50272FFE88C100C5F942 /* LaunchScreen.storyboard */,
				520B502A2FFE88C100C5F942 /* Main.storyboard */,
				520B502D2FFE88C100C5F942 /* Info.plist */,
			);
			path = "iOS (App)";
			sourceTree = "<group>";
		};
		520B50332FFE88C100C5F942 /* macOS (App) */ = {
			isa = PBXGroup;
			children = (
				520B50342FFE88C100C5F942 /* AppDelegate.swift */,
				520B50362FFE88C100C5F942 /* Main.storyboard */,
				520B50392FFE88C100C5F942 /* Info.plist */,
			);
			path = "macOS (App)";
			sourceTree = "<group>";
		};
		520B50422FFE88C100C5F942 /* iOS (Extension) */ = {
			isa = PBXGroup;
			children = (
				520B50432FFE88C100C5F942 /* Info.plist */,
			);
			path = "iOS (Extension)";
			sourceTree = "<group>";
		};
		520B504C2FFE88C100C5F942 /* macOS (Extension) */ = {
			isa = PBXGroup;
			children = (
				520B504D2FFE88C100C5F942 /* Info.plist */,
			);
			path = "macOS (Extension)";
			sourceTree = "<group>";
		};
		520B506C2FFE88C100C5F942 /* Resources */ = {
			isa = PBXGroup;
			children = (
				520B506D2FFE88C100C5F942 /* popup.js */,
				520B506E2FFE88C100C5F942 /* wishlist.js */,
				520B506F2FFE88C100C5F942 /* content.css */,
				520B50702FFE88C100C5F942 /* background.js */,
				520B50712FFE88C100C5F942 /* popup.html */,
				520B50722FFE88C100C5F942 /* img */,
				520B50732FFE88C100C5F942 /* manifest.json */,
				520B50742FFE88C100C5F942 /* banner.js */,
				520B50752FFE88C100C5F942 /* content.js */,
			);
			name = Resources;
			path = "Shared (Extension)";
			sourceTree = SOURCE_ROOT;
		};
/* End PBXGroup section */

/* Begin PBXNativeTarget section */
		520B501F2FFE88C100C5F942 /* Vapor Tracker (iOS) */ = {
			isa = PBXNativeTarget;
			buildConfigurationList = 520B50622FFE88C100C5F942 /* Build configuration list for PBXNativeTarget "Vapor Tracker (iOS)" */;
			buildPhases = (
				520B501C2FFE88C100C5F942 /* Sources */,
				520B501D2FFE88C100C5F942 /* Frameworks */,
				520B501E2FFE88C100C5F942 /* Resources */,
				520B50612FFE88C100C5F942 /* Embed Foundation Extensions */,
			);
			buildRules = (
			);
			dependencies = (
				520B50412FFE88C100C5F942 /* PBXTargetDependency */,
			);
			name = "Vapor Tracker (iOS)";
			packageProductDependencies = (
			);
			productName = "Vapor Tracker (iOS)";
			productReference = 520B50202FFE88C100C5F942 /* Vapor Tracker.app */;
			productType = "com.apple.product-type.application";
		};
		520B50312FFE88C100C5F942 /* Vapor Tracker (macOS) */ = {
			isa = PBXNativeTarget;
			buildConfigurationList = 520B50692FFE88C100C5F942 /* Build configuration list for PBXNativeTarget "Vapor Tracker (macOS)" */;
			buildPhases = (
				520B502E2FFE88C100C5F942 /* Sources */,
				520B502F2FFE88C100C5F942 /* Frameworks */,
				520B50302FFE88C100C5F942 /* Resources */,
				520B50682FFE88C100C5F942 /* Embed Foundation Extensions */,
			);
			buildRules = (
			);
			dependencies = (
				520B504B2FFE88C100C5F942 /* PBXTargetDependency */,
			);
			name = "Vapor Tracker (macOS)";
			packageProductDependencies = (
			);
			productName = "Vapor Tracker (macOS)";
			productReference = 520B50322FFE88C100C5F942 /* Vapor Tracker.app */;
			productType = "com.apple.product-type.application";
		};
		520B503D2FFE88C100C5F942 /* Vapor Tracker Extension (iOS) */ = {
			isa = PBXNativeTarget;
			buildConfigurationList = 520B505E2FFE88C100C5F942 /* Build configuration list for PBXNativeTarget "Vapor Tracker Extension (iOS)" */;
			buildPhases = (
				520B503A2FFE88C100C5F942 /* Sources */,
				520B503B2FFE88C100C5F942 /* Frameworks */,
				520B503C2FFE88C100C5F942 /* Resources */,
			);
			buildRules = (
			);
			dependencies = (
			);
			name = "Vapor Tracker Extension (iOS)";
			packageProductDependencies = (
			);
			productName = "Vapor Tracker Extension (iOS)";
			productReference = 520B503E2FFE88C100C5F942 /* Vapor Tracker Extension.appex */;
			productType = "com.apple.product-type.app-extension";
		};
		520B50472FFE88C100C5F942 /* Vapor Tracker Extension (macOS) */ = {
			isa = PBXNativeTarget;
			buildConfigurationList = 520B50652FFE88C100C5F942 /* Build configuration list for PBXNativeTarget "Vapor Tracker Extension (macOS)" */;
			buildPhases = (
				520B50442FFE88C100C5F942 /* Sources */,
				520B50452FFE88C100C5F942 /* Frameworks */,
				520B50462FFE88C100C5F942 /* Resources */,
			);
			buildRules = (
			);
			dependencies = (
			);
			name = "Vapor Tracker Extension (macOS)";
			packageProductDependencies = (
			);
			productName = "Vapor Tracker Extension (macOS)";
			productReference = 520B50482FFE88C100C5F942 /* Vapor Tracker Extension.appex */;
			productType = "com.apple.product-type.app-extension";
		};
/* End PBXNativeTarget section */

/* Begin PBXProject section */
		520B500D2FFE88C000C5F942 /* Project object */ = {
			isa = PBXProject;
			attributes = {
				BuildIndependentTargetsInParallel = 1;
				LastSwiftUpdateCheck = 2660;
				LastUpgradeCheck = 2660;
				TargetAttributes = {
					520B501F2FFE88C100C5F942 = {
						CreatedOnToolsVersion = 26.6;
					};
					520B50312FFE88C100C5F942 = {
						CreatedOnToolsVersion = 26.6;
					};
					520B503D2FFE88C100C5F942 = {
						CreatedOnToolsVersion = 26.6;
					};
					520B50472FFE88C100C5F942 = {
						CreatedOnToolsVersion = 26.6;
					};
				};
			};
			buildConfigurationList = 520B50102FFE88C000C5F942 /* Build configuration list for PBXProject "Vapor Tracker" */;
			developmentRegion = en;
			hasScannedForEncodings = 0;
			knownRegions = (
				en,
				Base,
			);
			mainGroup = 520B500C2FFE88C000C5F942;
			minimizedProjectReferenceProxies = 1;
			preferredProjectObjectVersion = 77;
			productRefGroup = 520B50212FFE88C100C5F942 /* Products */;
			projectDirPath = "";
			projectRoot = "";
			targets = (
				520B501F2FFE88C100C5F942 /* Vapor Tracker (iOS) */,
				520B50312FFE88C100C5F942 /* Vapor Tracker (macOS) */,
				520B503D2FFE88C100C5F942 /* Vapor Tracker Extension (iOS) */,
				520B50472FFE88C100C5F942 /* Vapor Tracker Extension (macOS) */,
			);
		};
/* End PBXProject section */

/* Begin PBXResourcesBuildPhase section */
		520B501E2FFE88C100C5F942 /* Resources */ = {
			isa = PBXResourcesBuildPhase;
			buildActionMask = 2147483647;
			files = (
				520B50502FFE88C100C5F942 /* Icon.png in Resources */,
				520B50292FFE88C100C5F942 /* LaunchScreen.storyboard in Resources */,
				520B504E2FFE88C100C5F942 /* Main.html in Resources */,
				520B50542FFE88C100C5F942 /* Script.js in Resources */,
				520B50582FFE88C100C5F942 /* Assets.xcassets in Resources */,
				520B502C2FFE88C100C5F942 /* Main.storyboard in Resources */,
				520B50522FFE88C100C5F942 /* Style.css in Resources */,
			);
			runOnlyForDeploymentPostprocessing = 0;
		};
		520B50302FFE88C100C5F942 /* Resources */ = {
			isa = PBXResourcesBuildPhase;
			buildActionMask = 2147483647;
			files = (
				520B50512FFE88C100C5F942 /* Icon.png in Resources */,
				520B50532FFE88C100C5F942 /* Style.css in Resources */,
				520B50382FFE88C100C5F942 /* Main.storyboard in Resources */,
				520B50552FFE88C100C5F942 /* Script.js in Resources */,
				520B50592FFE88C100C5F942 /* Assets.xcassets in Resources */,
				520B504F2FFE88C100C5F942 /* Main.html in Resources */,
			);
			runOnlyForDeploymentPostprocessing = 0;
		};
		520B503C2FFE88C100C5F942 /* Resources */ = {
			isa = PBXResourcesBuildPhase;
			buildActionMask = 2147483647;
			files = (
				520B50842FFE88C100C5F942 /* img in Resources */,
				520B50852FFE88C100C5F942 /* manifest.json in Resources */,
				520B50862FFE88C100C5F942 /* banner.js in Resources */,
				520B50822FFE88C100C5F942 /* background.js in Resources */,
				520B50832FFE88C100C5F942 /* popup.html in Resources */,
				520B50812FFE88C100C5F942 /* content.css in Resources */,
				520B50872FFE88C100C5F942 /* content.js in Resources */,
				520B507F2FFE88C100C5F942 /* popup.js in Resources */,
				520B50802FFE88C100C5F942 /* wishlist.js in Resources */,
			);
			runOnlyForDeploymentPostprocessing = 0;
		};
		520B50462FFE88C100C5F942 /* Resources */ = {
			isa = PBXResourcesBuildPhase;
			buildActionMask = 2147483647;
			files = (
				520B507B2FFE88C100C5F942 /* img in Resources */,
				520B507C2FFE88C100C5F942 /* manifest.json in Resources */,
				520B507D2FFE88C100C5F942 /* banner.js in Resources */,
				520B50792FFE88C100C5F942 /* background.js in Resources */,
				520B507A2FFE88C100C5F942 /* popup.html in Resources */,
				520B50782FFE88C100C5F942 /* content.css in Resources */,
				520B507E2FFE88C100C5F942 /* content.js in Resources */,
				520B50762FFE88C100C5F942 /* popup.js in Resources */,
				520B50772FFE88C100C5F942 /* wishlist.js in Resources */,
			);
			runOnlyForDeploymentPostprocessing = 0;
		};
/* End PBXResourcesBuildPhase section */

/* Begin PBXSourcesBuildPhase section */
		520B501C2FFE88C100C5F942 /* Sources */ = {
			isa = PBXSourcesBuildPhase;
			buildActionMask = 2147483647;
			files = (
				520B50562FFE88C100C5F942 /* ViewController.swift in Sources */,
				520B50242FFE88C100C5F942 /* AppDelegate.swift in Sources */,
				520B50262FFE88C100C5F942 /* SceneDelegate.swift in Sources */,
			);
			runOnlyForDeploymentPostprocessing = 0;
		};
		520B502E2FFE88C100C5F942 /* Sources */ = {
			isa = PBXSourcesBuildPhase;
			buildActionMask = 2147483647;
			files = (
				520B50572FFE88C100C5F942 /* ViewController.swift in Sources */,
				520B50352FFE88C100C5F942 /* AppDelegate.swift in Sources */,
			);
			runOnlyForDeploymentPostprocessing = 0;
		};
		520B503A2FFE88C100C5F942 /* Sources */ = {
			isa = PBXSourcesBuildPhase;
			buildActionMask = 2147483647;
			files = (
				520B505A2FFE88C100C5F942 /* SafariWebExtensionHandler.swift in Sources */,
			);
			runOnlyForDeploymentPostprocessing = 0;
		};
		520B50442FFE88C100C5F942 /* Sources */ = {
			isa = PBXSourcesBuildPhase;
			buildActionMask = 2147483647;
			files = (
				520B505B2FFE88C100C5F942 /* SafariWebExtensionHandler.swift in Sources */,
			);
			runOnlyForDeploymentPostprocessing = 0;
		};
/* End PBXSourcesBuildPhase section */

/* Begin PBXTargetDependency section */
		520B50412FFE88C100C5F942 /* PBXTargetDependency */ = {
			isa = PBXTargetDependency;
			target = 520B503D2FFE88C100C5F942 /* Vapor Tracker Extension (iOS) */;
			targetProxy = 520B50402FFE88C100C5F942 /* PBXContainerItemProxy */;
		};
		520B504B2FFE88C100C5F942 /* PBXTargetDependency */ = {
			isa = PBXTargetDependency;
			target = 520B50472FFE88C100C5F942 /* Vapor Tracker Extension (macOS) */;
			targetProxy = 520B504A2FFE88C100C5F942 /* PBXContainerItemProxy */;
		};
/* End PBXTargetDependency section */

/* Begin PBXVariantGroup section */
		520B50132FFE88C000C5F942 /* Main.html */ = {
			isa = PBXVariantGroup;
			children = (
				520B50142FFE88C000C5F942 /* Base */,
			);
			name = Main.html;
			sourceTree = "<group>";
		};
		520B50272FFE88C100C5F942 /* LaunchScreen.storyboard */ = {
			isa = PBXVariantGroup;
			children = (
				520B50282FFE88C100C5F942 /* Base */,
			);
			name = LaunchScreen.storyboard;
			sourceTree = "<group>";
		};
		520B502A2FFE88C100C5F942 /* Main.storyboard */ = {
			isa = PBXVariantGroup;
			children = (
				520B502B2FFE88C100C5F942 /* Base */,
			);
			name = Main.storyboard;
			sourceTree = "<group>";
		};
		520B50362FFE88C100C5F942 /* Main.storyboard */ = {
			isa = PBXVariantGroup;
			children = (
				520B50372FFE88C100C5F942 /* Base */,
			);
			name = Main.storyboard;
			sourceTree = "<group>";
		};
/* End PBXVariantGroup section */

/* Begin XCBuildConfiguration section */
		520B505C2FFE88C100C5F942 /* Debug */ = {
			isa = XCBuildConfiguration;
			buildSettings = {
				ALWAYS_SEARCH_USER_PATHS = NO;
				ASSETCATALOG_COMPILER_GENERATE_SWIFT_ASSET_SYMBOL_EXTENSIONS = YES;
				CLANG_ANALYZER_NONNULL = YES;
				CLANG_ANALYZER_NUMBER_OBJECT_CONVERSION = YES_AGGRESSIVE;
				CLANG_CXX_LANGUAGE_STANDARD = "gnu++20";
				CLANG_ENABLE_MODULES = YES;
				CLANG_ENABLE_OBJC_ARC = YES;
				CLANG_ENABLE_OBJC_WEAK = YES;
				CLANG_WARN_BLOCK_CAPTURE_AUTORELEASING = YES;
				CLANG_WARN_BOOL_CONVERSION = YES;
				CLANG_WARN_COMMA = YES;
				CLANG_WARN_CONSTANT_CONVERSION = YES;
				CLANG_WARN_DEPRECATED_OBJC_IMPLEMENTATIONS = YES;
				CLANG_WARN_DIRECT_OBJC_ISA_USAGE = YES_ERROR;
				CLANG_WARN_DOCUMENTATION_COMMENTS = YES;
				CLANG_WARN_EMPTY_BODY = YES;
				CLANG_WARN_ENUM_CONVERSION = YES;
				CLANG_WARN_INFINITE_RECURSION = YES;
				CLANG_WARN_INT_CONVERSION = YES;
				CLANG_WARN_NON_LITERAL_NULL_CONVERSION = YES;
				CLANG_WARN_OBJC_IMPLICIT_RETAIN_SELF = YES;
				CLANG_WARN_OBJC_LITERAL_CONVERSION = YES;
				CLANG_WARN_OBJC_ROOT_CLASS = YES_ERROR;
				CLANG_WARN_QUOTED_INCLUDE_IN_FRAMEWORK_HEADER = YES;
				CLANG_WARN_RANGE_LOOP_ANALYSIS = YES;
				CLANG_WARN_STRICT_PROTOTYPES = YES;
				CLANG_WARN_SUSPICIOUS_MOVE = YES;
				CLANG_WARN_UNGUARDED_AVAILABILITY = YES_AGGRESSIVE;
				CLANG_WARN_UNREACHABLE_CODE = YES;
				CLANG_WARN__DUPLICATE_METHOD_MATCH = YES;
				COPY_PHASE_STRIP = NO;
				DEBUG_INFORMATION_FORMAT = dwarf;
				ENABLE_STRICT_OBJC_MSGSEND = YES;
				ENABLE_TESTABILITY = YES;
				ENABLE_USER_SCRIPT_SANDBOXING = YES;
				GCC_C_LANGUAGE_STANDARD = gnu17;
				GCC_DYNAMIC_NO_PIC = NO;
				GCC_NO_COMMON_BLOCKS = YES;
				GCC_OPTIMIZATION_LEVEL = 0;
				GCC_PREPROCESSOR_DEFINITIONS = (
					"DEBUG=1",
					"$(inherited)",
				);
				GCC_WARN_64_TO_32_BIT_CONVERSION = YES;
				GCC_WARN_ABOUT_RETURN_TYPE = YES_ERROR;
				GCC_WARN_UNDECLARED_SELECTOR = YES;
				GCC_WARN_UNINITIALIZED_AUTOS = YES_AGGRESSIVE;
				GCC_WARN_UNUSED_FUNCTION = YES;
				GCC_WARN_UNUSED_VARIABLE = YES;
				LOCALIZATION_PREFERS_STRING_CATALOGS = YES;
				MTL_ENABLE_DEBUG_INFO = INCLUDE_SOURCE;
				MTL_FAST_MATH = YES;
				ONLY_ACTIVE_ARCH = YES;
				SWIFT_ACTIVE_COMPILATION_CONDITIONS = "DEBUG $(inherited)";
				SWIFT_OPTIMIZATION_LEVEL = "-Onone";
			};
			name = Debug;
		};
		520B505D2FFE88C100C5F942 /* Release */ = {
			isa = XCBuildConfiguration;
			buildSettings = {
				ALWAYS_SEARCH_USER_PATHS = NO;
				ASSETCATALOG_COMPILER_GENERATE_SWIFT_ASSET_SYMBOL_EXTENSIONS = YES;
				CLANG_ANALYZER_NONNULL = YES;
				CLANG_ANALYZER_NUMBER_OBJECT_CONVERSION = YES_AGGRESSIVE;
				CLANG_CXX_LANGUAGE_STANDARD = "gnu++20";
				CLANG_ENABLE_MODULES = YES;
				CLANG_ENABLE_OBJC_ARC = YES;
				CLANG_ENABLE_OBJC_WEAK = YES;
				CLANG_WARN_BLOCK_CAPTURE_AUTORELEASING = YES;
				CLANG_WARN_BOOL_CONVERSION = YES;
				CLANG_WARN_COMMA = YES;
				CLANG_WARN_CONSTANT_CONVERSION = YES;
				CLANG_WARN_DEPRECATED_OBJC_IMPLEMENTATIONS = YES;
				CLANG_WARN_DIRECT_OBJC_ISA_USAGE = YES_ERROR;
				CLANG_WARN_DOCUMENTATION_COMMENTS = YES;
				CLANG_WARN_EMPTY_BODY = YES;
				CLANG_WARN_ENUM_CONVERSION = YES;
				CLANG_WARN_INFINITE_RECURSION = YES;
				CLANG_WARN_INT_CONVERSION = YES;
				CLANG_WARN_NON_LITERAL_NULL_CONVERSION = YES;
				CLANG_WARN_OBJC_IMPLICIT_RETAIN_SELF = YES;
				CLANG_WARN_OBJC_LITERAL_CONVERSION = YES;
				CLANG_WARN_OBJC_ROOT_CLASS = YES_ERROR;
				CLANG_WARN_QUOTED_INCLUDE_IN_FRAMEWORK_HEADER = YES;
				CLANG_WARN_RANGE_LOOP_ANALYSIS = YES;
				CLANG_WARN_STRICT_PROTOTYPES = YES;
				CLANG_WARN_SUSPICIOUS_MOVE = YES;
				CLANG_WARN_UNGUARDED_AVAILABILITY = YES_AGGRESSIVE;
				CLANG_WARN_UNREACHABLE_CODE = YES;
				CLANG_WARN__DUPLICATE_METHOD_MATCH = YES;
				COPY_PHASE_STRIP = NO;
				DEBUG_INFORMATION_FORMAT = "dwarf-with-dsym";
				ENABLE_NS_ASSERTIONS = NO;
				ENABLE_STRICT_OBJC_MSGSEND = YES;
				ENABLE_USER_SCRIPT_SANDBOXING = YES;
				GCC_C_LANGUAGE_STANDARD = gnu17;
				GCC_NO_COMMON_BLOCKS = YES;
				GCC_WARN_64_TO_32_BIT_CONVERSION = YES;
				GCC_WARN_ABOUT_RETURN_TYPE = YES_ERROR;
				GCC_WARN_UNDECLARED_SELECTOR = YES;
				GCC_WARN_UNINITIALIZED_AUTOS = YES_AGGRESSIVE;
				GCC_WARN_UNUSED_FUNCTION = YES;
				GCC_WARN_UNUSED_VARIABLE = YES;
				LOCALIZATION_PREFERS_STRING_CATALOGS = YES;
				MTL_ENABLE_DEBUG_INFO = NO;
				MTL_FAST_MATH = YES;
				SWIFT_COMPILATION_MODE = wholemodule;
			};
			name = Release;
		};
		520B505F2FFE88C100C5F942 /* Debug */ = {
			isa = XCBuildConfiguration;
			buildSettings = {
				CODE_SIGN_STYLE = Automatic;
				CURRENT_PROJECT_VERSION = 1;
				GENERATE_INFOPLIST_FILE = YES;
				INFOPLIST_FILE = "iOS (Extension)/Info.plist";
				INFOPLIST_KEY_CFBundleDisplayName = "Vapor Tracker Extension";
				INFOPLIST_KEY_NSHumanReadableCopyright = "";
				IPHONEOS_DEPLOYMENT_TARGET = 15.0;
				LD_RUNPATH_SEARCH_PATHS = (
					"$(inherited)",
					"@executable_path/Frameworks",
					"@executable_path/../../Frameworks",
				);
				MARKETING_VERSION = 1.0;
				OTHER_LDFLAGS = (
					"-framework",
					SafariServices,
				);
				DEVELOPMENT_TEAM = 7UFLPXKQC2; PRODUCT_BUNDLE_IDENTIFIER = com.dguevara.VaporTracker.Extension;
				PRODUCT_NAME = "Vapor Tracker Extension";
				SDKROOT = iphoneos;
				SKIP_INSTALL = YES;
				STRING_CATALOG_GENERATE_SYMBOLS = YES;
				SWIFT_APPROACHABLE_CONCURRENCY = YES;
				SWIFT_EMIT_LOC_STRINGS = YES;
				SWIFT_UPCOMING_FEATURE_MEMBER_IMPORT_VISIBILITY = YES;
				SWIFT_VERSION = 5.0;
				TARGETED_DEVICE_FAMILY = "1,2";
			};
			name = Debug;
		};
		520B50602FFE88C100C5F942 /* Release */ = {
			isa = XCBuildConfiguration;
			buildSettings = {
				CODE_SIGN_STYLE = Automatic;
				CURRENT_PROJECT_VERSION = 1;
				GENERATE_INFOPLIST_FILE = YES;
				INFOPLIST_FILE = "iOS (Extension)/Info.plist";
				INFOPLIST_KEY_CFBundleDisplayName = "Vapor Tracker Extension";
				INFOPLIST_KEY_NSHumanReadableCopyright = "";
				IPHONEOS_DEPLOYMENT_TARGET = 15.0;
				LD_RUNPATH_SEARCH_PATHS = (
					"$(inherited)",
					"@executable_path/Frameworks",
					"@executable_path/../../Frameworks",
				);
				MARKETING_VERSION = 1.0;
				OTHER_LDFLAGS = (
					"-framework",
					SafariServices,
				);
				DEVELOPMENT_TEAM = 7UFLPXKQC2; PRODUCT_BUNDLE_IDENTIFIER = com.dguevara.VaporTracker.Extension;
				PRODUCT_NAME = "Vapor Tracker Extension";
				SDKROOT = iphoneos;
				SKIP_INSTALL = YES;
				STRING_CATALOG_GENERATE_SYMBOLS = YES;
				SWIFT_APPROACHABLE_CONCURRENCY = YES;
				SWIFT_EMIT_LOC_STRINGS = YES;
				SWIFT_UPCOMING_FEATURE_MEMBER_IMPORT_VISIBILITY = YES;
				SWIFT_VERSION = 5.0;
				TARGETED_DEVICE_FAMILY = "1,2";
				VALIDATE_PRODUCT = YES;
			};
			name = Release;
		};
		520B50632FFE88C100C5F942 /* Debug */ = {
			isa = XCBuildConfiguration;
			buildSettings = {
				ASSETCATALOG_COMPILER_APPICON_NAME = AppIcon;
				ASSETCATALOG_COMPILER_GLOBAL_ACCENT_COLOR_NAME = AccentColor;
				CODE_SIGN_STYLE = Automatic;
				CURRENT_PROJECT_VERSION = 1;
				GENERATE_INFOPLIST_FILE = YES;
				INFOPLIST_FILE = "iOS (App)/Info.plist";
				INFOPLIST_KEY_CFBundleDisplayName = "Vapor Tracker";
				INFOPLIST_KEY_UIApplicationSupportsIndirectInputEvents = YES;
				INFOPLIST_KEY_UILaunchStoryboardName = LaunchScreen;
				INFOPLIST_KEY_UIMainStoryboardFile = Main;
				INFOPLIST_KEY_UISupportedInterfaceOrientations = "UIInterfaceOrientationPortrait UIInterfaceOrientationLandscapeLeft UIInterfaceOrientationLandscapeRight";
				INFOPLIST_KEY_UISupportedInterfaceOrientations_iPad = "UIInterfaceOrientationPortrait UIInterfaceOrientationPortraitUpsideDown UIInterfaceOrientationLandscapeLeft UIInterfaceOrientationLandscapeRight";
				IPHONEOS_DEPLOYMENT_TARGET = 15.0;
				LD_RUNPATH_SEARCH_PATHS = (
					"$(inherited)",
					"@executable_path/Frameworks",
				);
				MARKETING_VERSION = 1.0;
				OTHER_LDFLAGS = (
					"-framework",
					SafariServices,
					"-framework",
					WebKit,
				);
				DEVELOPMENT_TEAM = 7UFLPXKQC2; PRODUCT_BUNDLE_IDENTIFIER = com.dguevara.VaporTracker;
				PRODUCT_NAME = "Vapor Tracker";
				SDKROOT = iphoneos;
				STRING_CATALOG_GENERATE_SYMBOLS = YES;
				SWIFT_APPROACHABLE_CONCURRENCY = YES;
				SWIFT_DEFAULT_ACTOR_ISOLATION = MainActor;
				SWIFT_EMIT_LOC_STRINGS = YES;
				SWIFT_UPCOMING_FEATURE_MEMBER_IMPORT_VISIBILITY = YES;
				SWIFT_VERSION = 5.0;
				TARGETED_DEVICE_FAMILY = "1,2";
			};
			name = Debug;
		};
		520B50642FFE88C100C5F942 /* Release */ = {
			isa = XCBuildConfiguration;
			buildSettings = {
				ASSETCATALOG_COMPILER_APPICON_NAME = AppIcon;
				ASSETCATALOG_COMPILER_GLOBAL_ACCENT_COLOR_NAME = AccentColor;
				CODE_SIGN_STYLE = Automatic;
				CURRENT_PROJECT_VERSION = 1;
				GENERATE_INFOPLIST_FILE = YES;
				INFOPLIST_FILE = "iOS (App)/Info.plist";
				INFOPLIST_KEY_CFBundleDisplayName = "Vapor Tracker";
				INFOPLIST_KEY_UIApplicationSupportsIndirectInputEvents = YES;
				INFOPLIST_KEY_UILaunchStoryboardName = LaunchScreen;
				INFOPLIST_KEY_UIMainStoryboardFile = Main;
				INFOPLIST_KEY_UISupportedInterfaceOrientations = "UIInterfaceOrientationPortrait UIInterfaceOrientationLandscapeLeft UIInterfaceOrientationLandscapeRight";
				INFOPLIST_KEY_UISupportedInterfaceOrientations_iPad = "UIInterfaceOrientationPortrait UIInterfaceOrientationPortraitUpsideDown UIInterfaceOrientationLandscapeLeft UIInterfaceOrientationLandscapeRight";
				IPHONEOS_DEPLOYMENT_TARGET = 15.0;
				LD_RUNPATH_SEARCH_PATHS = (
					"$(inherited)",
					"@executable_path/Frameworks",
				);
				MARKETING_VERSION = 1.0;
				OTHER_LDFLAGS = (
					"-framework",
					SafariServices,
					"-framework",
					WebKit,
				);
				DEVELOPMENT_TEAM = 7UFLPXKQC2; PRODUCT_BUNDLE_IDENTIFIER = com.dguevara.VaporTracker;
				PRODUCT_NAME = "Vapor Tracker";
				SDKROOT = iphoneos;
				STRING_CATALOG_GENERATE_SYMBOLS = YES;
				SWIFT_APPROACHABLE_CONCURRENCY = YES;
				SWIFT_DEFAULT_ACTOR_ISOLATION = MainActor;
				SWIFT_EMIT_LOC_STRINGS = YES;
				SWIFT_UPCOMING_FEATURE_MEMBER_IMPORT_VISIBILITY = YES;
				SWIFT_VERSION = 5.0;
				TARGETED_DEVICE_FAMILY = "1,2";
				VALIDATE_PRODUCT = YES;
			};
			name = Release;
		};
		520B50662FFE88C100C5F942 /* Debug */ = {
			isa = XCBuildConfiguration;
			buildSettings = {
				CODE_SIGN_STYLE = Automatic;
				CURRENT_PROJECT_VERSION = 1;
				ENABLE_APP_SANDBOX = YES;
				ENABLE_HARDENED_RUNTIME = YES;
				ENABLE_USER_SELECTED_FILES = readonly;
				GENERATE_INFOPLIST_FILE = YES;
				INFOPLIST_FILE = "macOS (Extension)/Info.plist";
				INFOPLIST_KEY_CFBundleDisplayName = "Vapor Tracker Extension";
				INFOPLIST_KEY_NSHumanReadableCopyright = "";
				LD_RUNPATH_SEARCH_PATHS = (
					"$(inherited)",
					"@executable_path/../Frameworks",
					"@executable_path/../../../../Frameworks",
				);
				MACOSX_DEPLOYMENT_TARGET = 10.14;
				MARKETING_VERSION = 1.0;
				OTHER_LDFLAGS = (
					"-framework",
					SafariServices,
				);
				DEVELOPMENT_TEAM = 7UFLPXKQC2; PRODUCT_BUNDLE_IDENTIFIER = com.dguevara.VaporTracker.Extension;
				PRODUCT_NAME = "Vapor Tracker Extension";
				SDKROOT = macosx;
				SKIP_INSTALL = YES;
				STRING_CATALOG_GENERATE_SYMBOLS = YES;
				SWIFT_APPROACHABLE_CONCURRENCY = YES;
				SWIFT_EMIT_LOC_STRINGS = YES;
				SWIFT_UPCOMING_FEATURE_MEMBER_IMPORT_VISIBILITY = YES;
				SWIFT_VERSION = 5.0;
			};
			name = Debug;
		};
		520B50672FFE88C100C5F942 /* Release */ = {
			isa = XCBuildConfiguration;
			buildSettings = {
				CODE_SIGN_STYLE = Automatic;
				CURRENT_PROJECT_VERSION = 1;
				ENABLE_APP_SANDBOX = YES;
				ENABLE_HARDENED_RUNTIME = YES;
				ENABLE_USER_SELECTED_FILES = readonly;
				GENERATE_INFOPLIST_FILE = YES;
				INFOPLIST_FILE = "macOS (Extension)/Info.plist";
				INFOPLIST_KEY_CFBundleDisplayName = "Vapor Tracker Extension";
				INFOPLIST_KEY_NSHumanReadableCopyright = "";
				LD_RUNPATH_SEARCH_PATHS = (
					"$(inherited)",
					"@executable_path/../Frameworks",
					"@executable_path/../../../../Frameworks",
				);
				MACOSX_DEPLOYMENT_TARGET = 10.14;
				MARKETING_VERSION = 1.0;
				OTHER_LDFLAGS = (
					"-framework",
					SafariServices,
				);
				DEVELOPMENT_TEAM = 7UFLPXKQC2; PRODUCT_BUNDLE_IDENTIFIER = com.dguevara.VaporTracker.Extension;
				PRODUCT_NAME = "Vapor Tracker Extension";
				SDKROOT = macosx;
				SKIP_INSTALL = YES;
				STRING_CATALOG_GENERATE_SYMBOLS = YES;
				SWIFT_APPROACHABLE_CONCURRENCY = YES;
				SWIFT_EMIT_LOC_STRINGS = YES;
				SWIFT_UPCOMING_FEATURE_MEMBER_IMPORT_VISIBILITY = YES;
				SWIFT_VERSION = 5.0;
			};
			name = Release;
		};
		520B506A2FFE88C100C5F942 /* Debug */ = {
			isa = XCBuildConfiguration;
			buildSettings = {
				ASSETCATALOG_COMPILER_APPICON_NAME = AppIcon;
				ASSETCATALOG_COMPILER_GLOBAL_ACCENT_COLOR_NAME = AccentColor;
				CODE_SIGN_STYLE = Automatic;
				CURRENT_PROJECT_VERSION = 1;
				ENABLE_APP_SANDBOX = YES;
				ENABLE_HARDENED_RUNTIME = YES;
				ENABLE_OUTGOING_NETWORK_CONNECTIONS = YES;
				ENABLE_USER_SELECTED_FILES = readonly;
				GENERATE_INFOPLIST_FILE = YES;
				INFOPLIST_FILE = "macOS (App)/Info.plist";
				INFOPLIST_KEY_CFBundleDisplayName = "Vapor Tracker";
				INFOPLIST_KEY_NSMainStoryboardFile = Main;
				INFOPLIST_KEY_NSPrincipalClass = NSApplication;
				LD_RUNPATH_SEARCH_PATHS = (
					"$(inherited)",
					"@executable_path/../Frameworks",
				);
				MACOSX_DEPLOYMENT_TARGET = 10.14;
				MARKETING_VERSION = 1.0;
				OTHER_LDFLAGS = (
					"-framework",
					SafariServices,
					"-framework",
					WebKit,
				);
				DEVELOPMENT_TEAM = 7UFLPXKQC2; PRODUCT_BUNDLE_IDENTIFIER = com.dguevara.VaporTracker;
				PRODUCT_NAME = "Vapor Tracker";
				REGISTER_APP_GROUPS = YES;
				SDKROOT = macosx;
				STRING_CATALOG_GENERATE_SYMBOLS = YES;
				SWIFT_APPROACHABLE_CONCURRENCY = YES;
				SWIFT_DEFAULT_ACTOR_ISOLATION = MainActor;
				SWIFT_EMIT_LOC_STRINGS = YES;
				SWIFT_UPCOMING_FEATURE_MEMBER_IMPORT_VISIBILITY = YES;
				SWIFT_VERSION = 5.0;
			};
			name = Debug;
		};
		520B506B2FFE88C100C5F942 /* Release */ = {
			isa = XCBuildConfiguration;
			buildSettings = {
				ASSETCATALOG_COMPILER_APPICON_NAME = AppIcon;
				ASSETCATALOG_COMPILER_GLOBAL_ACCENT_COLOR_NAME = AccentColor;
				CODE_SIGN_STYLE = Automatic;
				CURRENT_PROJECT_VERSION = 1;
				ENABLE_APP_SANDBOX = YES;
				ENABLE_HARDENED_RUNTIME = YES;
				ENABLE_OUTGOING_NETWORK_CONNECTIONS = YES;
				ENABLE_USER_SELECTED_FILES = readonly;
				GENERATE_INFOPLIST_FILE = YES;
				INFOPLIST_FILE = "macOS (App)/Info.plist";
				INFOPLIST_KEY_CFBundleDisplayName = "Vapor Tracker";
				INFOPLIST_KEY_NSMainStoryboardFile = Main;
				INFOPLIST_KEY_NSPrincipalClass = NSApplication;
				LD_RUNPATH_SEARCH_PATHS = (
					"$(inherited)",
					"@executable_path/../Frameworks",
				);
				MACOSX_DEPLOYMENT_TARGET = 10.14;
				MARKETING_VERSION = 1.0;
				OTHER_LDFLAGS = (
					"-framework",
					SafariServices,
					"-framework",
					WebKit,
				);
				DEVELOPMENT_TEAM = 7UFLPXKQC2; PRODUCT_BUNDLE_IDENTIFIER = com.dguevara.VaporTracker;
				PRODUCT_NAME = "Vapor Tracker";
				REGISTER_APP_GROUPS = YES;
				SDKROOT = macosx;
				STRING_CATALOG_GENERATE_SYMBOLS = YES;
				SWIFT_APPROACHABLE_CONCURRENCY = YES;
				SWIFT_DEFAULT_ACTOR_ISOLATION = MainActor;
				SWIFT_EMIT_LOC_STRINGS = YES;
				SWIFT_UPCOMING_FEATURE_MEMBER_IMPORT_VISIBILITY = YES;
				SWIFT_VERSION = 5.0;
			};
			name = Release;
		};
/* End XCBuildConfiguration section */

/* Begin XCConfigurationList section */
		520B50102FFE88C000C5F942 /* Build configuration list for PBXProject "Vapor Tracker" */ = {
			isa = XCConfigurationList;
			buildConfigurations = (
				520B505C2FFE88C100C5F942 /* Debug */,
				520B505D2FFE88C100C5F942 /* Release */,
			);
			defaultConfigurationIsVisible = 0;
			defaultConfigurationName = Release;
		};
		520B505E2FFE88C100C5F942 /* Build configuration list for PBXNativeTarget "Vapor Tracker Extension (iOS)" */ = {
			isa = XCConfigurationList;
			buildConfigurations = (
				520B505F2FFE88C100C5F942 /* Debug */,
				520B50602FFE88C100C5F942 /* Release */,
			);
			defaultConfigurationIsVisible = 0;
			defaultConfigurationName = Release;
		};
		520B50622FFE88C100C5F942 /* Build configuration list for PBXNativeTarget "Vapor Tracker (iOS)" */ = {
			isa = XCConfigurationList;
			buildConfigurations = (
				520B50632FFE88C100C5F942 /* Debug */,
				520B50642FFE88C100C5F942 /* Release */,
			);
			defaultConfigurationIsVisible = 0;
			defaultConfigurationName = Release;
		};
		520B50652FFE88C100C5F942 /* Build configuration list for PBXNativeTarget "Vapor Tracker Extension (macOS)" */ = {
			isa = XCConfigurationList;
			buildConfigurations = (
				520B50662FFE88C100C5F942 /* Debug */,
				520B50672FFE88C100C5F942 /* Release */,
			);
			defaultConfigurationIsVisible = 0;
			defaultConfigurationName = Release;
		};
		520B50692FFE88C100C5F942 /* Build configuration list for PBXNativeTarget "Vapor Tracker (macOS)" */ = {
			isa = XCConfigurationList;
			buildConfigurations = (
				520B506A2FFE88C100C5F942 /* Debug */,
				520B506B2FFE88C100C5F942 /* Release */,
			);
			defaultConfigurationIsVisible = 0;
			defaultConfigurationName = Release;
		};
/* End XCConfigurationList section */
	};
	rootObject = 520B500D2FFE88C000C5F942 /* Project object */;
}
