// !$*UTF8*$!
{
	archiveVersion = 1;
	classes = {
	};
	objectVersion = 77;
	objects = {

/* Begin PBXBuildFile section */
		52637C782FFE84610081465F /* AppDelegate.swift in Sources */ = {isa = PBXBuildFile; fileRef = 52637C772FFE84610081465F /* AppDelegate.swift */; };
		52637C7A2FFE84610081465F /* SceneDelegate.swift in Sources */ = {isa = PBXBuildFile; fileRef = 52637C792FFE84610081465F /* SceneDelegate.swift */; };
		52637C7D2FFE84610081465F /* LaunchScreen.storyboard in Resources */ = {isa = PBXBuildFile; fileRef = 52637C7B2FFE84610081465F /* LaunchScreen.storyboard */; };
		52637C802FFE84610081465F /* Main.storyboard in Resources */ = {isa = PBXBuildFile; fileRef = 52637C7E2FFE84610081465F /* Main.storyboard */; };
		52637C892FFE84610081465F /* AppDelegate.swift in Sources */ = {isa = PBXBuildFile; fileRef = 52637C882FFE84610081465F /* AppDelegate.swift */; };
		52637C8C2FFE84610081465F /* Main.storyboard in Resources */ = {isa = PBXBuildFile; fileRef = 52637C8A2FFE84610081465F /* Main.storyboard */; };
		52637C932FFE84610081465F /* Vapor Tracker Extension.appex in Embed Foundation Extensions */ = {isa = PBXBuildFile; fileRef = 52637C922FFE84610081465F /* Vapor Tracker Extension.appex */; settings = {ATTRIBUTES = (RemoveHeadersOnCopy, ); }; };
		52637C9D2FFE84610081465F /* Vapor Tracker Extension.appex in Embed Foundation Extensions */ = {isa = PBXBuildFile; fileRef = 52637C9C2FFE84610081465F /* Vapor Tracker Extension.appex */; settings = {ATTRIBUTES = (RemoveHeadersOnCopy, ); }; };
		52637CA22FFE84610081465F /* Main.html in Resources */ = {isa = PBXBuildFile; fileRef = 52637C672FFE84600081465F /* Main.html */; };
		52637CA32FFE84610081465F /* Main.html in Resources */ = {isa = PBXBuildFile; fileRef = 52637C672FFE84600081465F /* Main.html */; };
		52637CA42FFE84610081465F /* Icon.png in Resources */ = {isa = PBXBuildFile; fileRef = 52637C692FFE84600081465F /* Icon.png */; };
		52637CA52FFE84610081465F /* Icon.png in Resources */ = {isa = PBXBuildFile; fileRef = 52637C692FFE84600081465F /* Icon.png */; };
		52637CA62FFE84610081465F /* Style.css in Resources */ = {isa = PBXBuildFile; fileRef = 52637C6A2FFE84600081465F /* Style.css */; };
		52637CA72FFE84610081465F /* Style.css in Resources */ = {isa = PBXBuildFile; fileRef = 52637C6A2FFE84600081465F /* Style.css */; };
		52637CA82FFE84610081465F /* Script.js in Resources */ = {isa = PBXBuildFile; fileRef = 52637C6B2FFE84600081465F /* Script.js */; };
		52637CA92FFE84610081465F /* Script.js in Resources */ = {isa = PBXBuildFile; fileRef = 52637C6B2FFE84600081465F /* Script.js */; };
		52637CAA2FFE84610081465F /* ViewController.swift in Sources */ = {isa = PBXBuildFile; fileRef = 52637C6C2FFE84600081465F /* ViewController.swift */; };
		52637CAB2FFE84610081465F /* ViewController.swift in Sources */ = {isa = PBXBuildFile; fileRef = 52637C6C2FFE84600081465F /* ViewController.swift */; };
		52637CAC2FFE84610081465F /* Assets.xcassets in Resources */ = {isa = PBXBuildFile; fileRef = 52637C6D2FFE84610081465F /* Assets.xcassets */; };
		52637CAD2FFE84610081465F /* Assets.xcassets in Resources */ = {isa = PBXBuildFile; fileRef = 52637C6D2FFE84610081465F /* Assets.xcassets */; };
		52637CAE2FFE84610081465F /* SafariWebExtensionHandler.swift in Sources */ = {isa = PBXBuildFile; fileRef = 52637C6F2FFE84610081465F /* SafariWebExtensionHandler.swift */; };
		52637CAF2FFE84610081465F /* SafariWebExtensionHandler.swift in Sources */ = {isa = PBXBuildFile; fileRef = 52637C6F2FFE84610081465F /* SafariWebExtensionHandler.swift */; };
		52637CCA2FFE84610081465F /* popup.js in Resources */ = {isa = PBXBuildFile; fileRef = 52637CC12FFE84610081465F /* popup.js */; };
		52637CCB2FFE84610081465F /* wishlist.js in Resources */ = {isa = PBXBuildFile; fileRef = 52637CC22FFE84610081465F /* wishlist.js */; };
		52637CCC2FFE84610081465F /* content.css in Resources */ = {isa = PBXBuildFile; fileRef = 52637CC32FFE84610081465F /* content.css */; };
		52637CCD2FFE84610081465F /* background.js in Resources */ = {isa = PBXBuildFile; fileRef = 52637CC42FFE84610081465F /* background.js */; };
		52637CCE2FFE84610081465F /* popup.html in Resources */ = {isa = PBXBuildFile; fileRef = 52637CC52FFE84610081465F /* popup.html */; };
		52637CCF2FFE84610081465F /* img in Resources */ = {isa = PBXBuildFile; fileRef = 52637CC62FFE84610081465F /* img */; };
		52637CD02FFE84610081465F /* manifest.json in Resources */ = {isa = PBXBuildFile; fileRef = 52637CC72FFE84610081465F /* manifest.json */; };
		52637CD12FFE84610081465F /* banner.js in Resources */ = {isa = PBXBuildFile; fileRef = 52637CC82FFE84610081465F /* banner.js */; };
		52637CD22FFE84610081465F /* content.js in Resources */ = {isa = PBXBuildFile; fileRef = 52637CC92FFE84610081465F /* content.js */; };
		52637CD32FFE84610081465F /* popup.js in Resources */ = {isa = PBXBuildFile; fileRef = 52637CC12FFE84610081465F /* popup.js */; };
		52637CD42FFE84610081465F /* wishlist.js in Resources */ = {isa = PBXBuildFile; fileRef = 52637CC22FFE84610081465F /* wishlist.js */; };
		52637CD52FFE84610081465F /* content.css in Resources */ = {isa = PBXBuildFile; fileRef = 52637CC32FFE84610081465F /* content.css */; };
		52637CD62FFE84610081465F /* background.js in Resources */ = {isa = PBXBuildFile; fileRef = 52637CC42FFE84610081465F /* background.js */; };
		52637CD72FFE84610081465F /* popup.html in Resources */ = {isa = PBXBuildFile; fileRef = 52637CC52FFE84610081465F /* popup.html */; };
		52637CD82FFE84610081465F /* img in Resources */ = {isa = PBXBuildFile; fileRef = 52637CC62FFE84610081465F /* img */; };
		52637CD92FFE84610081465F /* manifest.json in Resources */ = {isa = PBXBuildFile; fileRef = 52637CC72FFE84610081465F /* manifest.json */; };
		52637CDA2FFE84610081465F /* banner.js in Resources */ = {isa = PBXBuildFile; fileRef = 52637CC82FFE84610081465F /* banner.js */; };
		52637CDB2FFE84610081465F /* content.js in Resources */ = {isa = PBXBuildFile; fileRef = 52637CC92FFE84610081465F /* content.js */; };
/* End PBXBuildFile section */

/* Begin PBXContainerItemProxy section */
		52637C942FFE84610081465F /* PBXContainerItemProxy */ = {
			isa = PBXContainerItemProxy;
			containerPortal = 52637C612FFE84600081465F /* Project object */;
			proxyType = 1;
			remoteGlobalIDString = 52637C912FFE84610081465F;
			remoteInfo = "Vapor Tracker Extension (iOS)";
		};
		52637C9E2FFE84610081465F /* PBXContainerItemProxy */ = {
			isa = PBXContainerItemProxy;
			containerPortal = 52637C612FFE84600081465F /* Project object */;
			proxyType = 1;
			remoteGlobalIDString = 52637C9B2FFE84610081465F;
			remoteInfo = "Vapor Tracker Extension (macOS)";
		};
/* End PBXContainerItemProxy section */

/* Begin PBXCopyFilesBuildPhase section */
		52637CB52FFE84610081465F /* Embed Foundation Extensions */ = {
			isa = PBXCopyFilesBuildPhase;
			buildActionMask = 2147483647;
			dstPath = "";
			dstSubfolderSpec = 13;
			files = (
				52637C932FFE84610081465F /* Vapor Tracker Extension.appex in Embed Foundation Extensions */,
			);
			name = "Embed Foundation Extensions";
			runOnlyForDeploymentPostprocessing = 0;
		};
		52637CBC2FFE84610081465F /* Embed Foundation Extensions */ = {
			isa = PBXCopyFilesBuildPhase;
			buildActionMask = 2147483647;
			dstPath = "";
			dstSubfolderSpec = 13;
			files = (
				52637C9D2FFE84610081465F /* Vapor Tracker Extension.appex in Embed Foundation Extensions */,
			);
			name = "Embed Foundation Extensions";
			runOnlyForDeploymentPostprocessing = 0;
		};
/* End PBXCopyFilesBuildPhase section */

/* Begin PBXFileReference section */
		52637C682FFE84600081465F /* Base */ = {isa = PBXFileReference; lastKnownFileType = text.html; name = Base; path = Base.lproj/Main.html; sourceTree = "<group>"; };
		52637C692FFE84600081465F /* Icon.png */ = {isa = PBXFileReference; lastKnownFileType = image.png; path = Icon.png; sourceTree = "<group>"; };
		52637C6A2FFE84600081465F /* Style.css */ = {isa = PBXFileReference; lastKnownFileType = text.css; path = Style.css; sourceTree = "<group>"; };
		52637C6B2FFE84600081465F /* Script.js */ = {isa = PBXFileReference; lastKnownFileType = sourcecode.javascript; path = Script.js; sourceTree = "<group>"; };
		52637C6C2FFE84600081465F /* ViewController.swift */ = {isa = PBXFileReference; lastKnownFileType = sourcecode.swift; path = ViewController.swift; sourceTree = "<group>"; };
		52637C6D2FFE84610081465F /* Assets.xcassets */ = {isa = PBXFileReference; lastKnownFileType = folder.assetcatalog; path = Assets.xcassets; sourceTree = "<group>"; };
		52637C6F2FFE84610081465F /* SafariWebExtensionHandler.swift */ = {isa = PBXFileReference; lastKnownFileType = sourcecode.swift; path = SafariWebExtensionHandler.swift; sourceTree = "<group>"; };
		52637C742FFE84610081465F /* Vapor Tracker.app */ = {isa = PBXFileReference; explicitFileType = wrapper.application; includeInIndex = 0; path = "Vapor Tracker.app"; sourceTree = BUILT_PRODUCTS_DIR; };
		52637C772FFE84610081465F /* AppDelegate.swift */ = {isa = PBXFileReference; lastKnownFileType = sourcecode.swift; path = AppDelegate.swift; sourceTree = "<group>"; };
		52637C792FFE84610081465F /* SceneDelegate.swift */ = {isa = PBXFileReference; lastKnownFileType = sourcecode.swift; path = SceneDelegate.swift; sourceTree = "<group>"; };
		52637C7C2FFE84610081465F /* Base */ = {isa = PBXFileReference; lastKnownFileType = file.storyboard; name = Base; path = Base.lproj/LaunchScreen.storyboard; sourceTree = "<group>"; };
		52637C7F2FFE84610081465F /* Base */ = {isa = PBXFileReference; lastKnownFileType = file.storyboard; name = Base; path = Base.lproj/Main.storyboard; sourceTree = "<group>"; };
		52637C812FFE84610081465F /* Info.plist */ = {isa = PBXFileReference; lastKnownFileType = text.plist.xml; path = Info.plist; sourceTree = "<group>"; };
		52637C862FFE84610081465F /* Vapor Tracker.app */ = {isa = PBXFileReference; explicitFileType = wrapper.application; includeInIndex = 0; path = "Vapor Tracker.app"; sourceTree = BUILT_PRODUCTS_DIR; };
		52637C882FFE84610081465F /* AppDelegate.swift */ = {isa = PBXFileReference; lastKnownFileType = sourcecode.swift; path = AppDelegate.swift; sourceTree = "<group>"; };
		52637C8B2FFE84610081465F /* Base */ = {isa = PBXFileReference; lastKnownFileType = file.storyboard; name = Base; path = Base.lproj/Main.storyboard; sourceTree = "<group>"; };
		52637C8D2FFE84610081465F /* Info.plist */ = {isa = PBXFileReference; lastKnownFileType = text.plist.xml; path = Info.plist; sourceTree = "<group>"; };
		52637C922FFE84610081465F /* Vapor Tracker Extension.appex */ = {isa = PBXFileReference; explicitFileType = "wrapper.app-extension"; includeInIndex = 0; path = "Vapor Tracker Extension.appex"; sourceTree = BUILT_PRODUCTS_DIR; };
		52637C972FFE84610081465F /* Info.plist */ = {isa = PBXFileReference; lastKnownFileType = text.plist.xml; path = Info.plist; sourceTree = "<group>"; };
		52637C9C2FFE84610081465F /* Vapor Tracker Extension.appex */ = {isa = PBXFileReference; explicitFileType = "wrapper.app-extension"; includeInIndex = 0; path = "Vapor Tracker Extension.appex"; sourceTree = BUILT_PRODUCTS_DIR; };
		52637CA12FFE84610081465F /* Info.plist */ = {isa = PBXFileReference; lastKnownFileType = text.plist.xml; path = Info.plist; sourceTree = "<group>"; };
		52637CC12FFE84610081465F /* popup.js */ = {isa = PBXFileReference; lastKnownFileType = sourcecode.javascript; name = popup.js; path = Resources/popup.js; sourceTree = "<group>"; };
		52637CC22FFE84610081465F /* wishlist.js */ = {isa = PBXFileReference; lastKnownFileType = sourcecode.javascript; name = wishlist.js; path = Resources/wishlist.js; sourceTree = "<group>"; };
		52637CC32FFE84610081465F /* content.css */ = {isa = PBXFileReference; lastKnownFileType = text.css; name = content.css; path = Resources/content.css; sourceTree = "<group>"; };
		52637CC42FFE84610081465F /* background.js */ = {isa = PBXFileReference; lastKnownFileType = sourcecode.javascript; name = background.js; path = Resources/background.js; sourceTree = "<group>"; };
		52637CC52FFE84610081465F /* popup.html */ = {isa = PBXFileReference; lastKnownFileType = text.html; name = popup.html; path = Resources/popup.html; sourceTree = "<group>"; };
		52637CC62FFE84610081465F /* img */ = {isa = PBXFileReference; lastKnownFileType = folder; name = img; path = Resources/img; sourceTree = "<group>"; };
		52637CC72FFE84610081465F /* manifest.json */ = {isa = PBXFileReference; lastKnownFileType = text.json; name = manifest.json; path = Resources/manifest.json; sourceTree = "<group>"; };
		52637CC82FFE84610081465F /* banner.js */ = {isa = PBXFileReference; lastKnownFileType = sourcecode.javascript; name = banner.js; path = Resources/banner.js; sourceTree = "<group>"; };
		52637CC92FFE84610081465F /* content.js */ = {isa = PBXFileReference; lastKnownFileType = sourcecode.javascript; name = content.js; path = Resources/content.js; sourceTree = "<group>"; };
/* End PBXFileReference section */

/* Begin PBXFrameworksBuildPhase section */
		52637C712FFE84610081465F /* Frameworks */ = {
			isa = PBXFrameworksBuildPhase;
			buildActionMask = 2147483647;
			files = (
			);
			runOnlyForDeploymentPostprocessing = 0;
		};
		52637C832FFE84610081465F /* Frameworks */ = {
			isa = PBXFrameworksBuildPhase;
			buildActionMask = 2147483647;
			files = (
			);
			runOnlyForDeploymentPostprocessing = 0;
		};
		52637C8F2FFE84610081465F /* Frameworks */ = {
			isa = PBXFrameworksBuildPhase;
			buildActionMask = 2147483647;
			files = (
			);
			runOnlyForDeploymentPostprocessing = 0;
		};
		52637C992FFE84610081465F /* Frameworks */ = {
			isa = PBXFrameworksBuildPhase;
			buildActionMask = 2147483647;
			files = (
			);
			runOnlyForDeploymentPostprocessing = 0;
		};
/* End PBXFrameworksBuildPhase section */

/* Begin PBXGroup section */
		52637C602FFE84600081465F = {
			isa = PBXGroup;
			children = (
				52637C652FFE84600081465F /* Shared (App) */,
				52637C6E2FFE84610081465F /* Shared (Extension) */,
				52637C762FFE84610081465F /* iOS (App) */,
				52637C872FFE84610081465F /* macOS (App) */,
				52637C962FFE84610081465F /* iOS (Extension) */,
				52637CA02FFE84610081465F /* macOS (Extension) */,
				52637C752FFE84610081465F /* Products */,
			);
			sourceTree = "<group>";
		};
		52637C652FFE84600081465F /* Shared (App) */ = {
			isa = PBXGroup;
			children = (
				52637C6C2FFE84600081465F /* ViewController.swift */,
				52637C6D2FFE84610081465F /* Assets.xcassets */,
				52637C662FFE84600081465F /* Resources */,
			);
			path = "Shared (App)";
			sourceTree = "<group>";
		};
		52637C662FFE84600081465F /* Resources */ = {
			isa = PBXGroup;
			children = (
				52637C672FFE84600081465F /* Main.html */,
				52637C692FFE84600081465F /* Icon.png */,
				52637C6A2FFE84600081465F /* Style.css */,
				52637C6B2FFE84600081465F /* Script.js */,
			);
			path = Resources;
			sourceTree = "<group>";
		};
		52637C6E2FFE84610081465F /* Shared (Extension) */ = {
			isa = PBXGroup;
			children = (
				52637CC02FFE84610081465F /* Resources */,
				52637C6F2FFE84610081465F /* SafariWebExtensionHandler.swift */,
			);
			path = "Shared (Extension)";
			sourceTree = "<group>";
		};
		52637C752FFE84610081465F /* Products */ = {
			isa = PBXGroup;
			children = (
				52637C742FFE84610081465F /* Vapor Tracker.app */,
				52637C862FFE84610081465F /* Vapor Tracker.app */,
				52637C922FFE84610081465F /* Vapor Tracker Extension.appex */,
				52637C9C2FFE84610081465F /* Vapor Tracker Extension.appex */,
			);
			name = Products;
			sourceTree = "<group>";
		};
		52637C762FFE84610081465F /* iOS (App) */ = {
			isa = PBXGroup;
			children = (
				52637C772FFE84610081465F /* AppDelegate.swift */,
				52637C792FFE84610081465F /* SceneDelegate.swift */,
				52637C7B2FFE84610081465F /* LaunchScreen.storyboard */,
				52637C7E2FFE84610081465F /* Main.storyboard */,
				52637C812FFE84610081465F /* Info.plist */,
			);
			path = "iOS (App)";
			sourceTree = "<group>";
		};
		52637C872FFE84610081465F /* macOS (App) */ = {
			isa = PBXGroup;
			children = (
				52637C882FFE84610081465F /* AppDelegate.swift */,
				52637C8A2FFE84610081465F /* Main.storyboard */,
				52637C8D2FFE84610081465F /* Info.plist */,
			);
			path = "macOS (App)";
			sourceTree = "<group>";
		};
		52637C962FFE84610081465F /* iOS (Extension) */ = {
			isa = PBXGroup;
			children = (
				52637C972FFE84610081465F /* Info.plist */,
			);
			path = "iOS (Extension)";
			sourceTree = "<group>";
		};
		52637CA02FFE84610081465F /* macOS (Extension) */ = {
			isa = PBXGroup;
			children = (
				52637CA12FFE84610081465F /* Info.plist */,
			);
			path = "macOS (Extension)";
			sourceTree = "<group>";
		};
		52637CC02FFE84610081465F /* Resources */ = {
			isa = PBXGroup;
			children = (
				52637CC12FFE84610081465F /* popup.js */,
				52637CC22FFE84610081465F /* wishlist.js */,
				52637CC32FFE84610081465F /* content.css */,
				52637CC42FFE84610081465F /* background.js */,
				52637CC52FFE84610081465F /* popup.html */,
				52637CC62FFE84610081465F /* img */,
				52637CC72FFE84610081465F /* manifest.json */,
				52637CC82FFE84610081465F /* banner.js */,
				52637CC92FFE84610081465F /* content.js */,
			);
			name = Resources;
			path = "Shared (Extension)";
			sourceTree = SOURCE_ROOT;
		};
/* End PBXGroup section */

/* Begin PBXNativeTarget section */
		52637C732FFE84610081465F /* Vapor Tracker (iOS) */ = {
			isa = PBXNativeTarget;
			buildConfigurationList = 52637CB62FFE84610081465F /* Build configuration list for PBXNativeTarget "Vapor Tracker (iOS)" */;
			buildPhases = (
				52637C702FFE84610081465F /* Sources */,
				52637C712FFE84610081465F /* Frameworks */,
				52637C722FFE84610081465F /* Resources */,
				52637CB52FFE84610081465F /* Embed Foundation Extensions */,
			);
			buildRules = (
			);
			dependencies = (
				52637C952FFE84610081465F /* PBXTargetDependency */,
			);
			name = "Vapor Tracker (iOS)";
			packageProductDependencies = (
			);
			productName = "Vapor Tracker (iOS)";
			productReference = 52637C742FFE84610081465F /* Vapor Tracker.app */;
			productType = "com.apple.product-type.application";
		};
		52637C852FFE84610081465F /* Vapor Tracker (macOS) */ = {
			isa = PBXNativeTarget;
			buildConfigurationList = 52637CBD2FFE84610081465F /* Build configuration list for PBXNativeTarget "Vapor Tracker (macOS)" */;
			buildPhases = (
				52637C822FFE84610081465F /* Sources */,
				52637C832FFE84610081465F /* Frameworks */,
				52637C842FFE84610081465F /* Resources */,
				52637CBC2FFE84610081465F /* Embed Foundation Extensions */,
			);
			buildRules = (
			);
			dependencies = (
				52637C9F2FFE84610081465F /* PBXTargetDependency */,
			);
			name = "Vapor Tracker (macOS)";
			packageProductDependencies = (
			);
			productName = "Vapor Tracker (macOS)";
			productReference = 52637C862FFE84610081465F /* Vapor Tracker.app */;
			productType = "com.apple.product-type.application";
		};
		52637C912FFE84610081465F /* Vapor Tracker Extension (iOS) */ = {
			isa = PBXNativeTarget;
			buildConfigurationList = 52637CB22FFE84610081465F /* Build configuration list for PBXNativeTarget "Vapor Tracker Extension (iOS)" */;
			buildPhases = (
				52637C8E2FFE84610081465F /* Sources */,
				52637C8F2FFE84610081465F /* Frameworks */,
				52637C902FFE84610081465F /* Resources */,
			);
			buildRules = (
			);
			dependencies = (
			);
			name = "Vapor Tracker Extension (iOS)";
			packageProductDependencies = (
			);
			productName = "Vapor Tracker Extension (iOS)";
			productReference = 52637C922FFE84610081465F /* Vapor Tracker Extension.appex */;
			productType = "com.apple.product-type.app-extension";
		};
		52637C9B2FFE84610081465F /* Vapor Tracker Extension (macOS) */ = {
			isa = PBXNativeTarget;
			buildConfigurationList = 52637CB92FFE84610081465F /* Build configuration list for PBXNativeTarget "Vapor Tracker Extension (macOS)" */;
			buildPhases = (
				52637C982FFE84610081465F /* Sources */,
				52637C992FFE84610081465F /* Frameworks */,
				52637C9A2FFE84610081465F /* Resources */,
			);
			buildRules = (
			);
			dependencies = (
			);
			name = "Vapor Tracker Extension (macOS)";
			packageProductDependencies = (
			);
			productName = "Vapor Tracker Extension (macOS)";
			productReference = 52637C9C2FFE84610081465F /* Vapor Tracker Extension.appex */;
			productType = "com.apple.product-type.app-extension";
		};
/* End PBXNativeTarget section */

/* Begin PBXProject section */
		52637C612FFE84600081465F /* Project object */ = {
			isa = PBXProject;
			attributes = {
				BuildIndependentTargetsInParallel = 1;
				LastSwiftUpdateCheck = 2660;
				LastUpgradeCheck = 2660;
				TargetAttributes = {
					52637C732FFE84610081465F = {
						CreatedOnToolsVersion = 26.6;
					};
					52637C852FFE84610081465F = {
						CreatedOnToolsVersion = 26.6;
					};
					52637C912FFE84610081465F = {
						CreatedOnToolsVersion = 26.6;
					};
					52637C9B2FFE84610081465F = {
						CreatedOnToolsVersion = 26.6;
					};
				};
			};
			buildConfigurationList = 52637C642FFE84600081465F /* Build configuration list for PBXProject "Vapor Tracker" */;
			developmentRegion = en;
			hasScannedForEncodings = 0;
			knownRegions = (
				en,
				Base,
			);
			mainGroup = 52637C602FFE84600081465F;
			minimizedProjectReferenceProxies = 1;
			preferredProjectObjectVersion = 77;
			productRefGroup = 52637C752FFE84610081465F /* Products */;
			projectDirPath = "";
			projectRoot = "";
			targets = (
				52637C732FFE84610081465F /* Vapor Tracker (iOS) */,
				52637C852FFE84610081465F /* Vapor Tracker (macOS) */,
				52637C912FFE84610081465F /* Vapor Tracker Extension (iOS) */,
				52637C9B2FFE84610081465F /* Vapor Tracker Extension (macOS) */,
			);
		};
/* End PBXProject section */

/* Begin PBXResourcesBuildPhase section */
		52637C722FFE84610081465F /* Resources */ = {
			isa = PBXResourcesBuildPhase;
			buildActionMask = 2147483647;
			files = (
				52637CA42FFE84610081465F /* Icon.png in Resources */,
				52637C7D2FFE84610081465F /* LaunchScreen.storyboard in Resources */,
				52637CA22FFE84610081465F /* Main.html in Resources */,
				52637CA82FFE84610081465F /* Script.js in Resources */,
				52637CAC2FFE84610081465F /* Assets.xcassets in Resources */,
				52637C802FFE84610081465F /* Main.storyboard in Resources */,
				52637CA62FFE84610081465F /* Style.css in Resources */,
			);
			runOnlyForDeploymentPostprocessing = 0;
		};
		52637C842FFE84610081465F /* Resources */ = {
			isa = PBXResourcesBuildPhase;
			buildActionMask = 2147483647;
			files = (
				52637CA52FFE84610081465F /* Icon.png in Resources */,
				52637CA72FFE84610081465F /* Style.css in Resources */,
				52637C8C2FFE84610081465F /* Main.storyboard in Resources */,
				52637CA92FFE84610081465F /* Script.js in Resources */,
				52637CAD2FFE84610081465F /* Assets.xcassets in Resources */,
				52637CA32FFE84610081465F /* Main.html in Resources */,
			);
			runOnlyForDeploymentPostprocessing = 0;
		};
		52637C902FFE84610081465F /* Resources */ = {
			isa = PBXResourcesBuildPhase;
			buildActionMask = 2147483647;
			files = (
				52637CD82FFE84610081465F /* img in Resources */,
				52637CD92FFE84610081465F /* manifest.json in Resources */,
				52637CDA2FFE84610081465F /* banner.js in Resources */,
				52637CD62FFE84610081465F /* background.js in Resources */,
				52637CD72FFE84610081465F /* popup.html in Resources */,
				52637CD52FFE84610081465F /* content.css in Resources */,
				52637CDB2FFE84610081465F /* content.js in Resources */,
				52637CD32FFE84610081465F /* popup.js in Resources */,
				52637CD42FFE84610081465F /* wishlist.js in Resources */,
			);
			runOnlyForDeploymentPostprocessing = 0;
		};
		52637C9A2FFE84610081465F /* Resources */ = {
			isa = PBXResourcesBuildPhase;
			buildActionMask = 2147483647;
			files = (
				52637CCF2FFE84610081465F /* img in Resources */,
				52637CD02FFE84610081465F /* manifest.json in Resources */,
				52637CD12FFE84610081465F /* banner.js in Resources */,
				52637CCD2FFE84610081465F /* background.js in Resources */,
				52637CCE2FFE84610081465F /* popup.html in Resources */,
				52637CCC2FFE84610081465F /* content.css in Resources */,
				52637CD22FFE84610081465F /* content.js in Resources */,
				52637CCA2FFE84610081465F /* popup.js in Resources */,
				52637CCB2FFE84610081465F /* wishlist.js in Resources */,
			);
			runOnlyForDeploymentPostprocessing = 0;
		};
/* End PBXResourcesBuildPhase section */

/* Begin PBXSourcesBuildPhase section */
		52637C702FFE84610081465F /* Sources */ = {
			isa = PBXSourcesBuildPhase;
			buildActionMask = 2147483647;
			files = (
				52637CAA2FFE84610081465F /* ViewController.swift in Sources */,
				52637C782FFE84610081465F /* AppDelegate.swift in Sources */,
				52637C7A2FFE84610081465F /* SceneDelegate.swift in Sources */,
			);
			runOnlyForDeploymentPostprocessing = 0;
		};
		52637C822FFE84610081465F /* Sources */ = {
			isa = PBXSourcesBuildPhase;
			buildActionMask = 2147483647;
			files = (
				52637CAB2FFE84610081465F /* ViewController.swift in Sources */,
				52637C892FFE84610081465F /* AppDelegate.swift in Sources */,
			);
			runOnlyForDeploymentPostprocessing = 0;
		};
		52637C8E2FFE84610081465F /* Sources */ = {
			isa = PBXSourcesBuildPhase;
			buildActionMask = 2147483647;
			files = (
				52637CAE2FFE84610081465F /* SafariWebExtensionHandler.swift in Sources */,
			);
			runOnlyForDeploymentPostprocessing = 0;
		};
		52637C982FFE84610081465F /* Sources */ = {
			isa = PBXSourcesBuildPhase;
			buildActionMask = 2147483647;
			files = (
				52637CAF2FFE84610081465F /* SafariWebExtensionHandler.swift in Sources */,
			);
			runOnlyForDeploymentPostprocessing = 0;
		};
/* End PBXSourcesBuildPhase section */

/* Begin PBXTargetDependency section */
		52637C952FFE84610081465F /* PBXTargetDependency */ = {
			isa = PBXTargetDependency;
			target = 52637C912FFE84610081465F /* Vapor Tracker Extension (iOS) */;
			targetProxy = 52637C942FFE84610081465F /* PBXContainerItemProxy */;
		};
		52637C9F2FFE84610081465F /* PBXTargetDependency */ = {
			isa = PBXTargetDependency;
			target = 52637C9B2FFE84610081465F /* Vapor Tracker Extension (macOS) */;
			targetProxy = 52637C9E2FFE84610081465F /* PBXContainerItemProxy */;
		};
/* End PBXTargetDependency section */

/* Begin PBXVariantGroup section */
		52637C672FFE84600081465F /* Main.html */ = {
			isa = PBXVariantGroup;
			children = (
				52637C682FFE84600081465F /* Base */,
			);
			name = Main.html;
			sourceTree = "<group>";
		};
		52637C7B2FFE84610081465F /* LaunchScreen.storyboard */ = {
			isa = PBXVariantGroup;
			children = (
				52637C7C2FFE84610081465F /* Base */,
			);
			name = LaunchScreen.storyboard;
			sourceTree = "<group>";
		};
		52637C7E2FFE84610081465F /* Main.storyboard */ = {
			isa = PBXVariantGroup;
			children = (
				52637C7F2FFE84610081465F /* Base */,
			);
			name = Main.storyboard;
			sourceTree = "<group>";
		};
		52637C8A2FFE84610081465F /* Main.storyboard */ = {
			isa = PBXVariantGroup;
			children = (
				52637C8B2FFE84610081465F /* Base */,
			);
			name = Main.storyboard;
			sourceTree = "<group>";
		};
/* End PBXVariantGroup section */

/* Begin XCBuildConfiguration section */
		52637CB02FFE84610081465F /* Debug */ = {
			isa = XCBuildConfiguration;
			buildSettings = {
				ALWAYS_SEARCH_USER_PATHS = NO;
				ASSETCATALOG_COMPILER_GENERATE_SWIFT_ASSET_SYMBOL_EXTENSIONS = YES;
				CLANG_ANALYZER_NONNULL = YES;
				CLANG_ANALYZER_NUMBER_OBJECT_CONVERSION = YES_AGGRESSIVE;
				CLANG_CXX_LANGUAGE_STANDARD = "gnu++20";
				CLANG_ENABLE_MODULES = YES;
				CLANG_ENABLE_OBJC_ARC = YES;
				CLANG_ENABLE_OBJC_WEAK = YES;
				CLANG_WARN_BLOCK_CAPTURE_AUTORELEASING = YES;
				CLANG_WARN_BOOL_CONVERSION = YES;
				CLANG_WARN_COMMA = YES;
				CLANG_WARN_CONSTANT_CONVERSION = YES;
				CLANG_WARN_DEPRECATED_OBJC_IMPLEMENTATIONS = YES;
				CLANG_WARN_DIRECT_OBJC_ISA_USAGE = YES_ERROR;
				CLANG_WARN_DOCUMENTATION_COMMENTS = YES;
				CLANG_WARN_EMPTY_BODY = YES;
				CLANG_WARN_ENUM_CONVERSION = YES;
				CLANG_WARN_INFINITE_RECURSION = YES;
				CLANG_WARN_INT_CONVERSION = YES;
				CLANG_WARN_NON_LITERAL_NULL_CONVERSION = YES;
				CLANG_WARN_OBJC_IMPLICIT_RETAIN_SELF = YES;
				CLANG_WARN_OBJC_LITERAL_CONVERSION = YES;
				CLANG_WARN_OBJC_ROOT_CLASS = YES_ERROR;
				CLANG_WARN_QUOTED_INCLUDE_IN_FRAMEWORK_HEADER = YES;
				CLANG_WARN_RANGE_LOOP_ANALYSIS = YES;
				CLANG_WARN_STRICT_PROTOTYPES = YES;
				CLANG_WARN_SUSPICIOUS_MOVE = YES;
				CLANG_WARN_UNGUARDED_AVAILABILITY = YES_AGGRESSIVE;
				CLANG_WARN_UNREACHABLE_CODE = YES;
				CLANG_WARN__DUPLICATE_METHOD_MATCH = YES;
				COPY_PHASE_STRIP = NO;
				DEBUG_INFORMATION_FORMAT = dwarf;
				ENABLE_STRICT_OBJC_MSGSEND = YES;
				ENABLE_TESTABILITY = YES;
				ENABLE_USER_SCRIPT_SANDBOXING = YES;
				GCC_C_LANGUAGE_STANDARD = gnu17;
				GCC_DYNAMIC_NO_PIC = NO;
				GCC_NO_COMMON_BLOCKS = YES;
				GCC_OPTIMIZATION_LEVEL = 0;
				GCC_PREPROCESSOR_DEFINITIONS = (
					"DEBUG=1",
					"$(inherited)",
				);
				GCC_WARN_64_TO_32_BIT_CONVERSION = YES;
				GCC_WARN_ABOUT_RETURN_TYPE = YES_ERROR;
				GCC_WARN_UNDECLARED_SELECTOR = YES;
				GCC_WARN_UNINITIALIZED_AUTOS = YES_AGGRESSIVE;
				GCC_WARN_UNUSED_FUNCTION = YES;
				GCC_WARN_UNUSED_VARIABLE = YES;
				LOCALIZATION_PREFERS_STRING_CATALOGS = YES;
				MTL_ENABLE_DEBUG_INFO = INCLUDE_SOURCE;
				MTL_FAST_MATH = YES;
				ONLY_ACTIVE_ARCH = YES;
				SWIFT_ACTIVE_COMPILATION_CONDITIONS = "DEBUG $(inherited)";
				SWIFT_OPTIMIZATION_LEVEL = "-Onone";
			};
			name = Debug;
		};
		52637CB12FFE84610081465F /* Release */ = {
			isa = XCBuildConfiguration;
			buildSettings = {
				ALWAYS_SEARCH_USER_PATHS = NO;
				ASSETCATALOG_COMPILER_GENERATE_SWIFT_ASSET_SYMBOL_EXTENSIONS = YES;
				CLANG_ANALYZER_NONNULL = YES;
				CLANG_ANALYZER_NUMBER_OBJECT_CONVERSION = YES_AGGRESSIVE;
				CLANG_CXX_LANGUAGE_STANDARD = "gnu++20";
				CLANG_ENABLE_MODULES = YES;
				CLANG_ENABLE_OBJC_ARC = YES;
				CLANG_ENABLE_OBJC_WEAK = YES;
				CLANG_WARN_BLOCK_CAPTURE_AUTORELEASING = YES;
				CLANG_WARN_BOOL_CONVERSION = YES;
				CLANG_WARN_COMMA = YES;
				CLANG_WARN_CONSTANT_CONVERSION = YES;
				CLANG_WARN_DEPRECATED_OBJC_IMPLEMENTATIONS = YES;
				CLANG_WARN_DIRECT_OBJC_ISA_USAGE = YES_ERROR;
				CLANG_WARN_DOCUMENTATION_COMMENTS = YES;
				CLANG_WARN_EMPTY_BODY = YES;
				CLANG_WARN_ENUM_CONVERSION = YES;
				CLANG_WARN_INFINITE_RECURSION = YES;
				CLANG_WARN_INT_CONVERSION = YES;
				CLANG_WARN_NON_LITERAL_NULL_CONVERSION = YES;
				CLANG_WARN_OBJC_IMPLICIT_RETAIN_SELF = YES;
				CLANG_WARN_OBJC_LITERAL_CONVERSION = YES;
				CLANG_WARN_OBJC_ROOT_CLASS = YES_ERROR;
				CLANG_WARN_QUOTED_INCLUDE_IN_FRAMEWORK_HEADER = YES;
				CLANG_WARN_RANGE_LOOP_ANALYSIS = YES;
				CLANG_WARN_STRICT_PROTOTYPES = YES;
				CLANG_WARN_SUSPICIOUS_MOVE = YES;
				CLANG_WARN_UNGUARDED_AVAILABILITY = YES_AGGRESSIVE;
				CLANG_WARN_UNREACHABLE_CODE = YES;
				CLANG_WARN__DUPLICATE_METHOD_MATCH = YES;
				COPY_PHASE_STRIP = NO;
				DEBUG_INFORMATION_FORMAT = "dwarf-with-dsym";
				ENABLE_NS_ASSERTIONS = NO;
				ENABLE_STRICT_OBJC_MSGSEND = YES;
				ENABLE_USER_SCRIPT_SANDBOXING = YES;
				GCC_C_LANGUAGE_STANDARD = gnu17;
				GCC_NO_COMMON_BLOCKS = YES;
				GCC_WARN_64_TO_32_BIT_CONVERSION = YES;
				GCC_WARN_ABOUT_RETURN_TYPE = YES_ERROR;
				GCC_WARN_UNDECLARED_SELECTOR = YES;
				GCC_WARN_UNINITIALIZED_AUTOS = YES_AGGRESSIVE;
				GCC_WARN_UNUSED_FUNCTION = YES;
				GCC_WARN_UNUSED_VARIABLE = YES;
				LOCALIZATION_PREFERS_STRING_CATALOGS = YES;
				MTL_ENABLE_DEBUG_INFO = NO;
				MTL_FAST_MATH = YES;
				SWIFT_COMPILATION_MODE = wholemodule;
			};
			name = Release;
		};
		52637CB32FFE84610081465F /* Debug */ = {
			isa = XCBuildConfiguration;
			buildSettings = {
				CODE_SIGN_STYLE = Automatic;
				CURRENT_PROJECT_VERSION = 1;
				GENERATE_INFOPLIST_FILE = YES;
				INFOPLIST_FILE = "iOS (Extension)/Info.plist";
				INFOPLIST_KEY_CFBundleDisplayName = "Vapor Tracker Extension";
				INFOPLIST_KEY_NSHumanReadableCopyright = "";
				IPHONEOS_DEPLOYMENT_TARGET = 15.0;
				LD_RUNPATH_SEARCH_PATHS = (
					"$(inherited)",
					"@executable_path/Frameworks",
					"@executable_path/../../Frameworks",
				);
				MARKETING_VERSION = 1.0;
				OTHER_LDFLAGS = (
					"-framework",
					SafariServices,
				);
				DEVELOPMENT_TEAM = 7UFLPXKQC2; PRODUCT_BUNDLE_IDENTIFIER = com.dguevara.VaporTracker.Extension;
				PRODUCT_NAME = "Vapor Tracker Extension";
				SDKROOT = iphoneos;
				SKIP_INSTALL = YES;
				STRING_CATALOG_GENERATE_SYMBOLS = YES;
				SWIFT_APPROACHABLE_CONCURRENCY = YES;
				SWIFT_EMIT_LOC_STRINGS = YES;
				SWIFT_UPCOMING_FEATURE_MEMBER_IMPORT_VISIBILITY = YES;
				SWIFT_VERSION = 5.0;
				TARGETED_DEVICE_FAMILY = "1,2";
			};
			name = Debug;
		};
		52637CB42FFE84610081465F /* Release */ = {
			isa = XCBuildConfiguration;
			buildSettings = {
				CODE_SIGN_STYLE = Automatic;
				CURRENT_PROJECT_VERSION = 1;
				GENERATE_INFOPLIST_FILE = YES;
				INFOPLIST_FILE = "iOS (Extension)/Info.plist";
				INFOPLIST_KEY_CFBundleDisplayName = "Vapor Tracker Extension";
				INFOPLIST_KEY_NSHumanReadableCopyright = "";
				IPHONEOS_DEPLOYMENT_TARGET = 15.0;
				LD_RUNPATH_SEARCH_PATHS = (
					"$(inherited)",
					"@executable_path/Frameworks",
					"@executable_path/../../Frameworks",
				);
				MARKETING_VERSION = 1.0;
				OTHER_LDFLAGS = (
					"-framework",
					SafariServices,
				);
				DEVELOPMENT_TEAM = 7UFLPXKQC2; PRODUCT_BUNDLE_IDENTIFIER = com.dguevara.VaporTracker.Extension;
				PRODUCT_NAME = "Vapor Tracker Extension";
				SDKROOT = iphoneos;
				SKIP_INSTALL = YES;
				STRING_CATALOG_GENERATE_SYMBOLS = YES;
				SWIFT_APPROACHABLE_CONCURRENCY = YES;
				SWIFT_EMIT_LOC_STRINGS = YES;
				SWIFT_UPCOMING_FEATURE_MEMBER_IMPORT_VISIBILITY = YES;
				SWIFT_VERSION = 5.0;
				TARGETED_DEVICE_FAMILY = "1,2";
				VALIDATE_PRODUCT = YES;
			};
			name = Release;
		};
		52637CB72FFE84610081465F /* Debug */ = {
			isa = XCBuildConfiguration;
			buildSettings = {
				ASSETCATALOG_COMPILER_APPICON_NAME = AppIcon;
				ASSETCATALOG_COMPILER_GLOBAL_ACCENT_COLOR_NAME = AccentColor;
				CODE_SIGN_STYLE = Automatic;
				CURRENT_PROJECT_VERSION = 1;
				GENERATE_INFOPLIST_FILE = YES;
				INFOPLIST_FILE = "iOS (App)/Info.plist";
				INFOPLIST_KEY_CFBundleDisplayName = "Vapor Tracker";
				INFOPLIST_KEY_UIApplicationSupportsIndirectInputEvents = YES;
				INFOPLIST_KEY_UILaunchStoryboardName = LaunchScreen;
				INFOPLIST_KEY_UIMainStoryboardFile = Main;
				INFOPLIST_KEY_UISupportedInterfaceOrientations = "UIInterfaceOrientationPortrait UIInterfaceOrientationLandscapeLeft UIInterfaceOrientationLandscapeRight";
				INFOPLIST_KEY_UISupportedInterfaceOrientations_iPad = "UIInterfaceOrientationPortrait UIInterfaceOrientationPortraitUpsideDown UIInterfaceOrientationLandscapeLeft UIInterfaceOrientationLandscapeRight";
				IPHONEOS_DEPLOYMENT_TARGET = 15.0;
				LD_RUNPATH_SEARCH_PATHS = (
					"$(inherited)",
					"@executable_path/Frameworks",
				);
				MARKETING_VERSION = 1.0;
				OTHER_LDFLAGS = (
					"-framework",
					SafariServices,
					"-framework",
					WebKit,
				);
				DEVELOPMENT_TEAM = 7UFLPXKQC2; PRODUCT_BUNDLE_IDENTIFIER = com.dguevara.VaporTracker;
				PRODUCT_NAME = "Vapor Tracker";
				SDKROOT = iphoneos;
				STRING_CATALOG_GENERATE_SYMBOLS = YES;
				SWIFT_APPROACHABLE_CONCURRENCY = YES;
				SWIFT_DEFAULT_ACTOR_ISOLATION = MainActor;
				SWIFT_EMIT_LOC_STRINGS = YES;
				SWIFT_UPCOMING_FEATURE_MEMBER_IMPORT_VISIBILITY = YES;
				SWIFT_VERSION = 5.0;
				TARGETED_DEVICE_FAMILY = "1,2";
			};
			name = Debug;
		};
		52637CB82FFE84610081465F /* Release */ = {
			isa = XCBuildConfiguration;
			buildSettings = {
				ASSETCATALOG_COMPILER_APPICON_NAME = AppIcon;
				ASSETCATALOG_COMPILER_GLOBAL_ACCENT_COLOR_NAME = AccentColor;
				CODE_SIGN_STYLE = Automatic;
				CURRENT_PROJECT_VERSION = 1;
				GENERATE_INFOPLIST_FILE = YES;
				INFOPLIST_FILE = "iOS (App)/Info.plist";
				INFOPLIST_KEY_CFBundleDisplayName = "Vapor Tracker";
				INFOPLIST_KEY_UIApplicationSupportsIndirectInputEvents = YES;
				INFOPLIST_KEY_UILaunchStoryboardName = LaunchScreen;
				INFOPLIST_KEY_UIMainStoryboardFile = Main;
				INFOPLIST_KEY_UISupportedInterfaceOrientations = "UIInterfaceOrientationPortrait UIInterfaceOrientationLandscapeLeft UIInterfaceOrientationLandscapeRight";
				INFOPLIST_KEY_UISupportedInterfaceOrientations_iPad = "UIInterfaceOrientationPortrait UIInterfaceOrientationPortraitUpsideDown UIInterfaceOrientationLandscapeLeft UIInterfaceOrientationLandscapeRight";
				IPHONEOS_DEPLOYMENT_TARGET = 15.0;
				LD_RUNPATH_SEARCH_PATHS = (
					"$(inherited)",
					"@executable_path/Frameworks",
				);
				MARKETING_VERSION = 1.0;
				OTHER_LDFLAGS = (
					"-framework",
					SafariServices,
					"-framework",
					WebKit,
				);
				DEVELOPMENT_TEAM = 7UFLPXKQC2; PRODUCT_BUNDLE_IDENTIFIER = com.dguevara.VaporTracker;
				PRODUCT_NAME = "Vapor Tracker";
				SDKROOT = iphoneos;
				STRING_CATALOG_GENERATE_SYMBOLS = YES;
				SWIFT_APPROACHABLE_CONCURRENCY = YES;
				SWIFT_DEFAULT_ACTOR_ISOLATION = MainActor;
				SWIFT_EMIT_LOC_STRINGS = YES;
				SWIFT_UPCOMING_FEATURE_MEMBER_IMPORT_VISIBILITY = YES;
				SWIFT_VERSION = 5.0;
				TARGETED_DEVICE_FAMILY = "1,2";
				VALIDATE_PRODUCT = YES;
			};
			name = Release;
		};
		52637CBA2FFE84610081465F /* Debug */ = {
			isa = XCBuildConfiguration;
			buildSettings = {
				CODE_SIGN_STYLE = Automatic;
				CURRENT_PROJECT_VERSION = 1;
				ENABLE_APP_SANDBOX = YES;
				ENABLE_HARDENED_RUNTIME = YES;
				ENABLE_USER_SELECTED_FILES = readonly;
				GENERATE_INFOPLIST_FILE = YES;
				INFOPLIST_FILE = "macOS (Extension)/Info.plist";
				INFOPLIST_KEY_CFBundleDisplayName = "Vapor Tracker Extension";
				INFOPLIST_KEY_NSHumanReadableCopyright = "";
				LD_RUNPATH_SEARCH_PATHS = (
					"$(inherited)",
					"@executable_path/../Frameworks",
					"@executable_path/../../../../Frameworks",
				);
				MACOSX_DEPLOYMENT_TARGET = 10.14;
				MARKETING_VERSION = 1.0;
				OTHER_LDFLAGS = (
					"-framework",
					SafariServices,
				);
				DEVELOPMENT_TEAM = 7UFLPXKQC2; PRODUCT_BUNDLE_IDENTIFIER = com.dguevara.VaporTracker.Extension;
				PRODUCT_NAME = "Vapor Tracker Extension";
				SDKROOT = macosx;
				SKIP_INSTALL = YES;
				STRING_CATALOG_GENERATE_SYMBOLS = YES;
				SWIFT_APPROACHABLE_CONCURRENCY = YES;
				SWIFT_EMIT_LOC_STRINGS = YES;
				SWIFT_UPCOMING_FEATURE_MEMBER_IMPORT_VISIBILITY = YES;
				SWIFT_VERSION = 5.0;
			};
			name = Debug;
		};
		52637CBB2FFE84610081465F /* Release */ = {
			isa = XCBuildConfiguration;
			buildSettings = {
				CODE_SIGN_STYLE = Automatic;
				CURRENT_PROJECT_VERSION = 1;
				ENABLE_APP_SANDBOX = YES;
				ENABLE_HARDENED_RUNTIME = YES;
				ENABLE_USER_SELECTED_FILES = readonly;
				GENERATE_INFOPLIST_FILE = YES;
				INFOPLIST_FILE = "macOS (Extension)/Info.plist";
				INFOPLIST_KEY_CFBundleDisplayName = "Vapor Tracker Extension";
				INFOPLIST_KEY_NSHumanReadableCopyright = "";
				LD_RUNPATH_SEARCH_PATHS = (
					"$(inherited)",
					"@executable_path/../Frameworks",
					"@executable_path/../../../../Frameworks",
				);
				MACOSX_DEPLOYMENT_TARGET = 10.14;
				MARKETING_VERSION = 1.0;
				OTHER_LDFLAGS = (
					"-framework",
					SafariServices,
				);
				DEVELOPMENT_TEAM = 7UFLPXKQC2; PRODUCT_BUNDLE_IDENTIFIER = com.dguevara.VaporTracker.Extension;
				PRODUCT_NAME = "Vapor Tracker Extension";
				SDKROOT = macosx;
				SKIP_INSTALL = YES;
				STRING_CATALOG_GENERATE_SYMBOLS = YES;
				SWIFT_APPROACHABLE_CONCURRENCY = YES;
				SWIFT_EMIT_LOC_STRINGS = YES;
				SWIFT_UPCOMING_FEATURE_MEMBER_IMPORT_VISIBILITY = YES;
				SWIFT_VERSION = 5.0;
			};
			name = Release;
		};
		52637CBE2FFE84610081465F /* Debug */ = {
			isa = XCBuildConfiguration;
			buildSettings = {
				ASSETCATALOG_COMPILER_APPICON_NAME = AppIcon;
				ASSETCATALOG_COMPILER_GLOBAL_ACCENT_COLOR_NAME = AccentColor;
				CODE_SIGN_STYLE = Automatic;
				CURRENT_PROJECT_VERSION = 1;
				ENABLE_APP_SANDBOX = YES;
				ENABLE_HARDENED_RUNTIME = YES;
				ENABLE_OUTGOING_NETWORK_CONNECTIONS = YES;
				ENABLE_USER_SELECTED_FILES = readonly;
				GENERATE_INFOPLIST_FILE = YES;
				INFOPLIST_FILE = "macOS (App)/Info.plist";
				INFOPLIST_KEY_CFBundleDisplayName = "Vapor Tracker";
				INFOPLIST_KEY_NSMainStoryboardFile = Main;
				INFOPLIST_KEY_NSPrincipalClass = NSApplication;
				LD_RUNPATH_SEARCH_PATHS = (
					"$(inherited)",
					"@executable_path/../Frameworks",
				);
				MACOSX_DEPLOYMENT_TARGET = 10.14;
				MARKETING_VERSION = 1.0;
				OTHER_LDFLAGS = (
					"-framework",
					SafariServices,
					"-framework",
					WebKit,
				);
				DEVELOPMENT_TEAM = 7UFLPXKQC2; PRODUCT_BUNDLE_IDENTIFIER = com.dguevara.VaporTracker;
				PRODUCT_NAME = "Vapor Tracker";
				REGISTER_APP_GROUPS = YES;
				SDKROOT = macosx;
				STRING_CATALOG_GENERATE_SYMBOLS = YES;
				SWIFT_APPROACHABLE_CONCURRENCY = YES;
				SWIFT_DEFAULT_ACTOR_ISOLATION = MainActor;
				SWIFT_EMIT_LOC_STRINGS = YES;
				SWIFT_UPCOMING_FEATURE_MEMBER_IMPORT_VISIBILITY = YES;
				SWIFT_VERSION = 5.0;
			};
			name = Debug;
		};
		52637CBF2FFE84610081465F /* Release */ = {
			isa = XCBuildConfiguration;
			buildSettings = {
				ASSETCATALOG_COMPILER_APPICON_NAME = AppIcon;
				ASSETCATALOG_COMPILER_GLOBAL_ACCENT_COLOR_NAME = AccentColor;
				CODE_SIGN_STYLE = Automatic;
				CURRENT_PROJECT_VERSION = 1;
				ENABLE_APP_SANDBOX = YES;
				ENABLE_HARDENED_RUNTIME = YES;
				ENABLE_OUTGOING_NETWORK_CONNECTIONS = YES;
				ENABLE_USER_SELECTED_FILES = readonly;
				GENERATE_INFOPLIST_FILE = YES;
				INFOPLIST_FILE = "macOS (App)/Info.plist";
				INFOPLIST_KEY_CFBundleDisplayName = "Vapor Tracker";
				INFOPLIST_KEY_NSMainStoryboardFile = Main;
				INFOPLIST_KEY_NSPrincipalClass = NSApplication;
				LD_RUNPATH_SEARCH_PATHS = (
					"$(inherited)",
					"@executable_path/../Frameworks",
				);
				MACOSX_DEPLOYMENT_TARGET = 10.14;
				MARKETING_VERSION = 1.0;
				OTHER_LDFLAGS = (
					"-framework",
					SafariServices,
					"-framework",
					WebKit,
				);
				DEVELOPMENT_TEAM = 7UFLPXKQC2; PRODUCT_BUNDLE_IDENTIFIER = com.dguevara.VaporTracker;
				PRODUCT_NAME = "Vapor Tracker";
				REGISTER_APP_GROUPS = YES;
				SDKROOT = macosx;
				STRING_CATALOG_GENERATE_SYMBOLS = YES;
				SWIFT_APPROACHABLE_CONCURRENCY = YES;
				SWIFT_DEFAULT_ACTOR_ISOLATION = MainActor;
				SWIFT_EMIT_LOC_STRINGS = YES;
				SWIFT_UPCOMING_FEATURE_MEMBER_IMPORT_VISIBILITY = YES;
				SWIFT_VERSION = 5.0;
			};
			name = Release;
		};
/* End XCBuildConfiguration section */

/* Begin XCConfigurationList section */
		52637C642FFE84600081465F /* Build configuration list for PBXProject "Vapor Tracker" */ = {
			isa = XCConfigurationList;
			buildConfigurations = (
				52637CB02FFE84610081465F /* Debug */,
				52637CB12FFE84610081465F /* Release */,
			);
			defaultConfigurationIsVisible = 0;
			defaultConfigurationName = Release;
		};
		52637CB22FFE84610081465F /* Build configuration list for PBXNativeTarget "Vapor Tracker Extension (iOS)" */ = {
			isa = XCConfigurationList;
			buildConfigurations = (
				52637CB32FFE84610081465F /* Debug */,
				52637CB42FFE84610081465F /* Release */,
			);
			defaultConfigurationIsVisible = 0;
			defaultConfigurationName = Release;
		};
		52637CB62FFE84610081465F /* Build configuration list for PBXNativeTarget "Vapor Tracker (iOS)" */ = {
			isa = XCConfigurationList;
			buildConfigurations = (
				52637CB72FFE84610081465F /* Debug */,
				52637CB82FFE84610081465F /* Release */,
			);
			defaultConfigurationIsVisible = 0;
			defaultConfigurationName = Release;
		};
		52637CB92FFE84610081465F /* Build configuration list for PBXNativeTarget "Vapor Tracker Extension (macOS)" */ = {
			isa = XCConfigurationList;
			buildConfigurations = (
				52637CBA2FFE84610081465F /* Debug */,
				52637CBB2FFE84610081465F /* Release */,
			);
			defaultConfigurationIsVisible = 0;
			defaultConfigurationName = Release;
		};
		52637CBD2FFE84610081465F /* Build configuration list for PBXNativeTarget "Vapor Tracker (macOS)" */ = {
			isa = XCConfigurationList;
			buildConfigurations = (
				52637CBE2FFE84610081465F /* Debug */,
				52637CBF2FFE84610081465F /* Release */,
			);
			defaultConfigurationIsVisible = 0;
			defaultConfigurationName = Release;
		};
/* End XCConfigurationList section */
	};
	rootObject = 52637C612FFE84600081465F /* Project object */;
}
