// !$*UTF8*$!
{
	archiveVersion = 1;
	classes = {
	};
	objectVersion = 77;
	objects = {

/* Begin PBXBuildFile section */
		52A57A562FFE87E10032E2AF /* AppDelegate.swift in Sources */ = {isa = PBXBuildFile; fileRef = 52A57A552FFE87E10032E2AF /* AppDelegate.swift */; };
		52A57A582FFE87E10032E2AF /* SceneDelegate.swift in Sources */ = {isa = PBXBuildFile; fileRef = 52A57A572FFE87E10032E2AF /* SceneDelegate.swift */; };
		52A57A5B2FFE87E10032E2AF /* LaunchScreen.storyboard in Resources */ = {isa = PBXBuildFile; fileRef = 52A57A592FFE87E10032E2AF /* LaunchScreen.storyboard */; };
		52A57A5E2FFE87E10032E2AF /* Main.storyboard in Resources */ = {isa = PBXBuildFile; fileRef = 52A57A5C2FFE87E10032E2AF /* Main.storyboard */; };
		52A57A672FFE87E10032E2AF /* AppDelegate.swift in Sources */ = {isa = PBXBuildFile; fileRef = 52A57A662FFE87E10032E2AF /* AppDelegate.swift */; };
		52A57A6A2FFE87E10032E2AF /* Main.storyboard in Resources */ = {isa = PBXBuildFile; fileRef = 52A57A682FFE87E10032E2AF /* Main.storyboard */; };
		52A57A712FFE87E10032E2AF /* Vapor Tracker Extension.appex in Embed Foundation Extensions */ = {isa = PBXBuildFile; fileRef = 52A57A702FFE87E10032E2AF /* Vapor Tracker Extension.appex */; settings = {ATTRIBUTES = (RemoveHeadersOnCopy, ); }; };
		52A57A7B2FFE87E10032E2AF /* Vapor Tracker Extension.appex in Embed Foundation Extensions */ = {isa = PBXBuildFile; fileRef = 52A57A7A2FFE87E10032E2AF /* Vapor Tracker Extension.appex */; settings = {ATTRIBUTES = (RemoveHeadersOnCopy, ); }; };
		52A57A802FFE87E10032E2AF /* Main.html in Resources */ = {isa = PBXBuildFile; fileRef = 52A57A452FFE87E00032E2AF /* Main.html */; };
		52A57A812FFE87E10032E2AF /* Main.html in Resources */ = {isa = PBXBuildFile; fileRef = 52A57A452FFE87E00032E2AF /* Main.html */; };
		52A57A822FFE87E10032E2AF /* Icon.png in Resources */ = {isa = PBXBuildFile; fileRef = 52A57A472FFE87E00032E2AF /* Icon.png */; };
		52A57A832FFE87E10032E2AF /* Icon.png in Resources */ = {isa = PBXBuildFile; fileRef = 52A57A472FFE87E00032E2AF /* Icon.png */; };
		52A57A842FFE87E10032E2AF /* Style.css in Resources */ = {isa = PBXBuildFile; fileRef = 52A57A482FFE87E00032E2AF /* Style.css */; };
		52A57A852FFE87E10032E2AF /* Style.css in Resources */ = {isa = PBXBuildFile; fileRef = 52A57A482FFE87E00032E2AF /* Style.css */; };
		52A57A862FFE87E10032E2AF /* Script.js in Resources */ = {isa = PBXBuildFile; fileRef = 52A57A492FFE87E00032E2AF /* Script.js */; };
		52A57A872FFE87E10032E2AF /* Script.js in Resources */ = {isa = PBXBuildFile; fileRef = 52A57A492FFE87E00032E2AF /* Script.js */; };
		52A57A882FFE87E10032E2AF /* ViewController.swift in Sources */ = {isa = PBXBuildFile; fileRef = 52A57A4A2FFE87E00032E2AF /* ViewController.swift */; };
		52A57A892FFE87E10032E2AF /* ViewController.swift in Sources */ = {isa = PBXBuildFile; fileRef = 52A57A4A2FFE87E00032E2AF /* ViewController.swift */; };
		52A57A8A2FFE87E10032E2AF /* Assets.xcassets in Resources */ = {isa = PBXBuildFile; fileRef = 52A57A4B2FFE87E10032E2AF /* Assets.xcassets */; };
		52A57A8B2FFE87E10032E2AF /* Assets.xcassets in Resources */ = {isa = PBXBuildFile; fileRef = 52A57A4B2FFE87E10032E2AF /* Assets.xcassets */; };
		52A57A8C2FFE87E10032E2AF /* SafariWebExtensionHandler.swift in Sources */ = {isa = PBXBuildFile; fileRef = 52A57A4D2FFE87E10032E2AF /* SafariWebExtensionHandler.swift */; };
		52A57A8D2FFE87E10032E2AF /* SafariWebExtensionHandler.swift in Sources */ = {isa = PBXBuildFile; fileRef = 52A57A4D2FFE87E10032E2AF /* SafariWebExtensionHandler.swift */; };
		52A57AA82FFE87E20032E2AF /* popup.js in Resources */ = {isa = PBXBuildFile; fileRef = 52A57A9F2FFE87E20032E2AF /* popup.js */; };
		52A57AA92FFE87E20032E2AF /* wishlist.js in Resources */ = {isa = PBXBuildFile; fileRef = 52A57AA02FFE87E20032E2AF /* wishlist.js */; };
		52A57AAA2FFE87E20032E2AF /* content.css in Resources */ = {isa = PBXBuildFile; fileRef = 52A57AA12FFE87E20032E2AF /* content.css */; };
		52A57AAB2FFE87E20032E2AF /* background.js in Resources */ = {isa = PBXBuildFile; fileRef = 52A57AA22FFE87E20032E2AF /* background.js */; };
		52A57AAC2FFE87E20032E2AF /* popup.html in Resources */ = {isa = PBXBuildFile; fileRef = 52A57AA32FFE87E20032E2AF /* popup.html */; };
		52A57AAD2FFE87E20032E2AF /* img in Resources */ = {isa = PBXBuildFile; fileRef = 52A57AA42FFE87E20032E2AF /* img */; };
		52A57AAE2FFE87E20032E2AF /* manifest.json in Resources */ = {isa = PBXBuildFile; fileRef = 52A57AA52FFE87E20032E2AF /* manifest.json */; };
		52A57AAF2FFE87E20032E2AF /* banner.js in Resources */ = {isa = PBXBuildFile; fileRef = 52A57AA62FFE87E20032E2AF /* banner.js */; };
		52A57AB02FFE87E20032E2AF /* content.js in Resources */ = {isa = PBXBuildFile; fileRef = 52A57AA72FFE87E20032E2AF /* content.js */; };
		52A57AB12FFE87E20032E2AF /* popup.js in Resources */ = {isa = PBXBuildFile; fileRef = 52A57A9F2FFE87E20032E2AF /* popup.js */; };
		52A57AB22FFE87E20032E2AF /* wishlist.js in Resources */ = {isa = PBXBuildFile; fileRef = 52A57AA02FFE87E20032E2AF /* wishlist.js */; };
		52A57AB32FFE87E20032E2AF /* content.css in Resources */ = {isa = PBXBuildFile; fileRef = 52A57AA12FFE87E20032E2AF /* content.css */; };
		52A57AB42FFE87E20032E2AF /* background.js in Resources */ = {isa = PBXBuildFile; fileRef = 52A57AA22FFE87E20032E2AF /* background.js */; };
		52A57AB52FFE87E20032E2AF /* popup.html in Resources */ = {isa = PBXBuildFile; fileRef = 52A57AA32FFE87E20032E2AF /* popup.html */; };
		52A57AB62FFE87E20032E2AF /* img in Resources */ = {isa = PBXBuildFile; fileRef = 52A57AA42FFE87E20032E2AF /* img */; };
		52A57AB72FFE87E20032E2AF /* manifest.json in Resources */ = {isa = PBXBuildFile; fileRef = 52A57AA52FFE87E20032E2AF /* manifest.json */; };
		52A57AB82FFE87E20032E2AF /* banner.js in Resources */ = {isa = PBXBuildFile; fileRef = 52A57AA62FFE87E20032E2AF /* banner.js */; };
		52A57AB92FFE87E20032E2AF /* content.js in Resources */ = {isa = PBXBuildFile; fileRef = 52A57AA72FFE87E20032E2AF /* content.js */; };
/* End PBXBuildFile section */

/* Begin PBXContainerItemProxy section */
		52A57A722FFE87E10032E2AF /* PBXContainerItemProxy */ = {
			isa = PBXContainerItemProxy;
			containerPortal = 52A57A3F2FFE87E00032E2AF /* Project object */;
			proxyType = 1;
			remoteGlobalIDString = 52A57A6F2FFE87E10032E2AF;
			remoteInfo = "Vapor Tracker Extension (iOS)";
		};
		52A57A7C2FFE87E10032E2AF /* PBXContainerItemProxy */ = {
			isa = PBXContainerItemProxy;
			containerPortal = 52A57A3F2FFE87E00032E2AF /* Project object */;
			proxyType = 1;
			remoteGlobalIDString = 52A57A792FFE87E10032E2AF;
			remoteInfo = "Vapor Tracker Extension (macOS)";
		};
/* End PBXContainerItemProxy section */

/* Begin PBXCopyFilesBuildPhase section */
		52A57A932FFE87E10032E2AF /* Embed Foundation Extensions */ = {
			isa = PBXCopyFilesBuildPhase;
			buildActionMask = 2147483647;
			dstPath = "";
			dstSubfolderSpec = 13;
			files = (
				52A57A712FFE87E10032E2AF /* Vapor Tracker Extension.appex in Embed Foundation Extensions */,
			);
			name = "Embed Foundation Extensions";
			runOnlyForDeploymentPostprocessing = 0;
		};
		52A57A9A2FFE87E10032E2AF /* Embed Foundation Extensions */ = {
			isa = PBXCopyFilesBuildPhase;
			buildActionMask = 2147483647;
			dstPath = "";
			dstSubfolderSpec = 13;
			files = (
				52A57A7B2FFE87E10032E2AF /* Vapor Tracker Extension.appex in Embed Foundation Extensions */,
			);
			name = "Embed Foundation Extensions";
			runOnlyForDeploymentPostprocessing = 0;
		};
/* End PBXCopyFilesBuildPhase section */

/* Begin PBXFileReference section */
		52A57A462FFE87E00032E2AF /* Base */ = {isa = PBXFileReference; lastKnownFileType = text.html; name = Base; path = Base.lproj/Main.html; sourceTree = "<group>"; };
		52A57A472FFE87E00032E2AF /* Icon.png */ = {isa = PBXFileReference; lastKnownFileType = image.png; path = Icon.png; sourceTree = "<group>"; };
		52A57A482FFE87E00032E2AF /* Style.css */ = {isa = PBXFileReference; lastKnownFileType = text.css; path = Style.css; sourceTree = "<group>"; };
		52A57A492FFE87E00032E2AF /* Script.js */ = {isa = PBXFileReference; lastKnownFileType = sourcecode.javascript; path = Script.js; sourceTree = "<group>"; };
		52A57A4A2FFE87E00032E2AF /* ViewController.swift */ = {isa = PBXFileReference; lastKnownFileType = sourcecode.swift; path = ViewController.swift; sourceTree = "<group>"; };
		52A57A4B2FFE87E10032E2AF /* Assets.xcassets */ = {isa = PBXFileReference; lastKnownFileType = folder.assetcatalog; path = Assets.xcassets; sourceTree = "<group>"; };
		52A57A4D2FFE87E10032E2AF /* SafariWebExtensionHandler.swift */ = {isa = PBXFileReference; lastKnownFileType = sourcecode.swift; path = SafariWebExtensionHandler.swift; sourceTree = "<group>"; };
		52A57A522FFE87E10032E2AF /* Vapor Tracker.app */ = {isa = PBXFileReference; explicitFileType = wrapper.application; includeInIndex = 0; path = "Vapor Tracker.app"; sourceTree = BUILT_PRODUCTS_DIR; };
		52A57A552FFE87E10032E2AF /* AppDelegate.swift */ = {isa = PBXFileReference; lastKnownFileType = sourcecode.swift; path = AppDelegate.swift; sourceTree = "<group>"; };
		52A57A572FFE87E10032E2AF /* SceneDelegate.swift */ = {isa = PBXFileReference; lastKnownFileType = sourcecode.swift; path = SceneDelegate.swift; sourceTree = "<group>"; };
		52A57A5A2FFE87E10032E2AF /* Base */ = {isa = PBXFileReference; lastKnownFileType = file.storyboard; name = Base; path = Base.lproj/LaunchScreen.storyboard; sourceTree = "<group>"; };
		52A57A5D2FFE87E10032E2AF /* Base */ = {isa = PBXFileReference; lastKnownFileType = file.storyboard; name = Base; path = Base.lproj/Main.storyboard; sourceTree = "<group>"; };
		52A57A5F2FFE87E10032E2AF /* Info.plist */ = {isa = PBXFileReference; lastKnownFileType = text.plist.xml; path = Info.plist; sourceTree = "<group>"; };
		52A57A642FFE87E10032E2AF /* Vapor Tracker.app */ = {isa = PBXFileReference; explicitFileType = wrapper.application; includeInIndex = 0; path = "Vapor Tracker.app"; sourceTree = BUILT_PRODUCTS_DIR; };
		52A57A662FFE87E10032E2AF /* AppDelegate.swift */ = {isa = PBXFileReference; lastKnownFileType = sourcecode.swift; path = AppDelegate.swift; sourceTree = "<group>"; };
		52A57A692FFE87E10032E2AF /* Base */ = {isa = PBXFileReference; lastKnownFileType = file.storyboard; name = Base; path = Base.lproj/Main.storyboard; sourceTree = "<group>"; };
		52A57A6B2FFE87E10032E2AF /* Info.plist */ = {isa = PBXFileReference; lastKnownFileType = text.plist.xml; path = Info.plist; sourceTree = "<group>"; };
		52A57A702FFE87E10032E2AF /* Vapor Tracker Extension.appex */ = {isa = PBXFileReference; explicitFileType = "wrapper.app-extension"; includeInIndex = 0; path = "Vapor Tracker Extension.appex"; sourceTree = BUILT_PRODUCTS_DIR; };
		52A57A752FFE87E10032E2AF /* Info.plist */ = {isa = PBXFileReference; lastKnownFileType = text.plist.xml; path = Info.plist; sourceTree = "<group>"; };
		52A57A7A2FFE87E10032E2AF /* Vapor Tracker Extension.appex */ = {isa = PBXFileReference; explicitFileType = "wrapper.app-extension"; includeInIndex = 0; path = "Vapor Tracker Extension.appex"; sourceTree = BUILT_PRODUCTS_DIR; };
		52A57A7F2FFE87E10032E2AF /* Info.plist */ = {isa = PBXFileReference; lastKnownFileType = text.plist.xml; path = Info.plist; sourceTree = "<group>"; };
		52A57A9F2FFE87E20032E2AF /* popup.js */ = {isa = PBXFileReference; lastKnownFileType = sourcecode.javascript; name = popup.js; path = Resources/popup.js; sourceTree = "<group>"; };
		52A57AA02FFE87E20032E2AF /* wishlist.js */ = {isa = PBXFileReference; lastKnownFileType = sourcecode.javascript; name = wishlist.js; path = Resources/wishlist.js; sourceTree = "<group>"; };
		52A57AA12FFE87E20032E2AF /* content.css */ = {isa = PBXFileReference; lastKnownFileType = text.css; name = content.css; path = Resources/content.css; sourceTree = "<group>"; };
		52A57AA22FFE87E20032E2AF /* background.js */ = {isa = PBXFileReference; lastKnownFileType = sourcecode.javascript; name = background.js; path = Resources/background.js; sourceTree = "<group>"; };
		52A57AA32FFE87E20032E2AF /* popup.html */ = {isa = PBXFileReference; lastKnownFileType = text.html; name = popup.html; path = Resources/popup.html; sourceTree = "<group>"; };
		52A57AA42FFE87E20032E2AF /* img */ = {isa = PBXFileReference; lastKnownFileType = folder; name = img; path = Resources/img; sourceTree = "<group>"; };
		52A57AA52FFE87E20032E2AF /* manifest.json */ = {isa = PBXFileReference; lastKnownFileType = text.json; name = manifest.json; path = Resources/manifest.json; sourceTree = "<group>"; };
		52A57AA62FFE87E20032E2AF /* banner.js */ = {isa = PBXFileReference; lastKnownFileType = sourcecode.javascript; name = banner.js; path = Resources/banner.js; sourceTree = "<group>"; };
		52A57AA72FFE87E20032E2AF /* content.js */ = {isa = PBXFileReference; lastKnownFileType = sourcecode.javascript; name = content.js; path = Resources/content.js; sourceTree = "<group>"; };
/* End PBXFileReference section */

/* Begin PBXFrameworksBuildPhase section */
		52A57A4F2FFE87E10032E2AF /* Frameworks */ = {
			isa = PBXFrameworksBuildPhase;
			buildActionMask = 2147483647;
			files = (
			);
			runOnlyForDeploymentPostprocessing = 0;
		};
		52A57A612FFE87E10032E2AF /* Frameworks */ = {
			isa = PBXFrameworksBuildPhase;
			buildActionMask = 2147483647;
			files = (
			);
			runOnlyForDeploymentPostprocessing = 0;
		};
		52A57A6D2FFE87E10032E2AF /* Frameworks */ = {
			isa = PBXFrameworksBuildPhase;
			buildActionMask = 2147483647;
			files = (
			);
			runOnlyForDeploymentPostprocessing = 0;
		};
		52A57A772FFE87E10032E2AF /* Frameworks */ = {
			isa = PBXFrameworksBuildPhase;
			buildActionMask = 2147483647;
			files = (
			);
			runOnlyForDeploymentPostprocessing = 0;
		};
/* End PBXFrameworksBuildPhase section */

/* Begin PBXGroup section */
		52A57A3E2FFE87E00032E2AF = {
			isa = PBXGroup;
			children = (
				52A57A432FFE87E00032E2AF /* Shared (App) */,
				52A57A4C2FFE87E10032E2AF /* Shared (Extension) */,
				52A57A542FFE87E10032E2AF /* iOS (App) */,
				52A57A652FFE87E10032E2AF /* macOS (App) */,
				52A57A742FFE87E10032E2AF /* iOS (Extension) */,
				52A57A7E2FFE87E10032E2AF /* macOS (Extension) */,
				52A57A532FFE87E10032E2AF /* Products */,
			);
			sourceTree = "<group>";
		};
		52A57A432FFE87E00032E2AF /* Shared (App) */ = {
			isa = PBXGroup;
			children = (
				52A57A4A2FFE87E00032E2AF /* ViewController.swift */,
				52A57A4B2FFE87E10032E2AF /* Assets.xcassets */,
				52A57A442FFE87E00032E2AF /* Resources */,
			);
			path = "Shared (App)";
			sourceTree = "<group>";
		};
		52A57A442FFE87E00032E2AF /* Resources */ = {
			isa = PBXGroup;
			children = (
				52A57A452FFE87E00032E2AF /* Main.html */,
				52A57A472FFE87E00032E2AF /* Icon.png */,
				52A57A482FFE87E00032E2AF /* Style.css */,
				52A57A492FFE87E00032E2AF /* Script.js */,
			);
			path = Resources;
			sourceTree = "<group>";
		};
		52A57A4C2FFE87E10032E2AF /* Shared (Extension) */ = {
			isa = PBXGroup;
			children = (
				52A57A9E2FFE87E20032E2AF /* Resources */,
				52A57A4D2FFE87E10032E2AF /* SafariWebExtensionHandler.swift */,
			);
			path = "Shared (Extension)";
			sourceTree = "<group>";
		};
		52A57A532FFE87E10032E2AF /* Products */ = {
			isa = PBXGroup;
			children = (
				52A57A522FFE87E10032E2AF /* Vapor Tracker.app */,
				52A57A642FFE87E10032E2AF /* Vapor Tracker.app */,
				52A57A702FFE87E10032E2AF /* Vapor Tracker Extension.appex */,
				52A57A7A2FFE87E10032E2AF /* Vapor Tracker Extension.appex */,
			);
			name = Products;
			sourceTree = "<group>";
		};
		52A57A542FFE87E10032E2AF /* iOS (App) */ = {
			isa = PBXGroup;
			children = (
				52A57A552FFE87E10032E2AF /* AppDelegate.swift */,
				52A57A572FFE87E10032E2AF /* SceneDelegate.swift */,
				52A57A592FFE87E10032E2AF /* LaunchScreen.storyboard */,
				52A57A5C2FFE87E10032E2AF /* Main.storyboard */,
				52A57A5F2FFE87E10032E2AF /* Info.plist */,
			);
			path = "iOS (App)";
			sourceTree = "<group>";
		};
		52A57A652FFE87E10032E2AF /* macOS (App) */ = {
			isa = PBXGroup;
			children = (
				52A57A662FFE87E10032E2AF /* AppDelegate.swift */,
				52A57A682FFE87E10032E2AF /* Main.storyboard */,
				52A57A6B2FFE87E10032E2AF /* Info.plist */,
			);
			path = "macOS (App)";
			sourceTree = "<group>";
		};
		52A57A742FFE87E10032E2AF /* iOS (Extension) */ = {
			isa = PBXGroup;
			children = (
				52A57A752FFE87E10032E2AF /* Info.plist */,
			);
			path = "iOS (Extension)";
			sourceTree = "<group>";
		};
		52A57A7E2FFE87E10032E2AF /* macOS (Extension) */ = {
			isa = PBXGroup;
			children = (
				52A57A7F2FFE87E10032E2AF /* Info.plist */,
			);
			path = "macOS (Extension)";
			sourceTree = "<group>";
		};
		52A57A9E2FFE87E20032E2AF /* Resources */ = {
			isa = PBXGroup;
			children = (
				52A57A9F2FFE87E20032E2AF /* popup.js */,
				52A57AA02FFE87E20032E2AF /* wishlist.js */,
				52A57AA12FFE87E20032E2AF /* content.css */,
				52A57AA22FFE87E20032E2AF /* background.js */,
				52A57AA32FFE87E20032E2AF /* popup.html */,
				52A57AA42FFE87E20032E2AF /* img */,
				52A57AA52FFE87E20032E2AF /* manifest.json */,
				52A57AA62FFE87E20032E2AF /* banner.js */,
				52A57AA72FFE87E20032E2AF /* content.js */,
			);
			name = Resources;
			path = "Shared (Extension)";
			sourceTree = SOURCE_ROOT;
		};
/* End PBXGroup section */

/* Begin PBXNativeTarget section */
		52A57A512FFE87E10032E2AF /* Vapor Tracker (iOS) */ = {
			isa = PBXNativeTarget;
			buildConfigurationList = 52A57A942FFE87E10032E2AF /* Build configuration list for PBXNativeTarget "Vapor Tracker (iOS)" */;
			buildPhases = (
				52A57A4E2FFE87E10032E2AF /* Sources */,
				52A57A4F2FFE87E10032E2AF /* Frameworks */,
				52A57A502FFE87E10032E2AF /* Resources */,
				52A57A932FFE87E10032E2AF /* Embed Foundation Extensions */,
			);
			buildRules = (
			);
			dependencies = (
				52A57A732FFE87E10032E2AF /* PBXTargetDependency */,
			);
			name = "Vapor Tracker (iOS)";
			packageProductDependencies = (
			);
			productName = "Vapor Tracker (iOS)";
			productReference = 52A57A522FFE87E10032E2AF /* Vapor Tracker.app */;
			productType = "com.apple.product-type.application";
		};
		52A57A632FFE87E10032E2AF /* Vapor Tracker (macOS) */ = {
			isa = PBXNativeTarget;
			buildConfigurationList = 52A57A9B2FFE87E10032E2AF /* Build configuration list for PBXNativeTarget "Vapor Tracker (macOS)" */;
			buildPhases = (
				52A57A602FFE87E10032E2AF /* Sources */,
				52A57A612FFE87E10032E2AF /* Frameworks */,
				52A57A622FFE87E10032E2AF /* Resources */,
				52A57A9A2FFE87E10032E2AF /* Embed Foundation Extensions */,
			);
			buildRules = (
			);
			dependencies = (
				52A57A7D2FFE87E10032E2AF /* PBXTargetDependency */,
			);
			name = "Vapor Tracker (macOS)";
			packageProductDependencies = (
			);
			productName = "Vapor Tracker (macOS)";
			productReference = 52A57A642FFE87E10032E2AF /* Vapor Tracker.app */;
			productType = "com.apple.product-type.application";
		};
		52A57A6F2FFE87E10032E2AF /* Vapor Tracker Extension (iOS) */ = {
			isa = PBXNativeTarget;
			buildConfigurationList = 52A57A902FFE87E10032E2AF /* Build configuration list for PBXNativeTarget "Vapor Tracker Extension (iOS)" */;
			buildPhases = (
				52A57A6C2FFE87E10032E2AF /* Sources */,
				52A57A6D2FFE87E10032E2AF /* Frameworks */,
				52A57A6E2FFE87E10032E2AF /* Resources */,
			);
			buildRules = (
			);
			dependencies = (
			);
			name = "Vapor Tracker Extension (iOS)";
			packageProductDependencies = (
			);
			productName = "Vapor Tracker Extension (iOS)";
			productReference = 52A57A702FFE87E10032E2AF /* Vapor Tracker Extension.appex */;
			productType = "com.apple.product-type.app-extension";
		};
		52A57A792FFE87E10032E2AF /* Vapor Tracker Extension (macOS) */ = {
			isa = PBXNativeTarget;
			buildConfigurationList = 52A57A972FFE87E10032E2AF /* Build configuration list for PBXNativeTarget "Vapor Tracker Extension (macOS)" */;
			buildPhases = (
				52A57A762FFE87E10032E2AF /* Sources */,
				52A57A772FFE87E10032E2AF /* Frameworks */,
				52A57A782FFE87E10032E2AF /* Resources */,
			);
			buildRules = (
			);
			dependencies = (
			);
			name = "Vapor Tracker Extension (macOS)";
			packageProductDependencies = (
			);
			productName = "Vapor Tracker Extension (macOS)";
			productReference = 52A57A7A2FFE87E10032E2AF /* Vapor Tracker Extension.appex */;
			productType = "com.apple.product-type.app-extension";
		};
/* End PBXNativeTarget section */

/* Begin PBXProject section */
		52A57A3F2FFE87E00032E2AF /* Project object */ = {
			isa = PBXProject;
			attributes = {
				BuildIndependentTargetsInParallel = 1;
				LastSwiftUpdateCheck = 2660;
				LastUpgradeCheck = 2660;
				TargetAttributes = {
					52A57A512FFE87E10032E2AF = {
						CreatedOnToolsVersion = 26.6;
					};
					52A57A632FFE87E10032E2AF = {
						CreatedOnToolsVersion = 26.6;
					};
					52A57A6F2FFE87E10032E2AF = {
						CreatedOnToolsVersion = 26.6;
					};
					52A57A792FFE87E10032E2AF = {
						CreatedOnToolsVersion = 26.6;
					};
				};
			};
			buildConfigurationList = 52A57A422FFE87E00032E2AF /* Build configuration list for PBXProject "Vapor Tracker" */;
			developmentRegion = en;
			hasScannedForEncodings = 0;
			knownRegions = (
				en,
				Base,
			);
			mainGroup = 52A57A3E2FFE87E00032E2AF;
			minimizedProjectReferenceProxies = 1;
			preferredProjectObjectVersion = 77;
			productRefGroup = 52A57A532FFE87E10032E2AF /* Products */;
			projectDirPath = "";
			projectRoot = "";
			targets = (
				52A57A512FFE87E10032E2AF /* Vapor Tracker (iOS) */,
				52A57A632FFE87E10032E2AF /* Vapor Tracker (macOS) */,
				52A57A6F2FFE87E10032E2AF /* Vapor Tracker Extension (iOS) */,
				52A57A792FFE87E10032E2AF /* Vapor Tracker Extension (macOS) */,
			);
		};
/* End PBXProject section */

/* Begin PBXResourcesBuildPhase section */
		52A57A502FFE87E10032E2AF /* Resources */ = {
			isa = PBXResourcesBuildPhase;
			buildActionMask = 2147483647;
			files = (
				52A57A822FFE87E10032E2AF /* Icon.png in Resources */,
				52A57A5B2FFE87E10032E2AF /* LaunchScreen.storyboard in Resources */,
				52A57A802FFE87E10032E2AF /* Main.html in Resources */,
				52A57A862FFE87E10032E2AF /* Script.js in Resources */,
				52A57A8A2FFE87E10032E2AF /* Assets.xcassets in Resources */,
				52A57A5E2FFE87E10032E2AF /* Main.storyboard in Resources */,
				52A57A842FFE87E10032E2AF /* Style.css in Resources */,
			);
			runOnlyForDeploymentPostprocessing = 0;
		};
		52A57A622FFE87E10032E2AF /* Resources */ = {
			isa = PBXResourcesBuildPhase;
			buildActionMask = 2147483647;
			files = (
				52A57A832FFE87E10032E2AF /* Icon.png in Resources */,
				52A57A852FFE87E10032E2AF /* Style.css in Resources */,
				52A57A6A2FFE87E10032E2AF /* Main.storyboard in Resources */,
				52A57A872FFE87E10032E2AF /* Script.js in Resources */,
				52A57A8B2FFE87E10032E2AF /* Assets.xcassets in Resources */,
				52A57A812FFE87E10032E2AF /* Main.html in Resources */,
			);
			runOnlyForDeploymentPostprocessing = 0;
		};
		52A57A6E2FFE87E10032E2AF /* Resources */ = {
			isa = PBXResourcesBuildPhase;
			buildActionMask = 2147483647;
			files = (
				52A57AB62FFE87E20032E2AF /* img in Resources */,
				52A57AB72FFE87E20032E2AF /* manifest.json in Resources */,
				52A57AB82FFE87E20032E2AF /* banner.js in Resources */,
				52A57AB42FFE87E20032E2AF /* background.js in Resources */,
				52A57AB52FFE87E20032E2AF /* popup.html in Resources */,
				52A57AB32FFE87E20032E2AF /* content.css in Resources */,
				52A57AB92FFE87E20032E2AF /* content.js in Resources */,
				52A57AB12FFE87E20032E2AF /* popup.js in Resources */,
				52A57AB22FFE87E20032E2AF /* wishlist.js in Resources */,
			);
			runOnlyForDeploymentPostprocessing = 0;
		};
		52A57A782FFE87E10032E2AF /* Resources */ = {
			isa = PBXResourcesBuildPhase;
			buildActionMask = 2147483647;
			files = (
				52A57AAD2FFE87E20032E2AF /* img in Resources */,
				52A57AAE2FFE87E20032E2AF /* manifest.json in Resources */,
				52A57AAF2FFE87E20032E2AF /* banner.js in Resources */,
				52A57AAB2FFE87E20032E2AF /* background.js in Resources */,
				52A57AAC2FFE87E20032E2AF /* popup.html in Resources */,
				52A57AAA2FFE87E20032E2AF /* content.css in Resources */,
				52A57AB02FFE87E20032E2AF /* content.js in Resources */,
				52A57AA82FFE87E20032E2AF /* popup.js in Resources */,
				52A57AA92FFE87E20032E2AF /* wishlist.js in Resources */,
			);
			runOnlyForDeploymentPostprocessing = 0;
		};
/* End PBXResourcesBuildPhase section */

/* Begin PBXSourcesBuildPhase section */
		52A57A4E2FFE87E10032E2AF /* Sources */ = {
			isa = PBXSourcesBuildPhase;
			buildActionMask = 2147483647;
			files = (
				52A57A882FFE87E10032E2AF /* ViewController.swift in Sources */,
				52A57A562FFE87E10032E2AF /* AppDelegate.swift in Sources */,
				52A57A582FFE87E10032E2AF /* SceneDelegate.swift in Sources */,
			);
			runOnlyForDeploymentPostprocessing = 0;
		};
		52A57A602FFE87E10032E2AF /* Sources */ = {
			isa = PBXSourcesBuildPhase;
			buildActionMask = 2147483647;
			files = (
				52A57A892FFE87E10032E2AF /* ViewController.swift in Sources */,
				52A57A672FFE87E10032E2AF /* AppDelegate.swift in Sources */,
			);
			runOnlyForDeploymentPostprocessing = 0;
		};
		52A57A6C2FFE87E10032E2AF /* Sources */ = {
			isa = PBXSourcesBuildPhase;
			buildActionMask = 2147483647;
			files = (
				52A57A8C2FFE87E10032E2AF /* SafariWebExtensionHandler.swift in Sources */,
			);
			runOnlyForDeploymentPostprocessing = 0;
		};
		52A57A762FFE87E10032E2AF /* Sources */ = {
			isa = PBXSourcesBuildPhase;
			buildActionMask = 2147483647;
			files = (
				52A57A8D2FFE87E10032E2AF /* SafariWebExtensionHandler.swift in Sources */,
			);
			runOnlyForDeploymentPostprocessing = 0;
		};
/* End PBXSourcesBuildPhase section */

/* Begin PBXTargetDependency section */
		52A57A732FFE87E10032E2AF /* PBXTargetDependency */ = {
			isa = PBXTargetDependency;
			target = 52A57A6F2FFE87E10032E2AF /* Vapor Tracker Extension (iOS) */;
			targetProxy = 52A57A722FFE87E10032E2AF /* PBXContainerItemProxy */;
		};
		52A57A7D2FFE87E10032E2AF /* PBXTargetDependency */ = {
			isa = PBXTargetDependency;
			target = 52A57A792FFE87E10032E2AF /* Vapor Tracker Extension (macOS) */;
			targetProxy = 52A57A7C2FFE87E10032E2AF /* PBXContainerItemProxy */;
		};
/* End PBXTargetDependency section */

/* Begin PBXVariantGroup section */
		52A57A452FFE87E00032E2AF /* Main.html */ = {
			isa = PBXVariantGroup;
			children = (
				52A57A462FFE87E00032E2AF /* Base */,
			);
			name = Main.html;
			sourceTree = "<group>";
		};
		52A57A592FFE87E10032E2AF /* LaunchScreen.storyboard */ = {
			isa = PBXVariantGroup;
			children = (
				52A57A5A2FFE87E10032E2AF /* Base */,
			);
			name = LaunchScreen.storyboard;
			sourceTree = "<group>";
		};
		52A57A5C2FFE87E10032E2AF /* Main.storyboard */ = {
			isa = PBXVariantGroup;
			children = (
				52A57A5D2FFE87E10032E2AF /* Base */,
			);
			name = Main.storyboard;
			sourceTree = "<group>";
		};
		52A57A682FFE87E10032E2AF /* Main.storyboard */ = {
			isa = PBXVariantGroup;
			children = (
				52A57A692FFE87E10032E2AF /* Base */,
			);
			name = Main.storyboard;
			sourceTree = "<group>";
		};
/* End PBXVariantGroup section */

/* Begin XCBuildConfiguration section */
		52A57A8E2FFE87E10032E2AF /* Debug */ = {
			isa = XCBuildConfiguration;
			buildSettings = {
				ALWAYS_SEARCH_USER_PATHS = NO;
				ASSETCATALOG_COMPILER_GENERATE_SWIFT_ASSET_SYMBOL_EXTENSIONS = YES;
				CLANG_ANALYZER_NONNULL = YES;
				CLANG_ANALYZER_NUMBER_OBJECT_CONVERSION = YES_AGGRESSIVE;
				CLANG_CXX_LANGUAGE_STANDARD = "gnu++20";
				CLANG_ENABLE_MODULES = YES;
				CLANG_ENABLE_OBJC_ARC = YES;
				CLANG_ENABLE_OBJC_WEAK = YES;
				CLANG_WARN_BLOCK_CAPTURE_AUTORELEASING = YES;
				CLANG_WARN_BOOL_CONVERSION = YES;
				CLANG_WARN_COMMA = YES;
				CLANG_WARN_CONSTANT_CONVERSION = YES;
				CLANG_WARN_DEPRECATED_OBJC_IMPLEMENTATIONS = YES;
				CLANG_WARN_DIRECT_OBJC_ISA_USAGE = YES_ERROR;
				CLANG_WARN_DOCUMENTATION_COMMENTS = YES;
				CLANG_WARN_EMPTY_BODY = YES;
				CLANG_WARN_ENUM_CONVERSION = YES;
				CLANG_WARN_INFINITE_RECURSION = YES;
				CLANG_WARN_INT_CONVERSION = YES;
				CLANG_WARN_NON_LITERAL_NULL_CONVERSION = YES;
				CLANG_WARN_OBJC_IMPLICIT_RETAIN_SELF = YES;
				CLANG_WARN_OBJC_LITERAL_CONVERSION = YES;
				CLANG_WARN_OBJC_ROOT_CLASS = YES_ERROR;
				CLANG_WARN_QUOTED_INCLUDE_IN_FRAMEWORK_HEADER = YES;
				CLANG_WARN_RANGE_LOOP_ANALYSIS = YES;
				CLANG_WARN_STRICT_PROTOTYPES = YES;
				CLANG_WARN_SUSPICIOUS_MOVE = YES;
				CLANG_WARN_UNGUARDED_AVAILABILITY = YES_AGGRESSIVE;
				CLANG_WARN_UNREACHABLE_CODE = YES;
				CLANG_WARN__DUPLICATE_METHOD_MATCH = YES;
				COPY_PHASE_STRIP = NO;
				DEBUG_INFORMATION_FORMAT = dwarf;
				ENABLE_STRICT_OBJC_MSGSEND = YES;
				ENABLE_TESTABILITY = YES;
				ENABLE_USER_SCRIPT_SANDBOXING = YES;
				GCC_C_LANGUAGE_STANDARD = gnu17;
				GCC_DYNAMIC_NO_PIC = NO;
				GCC_NO_COMMON_BLOCKS = YES;
				GCC_OPTIMIZATION_LEVEL = 0;
				GCC_PREPROCESSOR_DEFINITIONS = (
					"DEBUG=1",
					"$(inherited)",
				);
				GCC_WARN_64_TO_32_BIT_CONVERSION = YES;
				GCC_WARN_ABOUT_RETURN_TYPE = YES_ERROR;
				GCC_WARN_UNDECLARED_SELECTOR = YES;
				GCC_WARN_UNINITIALIZED_AUTOS = YES_AGGRESSIVE;
				GCC_WARN_UNUSED_FUNCTION = YES;
				GCC_WARN_UNUSED_VARIABLE = YES;
				LOCALIZATION_PREFERS_STRING_CATALOGS = YES;
				MTL_ENABLE_DEBUG_INFO = INCLUDE_SOURCE;
				MTL_FAST_MATH = YES;
				ONLY_ACTIVE_ARCH = YES;
				SWIFT_ACTIVE_COMPILATION_CONDITIONS = "DEBUG $(inherited)";
				SWIFT_OPTIMIZATION_LEVEL = "-Onone";
			};
			name = Debug;
		};
		52A57A8F2FFE87E10032E2AF /* Release */ = {
			isa = XCBuildConfiguration;
			buildSettings = {
				ALWAYS_SEARCH_USER_PATHS = NO;
				ASSETCATALOG_COMPILER_GENERATE_SWIFT_ASSET_SYMBOL_EXTENSIONS = YES;
				CLANG_ANALYZER_NONNULL = YES;
				CLANG_ANALYZER_NUMBER_OBJECT_CONVERSION = YES_AGGRESSIVE;
				CLANG_CXX_LANGUAGE_STANDARD = "gnu++20";
				CLANG_ENABLE_MODULES = YES;
				CLANG_ENABLE_OBJC_ARC = YES;
				CLANG_ENABLE_OBJC_WEAK = YES;
				CLANG_WARN_BLOCK_CAPTURE_AUTORELEASING = YES;
				CLANG_WARN_BOOL_CONVERSION = YES;
				CLANG_WARN_COMMA = YES;
				CLANG_WARN_CONSTANT_CONVERSION = YES;
				CLANG_WARN_DEPRECATED_OBJC_IMPLEMENTATIONS = YES;
				CLANG_WARN_DIRECT_OBJC_ISA_USAGE = YES_ERROR;
				CLANG_WARN_DOCUMENTATION_COMMENTS = YES;
				CLANG_WARN_EMPTY_BODY = YES;
				CLANG_WARN_ENUM_CONVERSION = YES;
				CLANG_WARN_INFINITE_RECURSION = YES;
				CLANG_WARN_INT_CONVERSION = YES;
				CLANG_WARN_NON_LITERAL_NULL_CONVERSION = YES;
				CLANG_WARN_OBJC_IMPLICIT_RETAIN_SELF = YES;
				CLANG_WARN_OBJC_LITERAL_CONVERSION = YES;
				CLANG_WARN_OBJC_ROOT_CLASS = YES_ERROR;
				CLANG_WARN_QUOTED_INCLUDE_IN_FRAMEWORK_HEADER = YES;
				CLANG_WARN_RANGE_LOOP_ANALYSIS = YES;
				CLANG_WARN_STRICT_PROTOTYPES = YES;
				CLANG_WARN_SUSPICIOUS_MOVE = YES;
				CLANG_WARN_UNGUARDED_AVAILABILITY = YES_AGGRESSIVE;
				CLANG_WARN_UNREACHABLE_CODE = YES;
				CLANG_WARN__DUPLICATE_METHOD_MATCH = YES;
				COPY_PHASE_STRIP = NO;
				DEBUG_INFORMATION_FORMAT = "dwarf-with-dsym";
				ENABLE_NS_ASSERTIONS = NO;
				ENABLE_STRICT_OBJC_MSGSEND = YES;
				ENABLE_USER_SCRIPT_SANDBOXING = YES;
				GCC_C_LANGUAGE_STANDARD = gnu17;
				GCC_NO_COMMON_BLOCKS = YES;
				GCC_WARN_64_TO_32_BIT_CONVERSION = YES;
				GCC_WARN_ABOUT_RETURN_TYPE = YES_ERROR;
				GCC_WARN_UNDECLARED_SELECTOR = YES;
				GCC_WARN_UNINITIALIZED_AUTOS = YES_AGGRESSIVE;
				GCC_WARN_UNUSED_FUNCTION = YES;
				GCC_WARN_UNUSED_VARIABLE = YES;
				LOCALIZATION_PREFERS_STRING_CATALOGS = YES;
				MTL_ENABLE_DEBUG_INFO = NO;
				MTL_FAST_MATH = YES;
				SWIFT_COMPILATION_MODE = wholemodule;
			};
			name = Release;
		};
		52A57A912FFE87E10032E2AF /* Debug */ = {
			isa = XCBuildConfiguration;
			buildSettings = {
				CODE_SIGN_STYLE = Automatic;
				CURRENT_PROJECT_VERSION = 1;
				GENERATE_INFOPLIST_FILE = YES;
				INFOPLIST_FILE = "iOS (Extension)/Info.plist";
				INFOPLIST_KEY_CFBundleDisplayName = "Vapor Tracker Extension";
				INFOPLIST_KEY_NSHumanReadableCopyright = "";
				IPHONEOS_DEPLOYMENT_TARGET = 15.0;
				LD_RUNPATH_SEARCH_PATHS = (
					"$(inherited)",
					"@executable_path/Frameworks",
					"@executable_path/../../Frameworks",
				);
				MARKETING_VERSION = 1.0;
				OTHER_LDFLAGS = (
					"-framework",
					SafariServices,
				);
				DEVELOPMENT_TEAM = 7UFLPXKQC2; PRODUCT_BUNDLE_IDENTIFIER = com.dguevara.VaporTracker.Extension;
				PRODUCT_NAME = "Vapor Tracker Extension";
				SDKROOT = iphoneos;
				SKIP_INSTALL = YES;
				STRING_CATALOG_GENERATE_SYMBOLS = YES;
				SWIFT_APPROACHABLE_CONCURRENCY = YES;
				SWIFT_EMIT_LOC_STRINGS = YES;
				SWIFT_UPCOMING_FEATURE_MEMBER_IMPORT_VISIBILITY = YES;
				SWIFT_VERSION = 5.0;
				TARGETED_DEVICE_FAMILY = "1,2";
			};
			name = Debug;
		};
		52A57A922FFE87E10032E2AF /* Release */ = {
			isa = XCBuildConfiguration;
			buildSettings = {
				CODE_SIGN_STYLE = Automatic;
				CURRENT_PROJECT_VERSION = 1;
				GENERATE_INFOPLIST_FILE = YES;
				INFOPLIST_FILE = "iOS (Extension)/Info.plist";
				INFOPLIST_KEY_CFBundleDisplayName = "Vapor Tracker Extension";
				INFOPLIST_KEY_NSHumanReadableCopyright = "";
				IPHONEOS_DEPLOYMENT_TARGET = 15.0;
				LD_RUNPATH_SEARCH_PATHS = (
					"$(inherited)",
					"@executable_path/Frameworks",
					"@executable_path/../../Frameworks",
				);
				MARKETING_VERSION = 1.0;
				OTHER_LDFLAGS = (
					"-framework",
					SafariServices,
				);
				DEVELOPMENT_TEAM = 7UFLPXKQC2; PRODUCT_BUNDLE_IDENTIFIER = com.dguevara.VaporTracker.Extension;
				PRODUCT_NAME = "Vapor Tracker Extension";
				SDKROOT = iphoneos;
				SKIP_INSTALL = YES;
				STRING_CATALOG_GENERATE_SYMBOLS = YES;
				SWIFT_APPROACHABLE_CONCURRENCY = YES;
				SWIFT_EMIT_LOC_STRINGS = YES;
				SWIFT_UPCOMING_FEATURE_MEMBER_IMPORT_VISIBILITY = YES;
				SWIFT_VERSION = 5.0;
				TARGETED_DEVICE_FAMILY = "1,2";
				VALIDATE_PRODUCT = YES;
			};
			name = Release;
		};
		52A57A952FFE87E10032E2AF /* Debug */ = {
			isa = XCBuildConfiguration;
			buildSettings = {
				ASSETCATALOG_COMPILER_APPICON_NAME = AppIcon;
				ASSETCATALOG_COMPILER_GLOBAL_ACCENT_COLOR_NAME = AccentColor;
				CODE_SIGN_STYLE = Automatic;
				CURRENT_PROJECT_VERSION = 1;
				GENERATE_INFOPLIST_FILE = YES;
				INFOPLIST_FILE = "iOS (App)/Info.plist";
				INFOPLIST_KEY_CFBundleDisplayName = "Vapor Tracker";
				INFOPLIST_KEY_UIApplicationSupportsIndirectInputEvents = YES;
				INFOPLIST_KEY_UILaunchStoryboardName = LaunchScreen;
				INFOPLIST_KEY_UIMainStoryboardFile = Main;
				INFOPLIST_KEY_UISupportedInterfaceOrientations = "UIInterfaceOrientationPortrait UIInterfaceOrientationLandscapeLeft UIInterfaceOrientationLandscapeRight";
				INFOPLIST_KEY_UISupportedInterfaceOrientations_iPad = "UIInterfaceOrientationPortrait UIInterfaceOrientationPortraitUpsideDown UIInterfaceOrientationLandscapeLeft UIInterfaceOrientationLandscapeRight";
				IPHONEOS_DEPLOYMENT_TARGET = 15.0;
				LD_RUNPATH_SEARCH_PATHS = (
					"$(inherited)",
					"@executable_path/Frameworks",
				);
				MARKETING_VERSION = 1.0;
				OTHER_LDFLAGS = (
					"-framework",
					SafariServices,
					"-framework",
					WebKit,
				);
				DEVELOPMENT_TEAM = 7UFLPXKQC2; PRODUCT_BUNDLE_IDENTIFIER = com.dguevara.VaporTracker;
				PRODUCT_NAME = "Vapor Tracker";
				SDKROOT = iphoneos;
				STRING_CATALOG_GENERATE_SYMBOLS = YES;
				SWIFT_APPROACHABLE_CONCURRENCY = YES;
				SWIFT_DEFAULT_ACTOR_ISOLATION = MainActor;
				SWIFT_EMIT_LOC_STRINGS = YES;
				SWIFT_UPCOMING_FEATURE_MEMBER_IMPORT_VISIBILITY = YES;
				SWIFT_VERSION = 5.0;
				TARGETED_DEVICE_FAMILY = "1,2";
			};
			name = Debug;
		};
		52A57A962FFE87E10032E2AF /* Release */ = {
			isa = XCBuildConfiguration;
			buildSettings = {
				ASSETCATALOG_COMPILER_APPICON_NAME = AppIcon;
				ASSETCATALOG_COMPILER_GLOBAL_ACCENT_COLOR_NAME = AccentColor;
				CODE_SIGN_STYLE = Automatic;
				CURRENT_PROJECT_VERSION = 1;
				GENERATE_INFOPLIST_FILE = YES;
				INFOPLIST_FILE = "iOS (App)/Info.plist";
				INFOPLIST_KEY_CFBundleDisplayName = "Vapor Tracker";
				INFOPLIST_KEY_UIApplicationSupportsIndirectInputEvents = YES;
				INFOPLIST_KEY_UILaunchStoryboardName = LaunchScreen;
				INFOPLIST_KEY_UIMainStoryboardFile = Main;
				INFOPLIST_KEY_UISupportedInterfaceOrientations = "UIInterfaceOrientationPortrait UIInterfaceOrientationLandscapeLeft UIInterfaceOrientationLandscapeRight";
				INFOPLIST_KEY_UISupportedInterfaceOrientations_iPad = "UIInterfaceOrientationPortrait UIInterfaceOrientationPortraitUpsideDown UIInterfaceOrientationLandscapeLeft UIInterfaceOrientationLandscapeRight";
				IPHONEOS_DEPLOYMENT_TARGET = 15.0;
				LD_RUNPATH_SEARCH_PATHS = (
					"$(inherited)",
					"@executable_path/Frameworks",
				);
				MARKETING_VERSION = 1.0;
				OTHER_LDFLAGS = (
					"-framework",
					SafariServices,
					"-framework",
					WebKit,
				);
				DEVELOPMENT_TEAM = 7UFLPXKQC2; PRODUCT_BUNDLE_IDENTIFIER = com.dguevara.VaporTracker;
				PRODUCT_NAME = "Vapor Tracker";
				SDKROOT = iphoneos;
				STRING_CATALOG_GENERATE_SYMBOLS = YES;
				SWIFT_APPROACHABLE_CONCURRENCY = YES;
				SWIFT_DEFAULT_ACTOR_ISOLATION = MainActor;
				SWIFT_EMIT_LOC_STRINGS = YES;
				SWIFT_UPCOMING_FEATURE_MEMBER_IMPORT_VISIBILITY = YES;
				SWIFT_VERSION = 5.0;
				TARGETED_DEVICE_FAMILY = "1,2";
				VALIDATE_PRODUCT = YES;
			};
			name = Release;
		};
		52A57A982FFE87E10032E2AF /* Debug */ = {
			isa = XCBuildConfiguration;
			buildSettings = {
				CODE_SIGN_STYLE = Automatic;
				CURRENT_PROJECT_VERSION = 1;
				ENABLE_APP_SANDBOX = YES;
				ENABLE_HARDENED_RUNTIME = YES;
				ENABLE_USER_SELECTED_FILES = readonly;
				GENERATE_INFOPLIST_FILE = YES;
				INFOPLIST_FILE = "macOS (Extension)/Info.plist";
				INFOPLIST_KEY_CFBundleDisplayName = "Vapor Tracker Extension";
				INFOPLIST_KEY_NSHumanReadableCopyright = "";
				LD_RUNPATH_SEARCH_PATHS = (
					"$(inherited)",
					"@executable_path/../Frameworks",
					"@executable_path/../../../../Frameworks",
				);
				MACOSX_DEPLOYMENT_TARGET = 10.14;
				MARKETING_VERSION = 1.0;
				OTHER_LDFLAGS = (
					"-framework",
					SafariServices,
				);
				DEVELOPMENT_TEAM = 7UFLPXKQC2; PRODUCT_BUNDLE_IDENTIFIER = com.dguevara.VaporTracker.Extension;
				PRODUCT_NAME = "Vapor Tracker Extension";
				SDKROOT = macosx;
				SKIP_INSTALL = YES;
				STRING_CATALOG_GENERATE_SYMBOLS = YES;
				SWIFT_APPROACHABLE_CONCURRENCY = YES;
				SWIFT_EMIT_LOC_STRINGS = YES;
				SWIFT_UPCOMING_FEATURE_MEMBER_IMPORT_VISIBILITY = YES;
				SWIFT_VERSION = 5.0;
			};
			name = Debug;
		};
		52A57A992FFE87E10032E2AF /* Release */ = {
			isa = XCBuildConfiguration;
			buildSettings = {
				CODE_SIGN_STYLE = Automatic;
				CURRENT_PROJECT_VERSION = 1;
				ENABLE_APP_SANDBOX = YES;
				ENABLE_HARDENED_RUNTIME = YES;
				ENABLE_USER_SELECTED_FILES = readonly;
				GENERATE_INFOPLIST_FILE = YES;
				INFOPLIST_FILE = "macOS (Extension)/Info.plist";
				INFOPLIST_KEY_CFBundleDisplayName = "Vapor Tracker Extension";
				INFOPLIST_KEY_NSHumanReadableCopyright = "";
				LD_RUNPATH_SEARCH_PATHS = (
					"$(inherited)",
					"@executable_path/../Frameworks",
					"@executable_path/../../../../Frameworks",
				);
				MACOSX_DEPLOYMENT_TARGET = 10.14;
				MARKETING_VERSION = 1.0;
				OTHER_LDFLAGS = (
					"-framework",
					SafariServices,
				);
				DEVELOPMENT_TEAM = 7UFLPXKQC2; PRODUCT_BUNDLE_IDENTIFIER = com.dguevara.VaporTracker.Extension;
				PRODUCT_NAME = "Vapor Tracker Extension";
				SDKROOT = macosx;
				SKIP_INSTALL = YES;
				STRING_CATALOG_GENERATE_SYMBOLS = YES;
				SWIFT_APPROACHABLE_CONCURRENCY = YES;
				SWIFT_EMIT_LOC_STRINGS = YES;
				SWIFT_UPCOMING_FEATURE_MEMBER_IMPORT_VISIBILITY = YES;
				SWIFT_VERSION = 5.0;
			};
			name = Release;
		};
		52A57A9C2FFE87E10032E2AF /* Debug */ = {
			isa = XCBuildConfiguration;
			buildSettings = {
				ASSETCATALOG_COMPILER_APPICON_NAME = AppIcon;
				ASSETCATALOG_COMPILER_GLOBAL_ACCENT_COLOR_NAME = AccentColor;
				CODE_SIGN_STYLE = Automatic;
				CURRENT_PROJECT_VERSION = 1;
				ENABLE_APP_SANDBOX = YES;
				ENABLE_HARDENED_RUNTIME = YES;
				ENABLE_OUTGOING_NETWORK_CONNECTIONS = YES;
				ENABLE_USER_SELECTED_FILES = readonly;
				GENERATE_INFOPLIST_FILE = YES;
				INFOPLIST_FILE = "macOS (App)/Info.plist";
				INFOPLIST_KEY_CFBundleDisplayName = "Vapor Tracker";
				INFOPLIST_KEY_NSMainStoryboardFile = Main;
				INFOPLIST_KEY_NSPrincipalClass = NSApplication;
				LD_RUNPATH_SEARCH_PATHS = (
					"$(inherited)",
					"@executable_path/../Frameworks",
				);
				MACOSX_DEPLOYMENT_TARGET = 10.14;
				MARKETING_VERSION = 1.0;
				OTHER_LDFLAGS = (
					"-framework",
					SafariServices,
					"-framework",
					WebKit,
				);
				DEVELOPMENT_TEAM = 7UFLPXKQC2; PRODUCT_BUNDLE_IDENTIFIER = com.dguevara.VaporTracker;
				PRODUCT_NAME = "Vapor Tracker";
				REGISTER_APP_GROUPS = YES;
				SDKROOT = macosx;
				STRING_CATALOG_GENERATE_SYMBOLS = YES;
				SWIFT_APPROACHABLE_CONCURRENCY = YES;
				SWIFT_DEFAULT_ACTOR_ISOLATION = MainActor;
				SWIFT_EMIT_LOC_STRINGS = YES;
				SWIFT_UPCOMING_FEATURE_MEMBER_IMPORT_VISIBILITY = YES;
				SWIFT_VERSION = 5.0;
			};
			name = Debug;
		};
		52A57A9D2FFE87E10032E2AF /* Release */ = {
			isa = XCBuildConfiguration;
			buildSettings = {
				ASSETCATALOG_COMPILER_APPICON_NAME = AppIcon;
				ASSETCATALOG_COMPILER_GLOBAL_ACCENT_COLOR_NAME = AccentColor;
				CODE_SIGN_STYLE = Automatic;
				CURRENT_PROJECT_VERSION = 1;
				ENABLE_APP_SANDBOX = YES;
				ENABLE_HARDENED_RUNTIME = YES;
				ENABLE_OUTGOING_NETWORK_CONNECTIONS = YES;
				ENABLE_USER_SELECTED_FILES = readonly;
				GENERATE_INFOPLIST_FILE = YES;
				INFOPLIST_FILE = "macOS (App)/Info.plist";
				INFOPLIST_KEY_CFBundleDisplayName = "Vapor Tracker";
				INFOPLIST_KEY_NSMainStoryboardFile = Main;
				INFOPLIST_KEY_NSPrincipalClass = NSApplication;
				LD_RUNPATH_SEARCH_PATHS = (
					"$(inherited)",
					"@executable_path/../Frameworks",
				);
				MACOSX_DEPLOYMENT_TARGET = 10.14;
				MARKETING_VERSION = 1.0;
				OTHER_LDFLAGS = (
					"-framework",
					SafariServices,
					"-framework",
					WebKit,
				);
				DEVELOPMENT_TEAM = 7UFLPXKQC2; PRODUCT_BUNDLE_IDENTIFIER = com.dguevara.VaporTracker;
				PRODUCT_NAME = "Vapor Tracker";
				REGISTER_APP_GROUPS = YES;
				SDKROOT = macosx;
				STRING_CATALOG_GENERATE_SYMBOLS = YES;
				SWIFT_APPROACHABLE_CONCURRENCY = YES;
				SWIFT_DEFAULT_ACTOR_ISOLATION = MainActor;
				SWIFT_EMIT_LOC_STRINGS = YES;
				SWIFT_UPCOMING_FEATURE_MEMBER_IMPORT_VISIBILITY = YES;
				SWIFT_VERSION = 5.0;
			};
			name = Release;
		};
/* End XCBuildConfiguration section */

/* Begin XCConfigurationList section */
		52A57A422FFE87E00032E2AF /* Build configuration list for PBXProject "Vapor Tracker" */ = {
			isa = XCConfigurationList;
			buildConfigurations = (
				52A57A8E2FFE87E10032E2AF /* Debug */,
				52A57A8F2FFE87E10032E2AF /* Release */,
			);
			defaultConfigurationIsVisible = 0;
			defaultConfigurationName = Release;
		};
		52A57A902FFE87E10032E2AF /* Build configuration list for PBXNativeTarget "Vapor Tracker Extension (iOS)" */ = {
			isa = XCConfigurationList;
			buildConfigurations = (
				52A57A912FFE87E10032E2AF /* Debug */,
				52A57A922FFE87E10032E2AF /* Release */,
			);
			defaultConfigurationIsVisible = 0;
			defaultConfigurationName = Release;
		};
		52A57A942FFE87E10032E2AF /* Build configuration list for PBXNativeTarget "Vapor Tracker (iOS)" */ = {
			isa = XCConfigurationList;
			buildConfigurations = (
				52A57A952FFE87E10032E2AF /* Debug */,
				52A57A962FFE87E10032E2AF /* Release */,
			);
			defaultConfigurationIsVisible = 0;
			defaultConfigurationName = Release;
		};
		52A57A972FFE87E10032E2AF /* Build configuration list for PBXNativeTarget "Vapor Tracker Extension (macOS)" */ = {
			isa = XCConfigurationList;
			buildConfigurations = (
				52A57A982FFE87E10032E2AF /* Debug */,
				52A57A992FFE87E10032E2AF /* Release */,
			);
			defaultConfigurationIsVisible = 0;
			defaultConfigurationName = Release;
		};
		52A57A9B2FFE87E10032E2AF /* Build configuration list for PBXNativeTarget "Vapor Tracker (macOS)" */ = {
			isa = XCConfigurationList;
			buildConfigurations = (
				52A57A9C2FFE87E10032E2AF /* Debug */,
				52A57A9D2FFE87E10032E2AF /* Release */,
			);
			defaultConfigurationIsVisible = 0;
			defaultConfigurationName = Release;
		};
/* End XCConfigurationList section */
	};
	rootObject = 52A57A3F2FFE87E00032E2AF /* Project object */;
}
