// !$*UTF8*$!
{
	archiveVersion = 1;
	classes = {
	};
	objectVersion = 77;
	objects = {

/* Begin PBXBuildFile section */
		5238A6CF2FFD4982001453AB /* AppDelegate.swift in Sources */ = {isa = PBXBuildFile; fileRef = 5238A6CE2FFD4982001453AB /* AppDelegate.swift */; };
		5238A6D32FFD4982001453AB /* Main.html in Resources */ = {isa = PBXBuildFile; fileRef = 5238A6D12FFD4982001453AB /* Main.html */; };
		5238A6D52FFD4982001453AB /* Icon.png in Resources */ = {isa = PBXBuildFile; fileRef = 5238A6D42FFD4982001453AB /* Icon.png */; };
		5238A6D72FFD4982001453AB /* Style.css in Resources */ = {isa = PBXBuildFile; fileRef = 5238A6D62FFD4982001453AB /* Style.css */; };
		5238A6D92FFD4982001453AB /* Script.js in Resources */ = {isa = PBXBuildFile; fileRef = 5238A6D82FFD4982001453AB /* Script.js */; };
		5238A6DB2FFD4982001453AB /* ViewController.swift in Sources */ = {isa = PBXBuildFile; fileRef = 5238A6DA2FFD4982001453AB /* ViewController.swift */; };
		5238A6DE2FFD4982001453AB /* Main.storyboard in Resources */ = {isa = PBXBuildFile; fileRef = 5238A6DC2FFD4982001453AB /* Main.storyboard */; };
		5238A6E02FFD4983001453AB /* Assets.xcassets in Resources */ = {isa = PBXBuildFile; fileRef = 5238A6DF2FFD4983001453AB /* Assets.xcassets */; };
		5238A6E72FFD4983001453AB /* SteamPricesPOC Extension.appex in Embed Foundation Extensions */ = {isa = PBXBuildFile; fileRef = 5238A6E62FFD4983001453AB /* SteamPricesPOC Extension.appex */; settings = {ATTRIBUTES = (RemoveHeadersOnCopy, ); }; };
		5238A6EC2FFD4983001453AB /* SafariWebExtensionHandler.swift in Sources */ = {isa = PBXBuildFile; fileRef = 5238A6EB2FFD4983001453AB /* SafariWebExtensionHandler.swift */; };
		5238A7002FFD4983001453AB /* popup.js in Resources */ = {isa = PBXBuildFile; fileRef = 5238A6F82FFD4983001453AB /* popup.js */; };
		5238A7012FFD4983001453AB /* wishlist.js in Resources */ = {isa = PBXBuildFile; fileRef = 5238A6F92FFD4983001453AB /* wishlist.js */; };
		5238A7022FFD4983001453AB /* content.css in Resources */ = {isa = PBXBuildFile; fileRef = 5238A6FA2FFD4983001453AB /* content.css */; };
		5238A7032FFD4983001453AB /* background.js in Resources */ = {isa = PBXBuildFile; fileRef = 5238A6FB2FFD4983001453AB /* background.js */; };
		5238A7042FFD4983001453AB /* popup.html in Resources */ = {isa = PBXBuildFile; fileRef = 5238A6FC2FFD4983001453AB /* popup.html */; };
		5238A7052FFD4983001453AB /* img in Resources */ = {isa = PBXBuildFile; fileRef = 5238A6FD2FFD4983001453AB /* img */; };
		5238A7062FFD4983001453AB /* manifest.json in Resources */ = {isa = PBXBuildFile; fileRef = 5238A6FE2FFD4983001453AB /* manifest.json */; };
		5238A7072FFD4983001453AB /* content.js in Resources */ = {isa = PBXBuildFile; fileRef = 5238A6FF2FFD4983001453AB /* content.js */; };
/* End PBXBuildFile section */

/* Begin PBXContainerItemProxy section */
		5238A6E82FFD4983001453AB /* PBXContainerItemProxy */ = {
			isa = PBXContainerItemProxy;
			containerPortal = 5238A6C32FFD4982001453AB /* Project object */;
			proxyType = 1;
			remoteGlobalIDString = 5238A6E52FFD4983001453AB;
			remoteInfo = "SteamPricesPOC Extension";
		};
/* End PBXContainerItemProxy section */

/* Begin PBXCopyFilesBuildPhase section */
		5238A6F32FFD4983001453AB /* Embed Foundation Extensions */ = {
			isa = PBXCopyFilesBuildPhase;
			buildActionMask = 2147483647;
			dstPath = "";
			dstSubfolderSpec = 13;
			files = (
				5238A6E72FFD4983001453AB /* SteamPricesPOC Extension.appex in Embed Foundation Extensions */,
			);
			name = "Embed Foundation Extensions";
			runOnlyForDeploymentPostprocessing = 0;
		};
/* End PBXCopyFilesBuildPhase section */

/* Begin PBXFileReference section */
		5238A6CB2FFD4982001453AB /* SteamPricesPOC.app */ = {isa = PBXFileReference; explicitFileType = wrapper.application; includeInIndex = 0; path = SteamPricesPOC.app; sourceTree = BUILT_PRODUCTS_DIR; };
		5238A6CE2FFD4982001453AB /* AppDelegate.swift */ = {isa = PBXFileReference; lastKnownFileType = sourcecode.swift; path = AppDelegate.swift; sourceTree = "<group>"; };
		5238A6D22FFD4982001453AB /* Base */ = {isa = PBXFileReference; lastKnownFileType = text.html; name = Base; path = Base.lproj/Main.html; sourceTree = "<group>"; };
		5238A6D42FFD4982001453AB /* Icon.png */ = {isa = PBXFileReference; lastKnownFileType = image.png; path = Icon.png; sourceTree = "<group>"; };
		5238A6D62FFD4982001453AB /* Style.css */ = {isa = PBXFileReference; lastKnownFileType = text.css; path = Style.css; sourceTree = "<group>"; };
		5238A6D82FFD4982001453AB /* Script.js */ = {isa = PBXFileReference; lastKnownFileType = sourcecode.javascript; path = Script.js; sourceTree = "<group>"; };
		5238A6DA2FFD4982001453AB /* ViewController.swift */ = {isa = PBXFileReference; lastKnownFileType = sourcecode.swift; path = ViewController.swift; sourceTree = "<group>"; };
		5238A6DD2FFD4982001453AB /* Base */ = {isa = PBXFileReference; lastKnownFileType = file.storyboard; name = Base; path = Base.lproj/Main.storyboard; sourceTree = "<group>"; };
		5238A6DF2FFD4983001453AB /* Assets.xcassets */ = {isa = PBXFileReference; lastKnownFileType = folder.assetcatalog; path = Assets.xcassets; sourceTree = "<group>"; };
		5238A6E12FFD4983001453AB /* Info.plist */ = {isa = PBXFileReference; lastKnownFileType = text.plist.xml; path = Info.plist; sourceTree = "<group>"; };
		5238A6E62FFD4983001453AB /* SteamPricesPOC Extension.appex */ = {isa = PBXFileReference; explicitFileType = "wrapper.app-extension"; includeInIndex = 0; path = "SteamPricesPOC Extension.appex"; sourceTree = BUILT_PRODUCTS_DIR; };
		5238A6EB2FFD4983001453AB /* SafariWebExtensionHandler.swift */ = {isa = PBXFileReference; lastKnownFileType = sourcecode.swift; path = SafariWebExtensionHandler.swift; sourceTree = "<group>"; };
		5238A6ED2FFD4983001453AB /* Info.plist */ = {isa = PBXFileReference; lastKnownFileType = text.plist.xml; path = Info.plist; sourceTree = "<group>"; };
		5238A6F82FFD4983001453AB /* popup.js */ = {isa = PBXFileReference; lastKnownFileType = sourcecode.javascript; name = popup.js; path = Resources/popup.js; sourceTree = "<group>"; };
		5238A6F92FFD4983001453AB /* wishlist.js */ = {isa = PBXFileReference; lastKnownFileType = sourcecode.javascript; name = wishlist.js; path = Resources/wishlist.js; sourceTree = "<group>"; };
		5238A6FA2FFD4983001453AB /* content.css */ = {isa = PBXFileReference; lastKnownFileType = text.css; name = content.css; path = Resources/content.css; sourceTree = "<group>"; };
		5238A6FB2FFD4983001453AB /* background.js */ = {isa = PBXFileReference; lastKnownFileType = sourcecode.javascript; name = background.js; path = Resources/background.js; sourceTree = "<group>"; };
		5238A6FC2FFD4983001453AB /* popup.html */ = {isa = PBXFileReference; lastKnownFileType = text.html; name = popup.html; path = Resources/popup.html; sourceTree = "<group>"; };
		5238A6FD2FFD4983001453AB /* img */ = {isa = PBXFileReference; lastKnownFileType = folder; name = img; path = Resources/img; sourceTree = "<group>"; };
		5238A6FE2FFD4983001453AB /* manifest.json */ = {isa = PBXFileReference; lastKnownFileType = text.json; name = manifest.json; path = Resources/manifest.json; sourceTree = "<group>"; };
		5238A6FF2FFD4983001453AB /* content.js */ = {isa = PBXFileReference; lastKnownFileType = sourcecode.javascript; name = content.js; path = Resources/content.js; sourceTree = "<group>"; };
/* End PBXFileReference section */

/* Begin PBXFrameworksBuildPhase section */
		5238A6C82FFD4982001453AB /* Frameworks */ = {
			isa = PBXFrameworksBuildPhase;
			buildActionMask = 2147483647;
			files = (
			);
			runOnlyForDeploymentPostprocessing = 0;
		};
		5238A6E32FFD4983001453AB /* Frameworks */ = {
			isa = PBXFrameworksBuildPhase;
			buildActionMask = 2147483647;
			files = (
			);
			runOnlyForDeploymentPostprocessing = 0;
		};
/* End PBXFrameworksBuildPhase section */

/* Begin PBXGroup section */
		5238A6C22FFD4982001453AB = {
			isa = PBXGroup;
			children = (
				5238A6CD2FFD4982001453AB /* SteamPricesPOC */,
				5238A6EA2FFD4983001453AB /* SteamPricesPOC Extension */,
				5238A6CC2FFD4982001453AB /* Products */,
			);
			sourceTree = "<group>";
		};
		5238A6CC2FFD4982001453AB /* Products */ = {
			isa = PBXGroup;
			children = (
				5238A6CB2FFD4982001453AB /* SteamPricesPOC.app */,
				5238A6E62FFD4983001453AB /* SteamPricesPOC Extension.appex */,
			);
			name = Products;
			sourceTree = "<group>";
		};
		5238A6CD2FFD4982001453AB /* SteamPricesPOC */ = {
			isa = PBXGroup;
			children = (
				5238A6CE2FFD4982001453AB /* AppDelegate.swift */,
				5238A6DA2FFD4982001453AB /* ViewController.swift */,
				5238A6DC2FFD4982001453AB /* Main.storyboard */,
				5238A6DF2FFD4983001453AB /* Assets.xcassets */,
				5238A6E12FFD4983001453AB /* Info.plist */,
				5238A6D02FFD4982001453AB /* Resources */,
			);
			path = SteamPricesPOC;
			sourceTree = "<group>";
		};
		5238A6D02FFD4982001453AB /* Resources */ = {
			isa = PBXGroup;
			children = (
				5238A6D12FFD4982001453AB /* Main.html */,
				5238A6D42FFD4982001453AB /* Icon.png */,
				5238A6D62FFD4982001453AB /* Style.css */,
				5238A6D82FFD4982001453AB /* Script.js */,
			);
			path = Resources;
			sourceTree = "<group>";
		};
		5238A6EA2FFD4983001453AB /* SteamPricesPOC Extension */ = {
			isa = PBXGroup;
			children = (
				5238A6F72FFD4983001453AB /* Resources */,
				5238A6EB2FFD4983001453AB /* SafariWebExtensionHandler.swift */,
				5238A6ED2FFD4983001453AB /* Info.plist */,
			);
			path = "SteamPricesPOC Extension";
			sourceTree = "<group>";
		};
		5238A6F72FFD4983001453AB /* Resources */ = {
			isa = PBXGroup;
			children = (
				5238A6F82FFD4983001453AB /* popup.js */,
				5238A6F92FFD4983001453AB /* wishlist.js */,
				5238A6FA2FFD4983001453AB /* content.css */,
				5238A6FB2FFD4983001453AB /* background.js */,
				5238A6FC2FFD4983001453AB /* popup.html */,
				5238A6FD2FFD4983001453AB /* img */,
				5238A6FE2FFD4983001453AB /* manifest.json */,
				5238A6FF2FFD4983001453AB /* content.js */,
			);
			name = Resources;
			path = "SteamPricesPOC Extension";
			sourceTree = SOURCE_ROOT;
		};
/* End PBXGroup section */

/* Begin PBXNativeTarget section */
		5238A6CA2FFD4982001453AB /* SteamPricesPOC */ = {
			isa = PBXNativeTarget;
			buildConfigurationList = 5238A6F42FFD4983001453AB /* Build configuration list for PBXNativeTarget "SteamPricesPOC" */;
			buildPhases = (
				5238A6C72FFD4982001453AB /* Sources */,
				5238A6C82FFD4982001453AB /* Frameworks */,
				5238A6C92FFD4982001453AB /* Resources */,
				5238A6F32FFD4983001453AB /* Embed Foundation Extensions */,
			);
			buildRules = (
			);
			dependencies = (
				5238A6E92FFD4983001453AB /* PBXTargetDependency */,
			);
			name = SteamPricesPOC;
			packageProductDependencies = (
			);
			productName = SteamPricesPOC;
			productReference = 5238A6CB2FFD4982001453AB /* SteamPricesPOC.app */;
			productType = "com.apple.product-type.application";
		};
		5238A6E52FFD4983001453AB /* SteamPricesPOC Extension */ = {
			isa = PBXNativeTarget;
			buildConfigurationList = 5238A6F02FFD4983001453AB /* Build configuration list for PBXNativeTarget "SteamPricesPOC Extension" */;
			buildPhases = (
				5238A6E22FFD4983001453AB /* Sources */,
				5238A6E32FFD4983001453AB /* Frameworks */,
				5238A6E42FFD4983001453AB /* Resources */,
			);
			buildRules = (
			);
			dependencies = (
			);
			name = "SteamPricesPOC Extension";
			packageProductDependencies = (
			);
			productName = "SteamPricesPOC Extension";
			productReference = 5238A6E62FFD4983001453AB /* SteamPricesPOC Extension.appex */;
			productType = "com.apple.product-type.app-extension";
		};
/* End PBXNativeTarget section */

/* Begin PBXProject section */
		5238A6C32FFD4982001453AB /* Project object */ = {
			isa = PBXProject;
			attributes = {
				BuildIndependentTargetsInParallel = 1;
				LastSwiftUpdateCheck = 2660;
				LastUpgradeCheck = 2660;
				TargetAttributes = {
					5238A6CA2FFD4982001453AB = {
						CreatedOnToolsVersion = 26.6;
					};
					5238A6E52FFD4983001453AB = {
						CreatedOnToolsVersion = 26.6;
					};
				};
			};
			buildConfigurationList = 5238A6C62FFD4982001453AB /* Build configuration list for PBXProject "SteamPricesPOC" */;
			developmentRegion = en;
			hasScannedForEncodings = 0;
			knownRegions = (
				en,
				Base,
			);
			mainGroup = 5238A6C22FFD4982001453AB;
			minimizedProjectReferenceProxies = 1;
			preferredProjectObjectVersion = 77;
			productRefGroup = 5238A6CC2FFD4982001453AB /* Products */;
			projectDirPath = "";
			projectRoot = "";
			targets = (
				5238A6CA2FFD4982001453AB /* SteamPricesPOC */,
				5238A6E52FFD4983001453AB /* SteamPricesPOC Extension */,
			);
		};
/* End PBXProject section */

/* Begin PBXResourcesBuildPhase section */
		5238A6C92FFD4982001453AB /* Resources */ = {
			isa = PBXResourcesBuildPhase;
			buildActionMask = 2147483647;
			files = (
				5238A6D52FFD4982001453AB /* Icon.png in Resources */,
				5238A6DE2FFD4982001453AB /* Main.storyboard in Resources */,
				5238A6D92FFD4982001453AB /* Script.js in Resources */,
				5238A6D32FFD4982001453AB /* Main.html in Resources */,
				5238A6E02FFD4983001453AB /* Assets.xcassets in Resources */,
				5238A6D72FFD4982001453AB /* Style.css in Resources */,
			);
			runOnlyForDeploymentPostprocessing = 0;
		};
		5238A6E42FFD4983001453AB /* Resources */ = {
			isa = PBXResourcesBuildPhase;
			buildActionMask = 2147483647;
			files = (
				5238A7072FFD4983001453AB /* content.js in Resources */,
				5238A7052FFD4983001453AB /* img in Resources */,
				5238A7062FFD4983001453AB /* manifest.json in Resources */,
				5238A7032FFD4983001453AB /* background.js in Resources */,
				5238A7042FFD4983001453AB /* popup.html in Resources */,
				5238A7022FFD4983001453AB /* content.css in Resources */,
				5238A7002FFD4983001453AB /* popup.js in Resources */,
				5238A7012FFD4983001453AB /* wishlist.js in Resources */,
			);
			runOnlyForDeploymentPostprocessing = 0;
		};
/* End PBXResourcesBuildPhase section */

/* Begin PBXSourcesBuildPhase section */
		5238A6C72FFD4982001453AB /* Sources */ = {
			isa = PBXSourcesBuildPhase;
			buildActionMask = 2147483647;
			files = (
				5238A6DB2FFD4982001453AB /* ViewController.swift in Sources */,
				5238A6CF2FFD4982001453AB /* AppDelegate.swift in Sources */,
			);
			runOnlyForDeploymentPostprocessing = 0;
		};
		5238A6E22FFD4983001453AB /* Sources */ = {
			isa = PBXSourcesBuildPhase;
			buildActionMask = 2147483647;
			files = (
				5238A6EC2FFD4983001453AB /* SafariWebExtensionHandler.swift in Sources */,
			);
			runOnlyForDeploymentPostprocessing = 0;
		};
/* End PBXSourcesBuildPhase section */

/* Begin PBXTargetDependency section */
		5238A6E92FFD4983001453AB /* PBXTargetDependency */ = {
			isa = PBXTargetDependency;
			target = 5238A6E52FFD4983001453AB /* SteamPricesPOC Extension */;
			targetProxy = 5238A6E82FFD4983001453AB /* PBXContainerItemProxy */;
		};
/* End PBXTargetDependency section */

/* Begin PBXVariantGroup section */
		5238A6D12FFD4982001453AB /* Main.html */ = {
			isa = PBXVariantGroup;
			children = (
				5238A6D22FFD4982001453AB /* Base */,
			);
			name = Main.html;
			sourceTree = "<group>";
		};
		5238A6DC2FFD4982001453AB /* Main.storyboard */ = {
			isa = PBXVariantGroup;
			children = (
				5238A6DD2FFD4982001453AB /* Base */,
			);
			name = Main.storyboard;
			sourceTree = "<group>";
		};
/* End PBXVariantGroup section */

/* Begin XCBuildConfiguration section */
		5238A6EE2FFD4983001453AB /* Debug */ = {
			isa = XCBuildConfiguration;
			buildSettings = {
				ALWAYS_SEARCH_USER_PATHS = NO;
				ASSETCATALOG_COMPILER_GENERATE_SWIFT_ASSET_SYMBOL_EXTENSIONS = YES;
				CLANG_ANALYZER_NONNULL = YES;
				CLANG_ANALYZER_NUMBER_OBJECT_CONVERSION = YES_AGGRESSIVE;
				CLANG_CXX_LANGUAGE_STANDARD = "gnu++20";
				CLANG_ENABLE_MODULES = YES;
				CLANG_ENABLE_OBJC_ARC = YES;
				CLANG_ENABLE_OBJC_WEAK = YES;
				CLANG_WARN_BLOCK_CAPTURE_AUTORELEASING = YES;
				CLANG_WARN_BOOL_CONVERSION = YES;
				CLANG_WARN_COMMA = YES;
				CLANG_WARN_CONSTANT_CONVERSION = YES;
				CLANG_WARN_DEPRECATED_OBJC_IMPLEMENTATIONS = YES;
				CLANG_WARN_DIRECT_OBJC_ISA_USAGE = YES_ERROR;
				CLANG_WARN_DOCUMENTATION_COMMENTS = YES;
				CLANG_WARN_EMPTY_BODY = YES;
				CLANG_WARN_ENUM_CONVERSION = YES;
				CLANG_WARN_INFINITE_RECURSION = YES;
				CLANG_WARN_INT_CONVERSION = YES;
				CLANG_WARN_NON_LITERAL_NULL_CONVERSION = YES;
				CLANG_WARN_OBJC_IMPLICIT_RETAIN_SELF = YES;
				CLANG_WARN_OBJC_LITERAL_CONVERSION = YES;
				CLANG_WARN_OBJC_ROOT_CLASS = YES_ERROR;
				CLANG_WARN_QUOTED_INCLUDE_IN_FRAMEWORK_HEADER = YES;
				CLANG_WARN_RANGE_LOOP_ANALYSIS = YES;
				CLANG_WARN_STRICT_PROTOTYPES = YES;
				CLANG_WARN_SUSPICIOUS_MOVE = YES;
				CLANG_WARN_UNGUARDED_AVAILABILITY = YES_AGGRESSIVE;
				CLANG_WARN_UNREACHABLE_CODE = YES;
				CLANG_WARN__DUPLICATE_METHOD_MATCH = YES;
				COPY_PHASE_STRIP = NO;
				DEBUG_INFORMATION_FORMAT = dwarf;
				ENABLE_STRICT_OBJC_MSGSEND = YES;
				ENABLE_TESTABILITY = YES;
				ENABLE_USER_SCRIPT_SANDBOXING = YES;
				GCC_C_LANGUAGE_STANDARD = gnu17;
				GCC_DYNAMIC_NO_PIC = NO;
				GCC_NO_COMMON_BLOCKS = YES;
				GCC_OPTIMIZATION_LEVEL = 0;
				GCC_PREPROCESSOR_DEFINITIONS = (
					"DEBUG=1",
					"$(inherited)",
				);
				GCC_WARN_64_TO_32_BIT_CONVERSION = YES;
				GCC_WARN_ABOUT_RETURN_TYPE = YES_ERROR;
				GCC_WARN_UNDECLARED_SELECTOR = YES;
				GCC_WARN_UNINITIALIZED_AUTOS = YES_AGGRESSIVE;
				GCC_WARN_UNUSED_FUNCTION = YES;
				GCC_WARN_UNUSED_VARIABLE = YES;
				LOCALIZATION_PREFERS_STRING_CATALOGS = YES;
				MACOSX_DEPLOYMENT_TARGET = 26.5;
				MTL_ENABLE_DEBUG_INFO = INCLUDE_SOURCE;
				MTL_FAST_MATH = YES;
				ONLY_ACTIVE_ARCH = YES;
				SDKROOT = macosx;
				SWIFT_ACTIVE_COMPILATION_CONDITIONS = "DEBUG $(inherited)";
				SWIFT_OPTIMIZATION_LEVEL = "-Onone";
			};
			name = Debug;
		};
		5238A6EF2FFD4983001453AB /* Release */ = {
			isa = XCBuildConfiguration;
			buildSettings = {
				ALWAYS_SEARCH_USER_PATHS = NO;
				ASSETCATALOG_COMPILER_GENERATE_SWIFT_ASSET_SYMBOL_EXTENSIONS = YES;
				CLANG_ANALYZER_NONNULL = YES;
				CLANG_ANALYZER_NUMBER_OBJECT_CONVERSION = YES_AGGRESSIVE;
				CLANG_CXX_LANGUAGE_STANDARD = "gnu++20";
				CLANG_ENABLE_MODULES = YES;
				CLANG_ENABLE_OBJC_ARC = YES;
				CLANG_ENABLE_OBJC_WEAK = YES;
				CLANG_WARN_BLOCK_CAPTURE_AUTORELEASING = YES;
				CLANG_WARN_BOOL_CONVERSION = YES;
				CLANG_WARN_COMMA = YES;
				CLANG_WARN_CONSTANT_CONVERSION = YES;
				CLANG_WARN_DEPRECATED_OBJC_IMPLEMENTATIONS = YES;
				CLANG_WARN_DIRECT_OBJC_ISA_USAGE = YES_ERROR;
				CLANG_WARN_DOCUMENTATION_COMMENTS = YES;
				CLANG_WARN_EMPTY_BODY = YES;
				CLANG_WARN_ENUM_CONVERSION = YES;
				CLANG_WARN_INFINITE_RECURSION = YES;
				CLANG_WARN_INT_CONVERSION = YES;
				CLANG_WARN_NON_LITERAL_NULL_CONVERSION = YES;
				CLANG_WARN_OBJC_IMPLICIT_RETAIN_SELF = YES;
				CLANG_WARN_OBJC_LITERAL_CONVERSION = YES;
				CLANG_WARN_OBJC_ROOT_CLASS = YES_ERROR;
				CLANG_WARN_QUOTED_INCLUDE_IN_FRAMEWORK_HEADER = YES;
				CLANG_WARN_RANGE_LOOP_ANALYSIS = YES;
				CLANG_WARN_STRICT_PROTOTYPES = YES;
				CLANG_WARN_SUSPICIOUS_MOVE = YES;
				CLANG_WARN_UNGUARDED_AVAILABILITY = YES_AGGRESSIVE;
				CLANG_WARN_UNREACHABLE_CODE = YES;
				CLANG_WARN__DUPLICATE_METHOD_MATCH = YES;
				COPY_PHASE_STRIP = NO;
				DEBUG_INFORMATION_FORMAT = "dwarf-with-dsym";
				ENABLE_NS_ASSERTIONS = NO;
				ENABLE_STRICT_OBJC_MSGSEND = YES;
				ENABLE_USER_SCRIPT_SANDBOXING = YES;
				GCC_C_LANGUAGE_STANDARD = gnu17;
				GCC_NO_COMMON_BLOCKS = YES;
				GCC_WARN_64_TO_32_BIT_CONVERSION = YES;
				GCC_WARN_ABOUT_RETURN_TYPE = YES_ERROR;
				GCC_WARN_UNDECLARED_SELECTOR = YES;
				GCC_WARN_UNINITIALIZED_AUTOS = YES_AGGRESSIVE;
				GCC_WARN_UNUSED_FUNCTION = YES;
				GCC_WARN_UNUSED_VARIABLE = YES;
				LOCALIZATION_PREFERS_STRING_CATALOGS = YES;
				MACOSX_DEPLOYMENT_TARGET = 26.5;
				MTL_ENABLE_DEBUG_INFO = NO;
				MTL_FAST_MATH = YES;
				SDKROOT = macosx;
				SWIFT_COMPILATION_MODE = wholemodule;
			};
			name = Release;
		};
		5238A6F12FFD4983001453AB /* Debug */ = {
			isa = XCBuildConfiguration;
			buildSettings = {
				CODE_SIGN_STYLE = Automatic;
				CURRENT_PROJECT_VERSION = 1;
				ENABLE_APP_SANDBOX = YES;
				ENABLE_HARDENED_RUNTIME = YES;
				ENABLE_USER_SELECTED_FILES = readonly;
				GENERATE_INFOPLIST_FILE = YES;
				INFOPLIST_FILE = "SteamPricesPOC Extension/Info.plist";
				INFOPLIST_KEY_CFBundleDisplayName = "SteamPricesPOC Extension";
				INFOPLIST_KEY_NSHumanReadableCopyright = "";
				LD_RUNPATH_SEARCH_PATHS = (
					"$(inherited)",
					"@executable_path/../Frameworks",
					"@executable_path/../../../../Frameworks",
				);
				MACOSX_DEPLOYMENT_TARGET = 10.14;
				MARKETING_VERSION = 1.0;
				OTHER_LDFLAGS = (
					"-framework",
					SafariServices,
				);
				DEVELOPMENT_TEAM = 7UFLPXKQC2; PRODUCT_BUNDLE_IDENTIFIER = com.dguevara.SteamPricesPOC.Extension;
				PRODUCT_NAME = "$(TARGET_NAME)";
				SKIP_INSTALL = YES;
				STRING_CATALOG_GENERATE_SYMBOLS = YES;
				SWIFT_APPROACHABLE_CONCURRENCY = YES;
				SWIFT_EMIT_LOC_STRINGS = YES;
				SWIFT_UPCOMING_FEATURE_MEMBER_IMPORT_VISIBILITY = YES;
				SWIFT_VERSION = 5.0;
			};
			name = Debug;
		};
		5238A6F22FFD4983001453AB /* Release */ = {
			isa = XCBuildConfiguration;
			buildSettings = {
				CODE_SIGN_STYLE = Automatic;
				CURRENT_PROJECT_VERSION = 1;
				ENABLE_APP_SANDBOX = YES;
				ENABLE_HARDENED_RUNTIME = YES;
				ENABLE_USER_SELECTED_FILES = readonly;
				GENERATE_INFOPLIST_FILE = YES;
				INFOPLIST_FILE = "SteamPricesPOC Extension/Info.plist";
				INFOPLIST_KEY_CFBundleDisplayName = "SteamPricesPOC Extension";
				INFOPLIST_KEY_NSHumanReadableCopyright = "";
				LD_RUNPATH_SEARCH_PATHS = (
					"$(inherited)",
					"@executable_path/../Frameworks",
					"@executable_path/../../../../Frameworks",
				);
				MACOSX_DEPLOYMENT_TARGET = 10.14;
				MARKETING_VERSION = 1.0;
				OTHER_LDFLAGS = (
					"-framework",
					SafariServices,
				);
				DEVELOPMENT_TEAM = 7UFLPXKQC2; PRODUCT_BUNDLE_IDENTIFIER = com.dguevara.SteamPricesPOC.Extension;
				PRODUCT_NAME = "$(TARGET_NAME)";
				SKIP_INSTALL = YES;
				STRING_CATALOG_GENERATE_SYMBOLS = YES;
				SWIFT_APPROACHABLE_CONCURRENCY = YES;
				SWIFT_EMIT_LOC_STRINGS = YES;
				SWIFT_UPCOMING_FEATURE_MEMBER_IMPORT_VISIBILITY = YES;
				SWIFT_VERSION = 5.0;
			};
			name = Release;
		};
		5238A6F52FFD4983001453AB /* Debug */ = {
			isa = XCBuildConfiguration;
			buildSettings = {
				ASSETCATALOG_COMPILER_APPICON_NAME = AppIcon;
				ASSETCATALOG_COMPILER_GLOBAL_ACCENT_COLOR_NAME = AccentColor;
				CODE_SIGN_STYLE = Automatic;
				COMBINE_HIDPI_IMAGES = YES;
				CURRENT_PROJECT_VERSION = 1;
				ENABLE_APP_SANDBOX = YES;
				ENABLE_HARDENED_RUNTIME = YES;
				ENABLE_OUTGOING_NETWORK_CONNECTIONS = YES;
				ENABLE_USER_SELECTED_FILES = readonly;
				GENERATE_INFOPLIST_FILE = YES;
				INFOPLIST_FILE = SteamPricesPOC/Info.plist;
				INFOPLIST_KEY_CFBundleDisplayName = SteamPricesPOC;
				INFOPLIST_KEY_NSHumanReadableCopyright = "";
				INFOPLIST_KEY_NSMainStoryboardFile = Main;
				INFOPLIST_KEY_NSPrincipalClass = NSApplication;
				LD_RUNPATH_SEARCH_PATHS = (
					"$(inherited)",
					"@executable_path/../Frameworks",
				);
				MARKETING_VERSION = 1.0;
				OTHER_LDFLAGS = (
					"-framework",
					SafariServices,
					"-framework",
					WebKit,
				);
				DEVELOPMENT_TEAM = 7UFLPXKQC2; PRODUCT_BUNDLE_IDENTIFIER = com.dguevara.SteamPricesPOC;
				PRODUCT_NAME = "$(TARGET_NAME)";
				REGISTER_APP_GROUPS = YES;
				STRING_CATALOG_GENERATE_SYMBOLS = YES;
				SWIFT_APPROACHABLE_CONCURRENCY = YES;
				SWIFT_DEFAULT_ACTOR_ISOLATION = MainActor;
				SWIFT_EMIT_LOC_STRINGS = YES;
				SWIFT_UPCOMING_FEATURE_MEMBER_IMPORT_VISIBILITY = YES;
				SWIFT_VERSION = 5.0;
			};
			name = Debug;
		};
		5238A6F62FFD4983001453AB /* Release */ = {
			isa = XCBuildConfiguration;
			buildSettings = {
				ASSETCATALOG_COMPILER_APPICON_NAME = AppIcon;
				ASSETCATALOG_COMPILER_GLOBAL_ACCENT_COLOR_NAME = AccentColor;
				CODE_SIGN_STYLE = Automatic;
				COMBINE_HIDPI_IMAGES = YES;
				CURRENT_PROJECT_VERSION = 1;
				ENABLE_APP_SANDBOX = YES;
				ENABLE_HARDENED_RUNTIME = YES;
				ENABLE_OUTGOING_NETWORK_CONNECTIONS = YES;
				ENABLE_USER_SELECTED_FILES = readonly;
				GENERATE_INFOPLIST_FILE = YES;
				INFOPLIST_FILE = SteamPricesPOC/Info.plist;
				INFOPLIST_KEY_CFBundleDisplayName = SteamPricesPOC;
				INFOPLIST_KEY_NSHumanReadableCopyright = "";
				INFOPLIST_KEY_NSMainStoryboardFile = Main;
				INFOPLIST_KEY_NSPrincipalClass = NSApplication;
				LD_RUNPATH_SEARCH_PATHS = (
					"$(inherited)",
					"@executable_path/../Frameworks",
				);
				MARKETING_VERSION = 1.0;
				OTHER_LDFLAGS = (
					"-framework",
					SafariServices,
					"-framework",
					WebKit,
				);
				DEVELOPMENT_TEAM = 7UFLPXKQC2; PRODUCT_BUNDLE_IDENTIFIER = com.dguevara.SteamPricesPOC;
				PRODUCT_NAME = "$(TARGET_NAME)";
				REGISTER_APP_GROUPS = YES;
				STRING_CATALOG_GENERATE_SYMBOLS = YES;
				SWIFT_APPROACHABLE_CONCURRENCY = YES;
				SWIFT_DEFAULT_ACTOR_ISOLATION = MainActor;
				SWIFT_EMIT_LOC_STRINGS = YES;
				SWIFT_UPCOMING_FEATURE_MEMBER_IMPORT_VISIBILITY = YES;
				SWIFT_VERSION = 5.0;
			};
			name = Release;
		};
/* End XCBuildConfiguration section */

/* Begin XCConfigurationList section */
		5238A6C62FFD4982001453AB /* Build configuration list for PBXProject "SteamPricesPOC" */ = {
			isa = XCConfigurationList;
			buildConfigurations = (
				5238A6EE2FFD4983001453AB /* Debug */,
				5238A6EF2FFD4983001453AB /* Release */,
			);
			defaultConfigurationIsVisible = 0;
			defaultConfigurationName = Release;
		};
		5238A6F02FFD4983001453AB /* Build configuration list for PBXNativeTarget "SteamPricesPOC Extension" */ = {
			isa = XCConfigurationList;
			buildConfigurations = (
				5238A6F12FFD4983001453AB /* Debug */,
				5238A6F22FFD4983001453AB /* Release */,
			);
			defaultConfigurationIsVisible = 0;
			defaultConfigurationName = Release;
		};
		5238A6F42FFD4983001453AB /* Build configuration list for PBXNativeTarget "SteamPricesPOC" */ = {
			isa = XCConfigurationList;
			buildConfigurations = (
				5238A6F52FFD4983001453AB /* Debug */,
				5238A6F62FFD4983001453AB /* Release */,
			);
			defaultConfigurationIsVisible = 0;
			defaultConfigurationName = Release;
		};
/* End XCConfigurationList section */
	};
	rootObject = 5238A6C32FFD4982001453AB /* Project object */;
}
