// !$*UTF8*$!
{
	archiveVersion = 1;
	classes = {
	};
	objectVersion = 77;
	objects = {

/* Begin PBXBuildFile section */
		528163A22FFD47F400B4ABF8 /* AppDelegate.swift in Sources */ = {isa = PBXBuildFile; fileRef = 528163A12FFD47F400B4ABF8 /* AppDelegate.swift */; };
		528163A62FFD47F400B4ABF8 /* Main.html in Resources */ = {isa = PBXBuildFile; fileRef = 528163A42FFD47F400B4ABF8 /* Main.html */; };
		528163A82FFD47F400B4ABF8 /* Icon.png in Resources */ = {isa = PBXBuildFile; fileRef = 528163A72FFD47F400B4ABF8 /* Icon.png */; };
		528163AA2FFD47F400B4ABF8 /* Style.css in Resources */ = {isa = PBXBuildFile; fileRef = 528163A92FFD47F400B4ABF8 /* Style.css */; };
		528163AC2FFD47F400B4ABF8 /* Script.js in Resources */ = {isa = PBXBuildFile; fileRef = 528163AB2FFD47F400B4ABF8 /* Script.js */; };
		528163AE2FFD47F400B4ABF8 /* ViewController.swift in Sources */ = {isa = PBXBuildFile; fileRef = 528163AD2FFD47F400B4ABF8 /* ViewController.swift */; };
		528163B12FFD47F400B4ABF8 /* Main.storyboard in Resources */ = {isa = PBXBuildFile; fileRef = 528163AF2FFD47F400B4ABF8 /* Main.storyboard */; };
		528163B32FFD47F500B4ABF8 /* Assets.xcassets in Resources */ = {isa = PBXBuildFile; fileRef = 528163B22FFD47F500B4ABF8 /* Assets.xcassets */; };
		528163BA2FFD47F500B4ABF8 /* SteamPricesPOC Extension.appex in Embed Foundation Extensions */ = {isa = PBXBuildFile; fileRef = 528163B92FFD47F500B4ABF8 /* SteamPricesPOC Extension.appex */; settings = {ATTRIBUTES = (RemoveHeadersOnCopy, ); }; };
		528163BF2FFD47F500B4ABF8 /* SafariWebExtensionHandler.swift in Sources */ = {isa = PBXBuildFile; fileRef = 528163BE2FFD47F500B4ABF8 /* SafariWebExtensionHandler.swift */; };
		528163D12FFD47F500B4ABF8 /* wishlist.js in Resources */ = {isa = PBXBuildFile; fileRef = 528163CB2FFD47F500B4ABF8 /* wishlist.js */; };
		528163D22FFD47F500B4ABF8 /* content.css in Resources */ = {isa = PBXBuildFile; fileRef = 528163CC2FFD47F500B4ABF8 /* content.css */; };
		528163D32FFD47F500B4ABF8 /* background.js in Resources */ = {isa = PBXBuildFile; fileRef = 528163CD2FFD47F500B4ABF8 /* background.js */; };
		528163D42FFD47F500B4ABF8 /* img in Resources */ = {isa = PBXBuildFile; fileRef = 528163CE2FFD47F500B4ABF8 /* img */; };
		528163D52FFD47F500B4ABF8 /* manifest.json in Resources */ = {isa = PBXBuildFile; fileRef = 528163CF2FFD47F500B4ABF8 /* manifest.json */; };
		528163D62FFD47F500B4ABF8 /* content.js in Resources */ = {isa = PBXBuildFile; fileRef = 528163D02FFD47F500B4ABF8 /* content.js */; };
/* End PBXBuildFile section */

/* Begin PBXContainerItemProxy section */
		528163BB2FFD47F500B4ABF8 /* PBXContainerItemProxy */ = {
			isa = PBXContainerItemProxy;
			containerPortal = 528163962FFD47F400B4ABF8 /* Project object */;
			proxyType = 1;
			remoteGlobalIDString = 528163B82FFD47F500B4ABF8;
			remoteInfo = "SteamPricesPOC Extension";
		};
/* End PBXContainerItemProxy section */

/* Begin PBXCopyFilesBuildPhase section */
		528163C62FFD47F500B4ABF8 /* Embed Foundation Extensions */ = {
			isa = PBXCopyFilesBuildPhase;
			buildActionMask = 2147483647;
			dstPath = "";
			dstSubfolderSpec = 13;
			files = (
				528163BA2FFD47F500B4ABF8 /* SteamPricesPOC Extension.appex in Embed Foundation Extensions */,
			);
			name = "Embed Foundation Extensions";
			runOnlyForDeploymentPostprocessing = 0;
		};
/* End PBXCopyFilesBuildPhase section */

/* Begin PBXFileReference section */
		5281639E2FFD47F400B4ABF8 /* SteamPricesPOC.app */ = {isa = PBXFileReference; explicitFileType = wrapper.application; includeInIndex = 0; path = SteamPricesPOC.app; sourceTree = BUILT_PRODUCTS_DIR; };
		528163A12FFD47F400B4ABF8 /* AppDelegate.swift */ = {isa = PBXFileReference; lastKnownFileType = sourcecode.swift; path = AppDelegate.swift; sourceTree = "<group>"; };
		528163A52FFD47F400B4ABF8 /* Base */ = {isa = PBXFileReference; lastKnownFileType = text.html; name = Base; path = Base.lproj/Main.html; sourceTree = "<group>"; };
		528163A72FFD47F400B4ABF8 /* Icon.png */ = {isa = PBXFileReference; lastKnownFileType = image.png; path = Icon.png; sourceTree = "<group>"; };
		528163A92FFD47F400B4ABF8 /* Style.css */ = {isa = PBXFileReference; lastKnownFileType = text.css; path = Style.css; sourceTree = "<group>"; };
		528163AB2FFD47F400B4ABF8 /* Script.js */ = {isa = PBXFileReference; lastKnownFileType = sourcecode.javascript; path = Script.js; sourceTree = "<group>"; };
		528163AD2FFD47F400B4ABF8 /* ViewController.swift */ = {isa = PBXFileReference; lastKnownFileType = sourcecode.swift; path = ViewController.swift; sourceTree = "<group>"; };
		528163B02FFD47F400B4ABF8 /* Base */ = {isa = PBXFileReference; lastKnownFileType = file.storyboard; name = Base; path = Base.lproj/Main.storyboard; sourceTree = "<group>"; };
		528163B22FFD47F500B4ABF8 /* Assets.xcassets */ = {isa = PBXFileReference; lastKnownFileType = folder.assetcatalog; path = Assets.xcassets; sourceTree = "<group>"; };
		528163B42FFD47F500B4ABF8 /* Info.plist */ = {isa = PBXFileReference; lastKnownFileType = text.plist.xml; path = Info.plist; sourceTree = "<group>"; };
		528163B92FFD47F500B4ABF8 /* SteamPricesPOC Extension.appex */ = {isa = PBXFileReference; explicitFileType = "wrapper.app-extension"; includeInIndex = 0; path = "SteamPricesPOC Extension.appex"; sourceTree = BUILT_PRODUCTS_DIR; };
		528163BE2FFD47F500B4ABF8 /* SafariWebExtensionHandler.swift */ = {isa = PBXFileReference; lastKnownFileType = sourcecode.swift; path = SafariWebExtensionHandler.swift; sourceTree = "<group>"; };
		528163C02FFD47F500B4ABF8 /* Info.plist */ = {isa = PBXFileReference; lastKnownFileType = text.plist.xml; path = Info.plist; sourceTree = "<group>"; };
		528163CB2FFD47F500B4ABF8 /* wishlist.js */ = {isa = PBXFileReference; lastKnownFileType = sourcecode.javascript; name = wishlist.js; path = Resources/wishlist.js; sourceTree = "<group>"; };
		528163CC2FFD47F500B4ABF8 /* content.css */ = {isa = PBXFileReference; lastKnownFileType = text.css; name = content.css; path = Resources/content.css; sourceTree = "<group>"; };
		528163CD2FFD47F500B4ABF8 /* background.js */ = {isa = PBXFileReference; lastKnownFileType = sourcecode.javascript; name = background.js; path = Resources/background.js; sourceTree = "<group>"; };
		528163CE2FFD47F500B4ABF8 /* img */ = {isa = PBXFileReference; lastKnownFileType = folder; name = img; path = Resources/img; sourceTree = "<group>"; };
		528163CF2FFD47F500B4ABF8 /* manifest.json */ = {isa = PBXFileReference; lastKnownFileType = text.json; name = manifest.json; path = Resources/manifest.json; sourceTree = "<group>"; };
		528163D02FFD47F500B4ABF8 /* content.js */ = {isa = PBXFileReference; lastKnownFileType = sourcecode.javascript; name = content.js; path = Resources/content.js; sourceTree = "<group>"; };
/* End PBXFileReference section */

/* Begin PBXFrameworksBuildPhase section */
		5281639B2FFD47F400B4ABF8 /* Frameworks */ = {
			isa = PBXFrameworksBuildPhase;
			buildActionMask = 2147483647;
			files = (
			);
			runOnlyForDeploymentPostprocessing = 0;
		};
		528163B62FFD47F500B4ABF8 /* Frameworks */ = {
			isa = PBXFrameworksBuildPhase;
			buildActionMask = 2147483647;
			files = (
			);
			runOnlyForDeploymentPostprocessing = 0;
		};
/* End PBXFrameworksBuildPhase section */

/* Begin PBXGroup section */
		528163952FFD47F400B4ABF8 = {
			isa = PBXGroup;
			children = (
				528163A02FFD47F400B4ABF8 /* SteamPricesPOC */,
				528163BD2FFD47F500B4ABF8 /* SteamPricesPOC Extension */,
				5281639F2FFD47F400B4ABF8 /* Products */,
			);
			sourceTree = "<group>";
		};
		5281639F2FFD47F400B4ABF8 /* Products */ = {
			isa = PBXGroup;
			children = (
				5281639E2FFD47F400B4ABF8 /* SteamPricesPOC.app */,
				528163B92FFD47F500B4ABF8 /* SteamPricesPOC Extension.appex */,
			);
			name = Products;
			sourceTree = "<group>";
		};
		528163A02FFD47F400B4ABF8 /* SteamPricesPOC */ = {
			isa = PBXGroup;
			children = (
				528163A12FFD47F400B4ABF8 /* AppDelegate.swift */,
				528163AD2FFD47F400B4ABF8 /* ViewController.swift */,
				528163AF2FFD47F400B4ABF8 /* Main.storyboard */,
				528163B22FFD47F500B4ABF8 /* Assets.xcassets */,
				528163B42FFD47F500B4ABF8 /* Info.plist */,
				528163A32FFD47F400B4ABF8 /* Resources */,
			);
			path = SteamPricesPOC;
			sourceTree = "<group>";
		};
		528163A32FFD47F400B4ABF8 /* Resources */ = {
			isa = PBXGroup;
			children = (
				528163A42FFD47F400B4ABF8 /* Main.html */,
				528163A72FFD47F400B4ABF8 /* Icon.png */,
				528163A92FFD47F400B4ABF8 /* Style.css */,
				528163AB2FFD47F400B4ABF8 /* Script.js */,
			);
			path = Resources;
			sourceTree = "<group>";
		};
		528163BD2FFD47F500B4ABF8 /* SteamPricesPOC Extension */ = {
			isa = PBXGroup;
			children = (
				528163CA2FFD47F500B4ABF8 /* Resources */,
				528163BE2FFD47F500B4ABF8 /* SafariWebExtensionHandler.swift */,
				528163C02FFD47F500B4ABF8 /* Info.plist */,
			);
			path = "SteamPricesPOC Extension";
			sourceTree = "<group>";
		};
		528163CA2FFD47F500B4ABF8 /* Resources */ = {
			isa = PBXGroup;
			children = (
				528163CB2FFD47F500B4ABF8 /* wishlist.js */,
				528163CC2FFD47F500B4ABF8 /* content.css */,
				528163CD2FFD47F500B4ABF8 /* background.js */,
				528163CE2FFD47F500B4ABF8 /* img */,
				528163CF2FFD47F500B4ABF8 /* manifest.json */,
				528163D02FFD47F500B4ABF8 /* content.js */,
			);
			name = Resources;
			path = "SteamPricesPOC Extension";
			sourceTree = SOURCE_ROOT;
		};
/* End PBXGroup section */

/* Begin PBXNativeTarget section */
		5281639D2FFD47F400B4ABF8 /* SteamPricesPOC */ = {
			isa = PBXNativeTarget;
			buildConfigurationList = 528163C72FFD47F500B4ABF8 /* Build configuration list for PBXNativeTarget "SteamPricesPOC" */;
			buildPhases = (
				5281639A2FFD47F400B4ABF8 /* Sources */,
				5281639B2FFD47F400B4ABF8 /* Frameworks */,
				5281639C2FFD47F400B4ABF8 /* Resources */,
				528163C62FFD47F500B4ABF8 /* Embed Foundation Extensions */,
			);
			buildRules = (
			);
			dependencies = (
				528163BC2FFD47F500B4ABF8 /* PBXTargetDependency */,
			);
			name = SteamPricesPOC;
			packageProductDependencies = (
			);
			productName = SteamPricesPOC;
			productReference = 5281639E2FFD47F400B4ABF8 /* SteamPricesPOC.app */;
			productType = "com.apple.product-type.application";
		};
		528163B82FFD47F500B4ABF8 /* SteamPricesPOC Extension */ = {
			isa = PBXNativeTarget;
			buildConfigurationList = 528163C32FFD47F500B4ABF8 /* Build configuration list for PBXNativeTarget "SteamPricesPOC Extension" */;
			buildPhases = (
				528163B52FFD47F500B4ABF8 /* Sources */,
				528163B62FFD47F500B4ABF8 /* Frameworks */,
				528163B72FFD47F500B4ABF8 /* Resources */,
			);
			buildRules = (
			);
			dependencies = (
			);
			name = "SteamPricesPOC Extension";
			packageProductDependencies = (
			);
			productName = "SteamPricesPOC Extension";
			productReference = 528163B92FFD47F500B4ABF8 /* SteamPricesPOC Extension.appex */;
			productType = "com.apple.product-type.app-extension";
		};
/* End PBXNativeTarget section */

/* Begin PBXProject section */
		528163962FFD47F400B4ABF8 /* Project object */ = {
			isa = PBXProject;
			attributes = {
				BuildIndependentTargetsInParallel = 1;
				LastSwiftUpdateCheck = 2660;
				LastUpgradeCheck = 2660;
				TargetAttributes = {
					5281639D2FFD47F400B4ABF8 = {
						CreatedOnToolsVersion = 26.6;
					};
					528163B82FFD47F500B4ABF8 = {
						CreatedOnToolsVersion = 26.6;
					};
				};
			};
			buildConfigurationList = 528163992FFD47F400B4ABF8 /* Build configuration list for PBXProject "SteamPricesPOC" */;
			developmentRegion = en;
			hasScannedForEncodings = 0;
			knownRegions = (
				en,
				Base,
			);
			mainGroup = 528163952FFD47F400B4ABF8;
			minimizedProjectReferenceProxies = 1;
			preferredProjectObjectVersion = 77;
			productRefGroup = 5281639F2FFD47F400B4ABF8 /* Products */;
			projectDirPath = "";
			projectRoot = "";
			targets = (
				5281639D2FFD47F400B4ABF8 /* SteamPricesPOC */,
				528163B82FFD47F500B4ABF8 /* SteamPricesPOC Extension */,
			);
		};
/* End PBXProject section */

/* Begin PBXResourcesBuildPhase section */
		5281639C2FFD47F400B4ABF8 /* Resources */ = {
			isa = PBXResourcesBuildPhase;
			buildActionMask = 2147483647;
			files = (
				528163A82FFD47F400B4ABF8 /* Icon.png in Resources */,
				528163B12FFD47F400B4ABF8 /* Main.storyboard in Resources */,
				528163AC2FFD47F400B4ABF8 /* Script.js in Resources */,
				528163A62FFD47F400B4ABF8 /* Main.html in Resources */,
				528163B32FFD47F500B4ABF8 /* Assets.xcassets in Resources */,
				528163AA2FFD47F400B4ABF8 /* Style.css in Resources */,
			);
			runOnlyForDeploymentPostprocessing = 0;
		};
		528163B72FFD47F500B4ABF8 /* Resources */ = {
			isa = PBXResourcesBuildPhase;
			buildActionMask = 2147483647;
			files = (
				528163D62FFD47F500B4ABF8 /* content.js in Resources */,
				528163D42FFD47F500B4ABF8 /* img in Resources */,
				528163D12FFD47F500B4ABF8 /* wishlist.js in Resources */,
				528163D52FFD47F500B4ABF8 /* manifest.json in Resources */,
				528163D32FFD47F500B4ABF8 /* background.js in Resources */,
				528163D22FFD47F500B4ABF8 /* content.css in Resources */,
			);
			runOnlyForDeploymentPostprocessing = 0;
		};
/* End PBXResourcesBuildPhase section */

/* Begin PBXSourcesBuildPhase section */
		5281639A2FFD47F400B4ABF8 /* Sources */ = {
			isa = PBXSourcesBuildPhase;
			buildActionMask = 2147483647;
			files = (
				528163AE2FFD47F400B4ABF8 /* ViewController.swift in Sources */,
				528163A22FFD47F400B4ABF8 /* AppDelegate.swift in Sources */,
			);
			runOnlyForDeploymentPostprocessing = 0;
		};
		528163B52FFD47F500B4ABF8 /* Sources */ = {
			isa = PBXSourcesBuildPhase;
			buildActionMask = 2147483647;
			files = (
				528163BF2FFD47F500B4ABF8 /* SafariWebExtensionHandler.swift in Sources */,
			);
			runOnlyForDeploymentPostprocessing = 0;
		};
/* End PBXSourcesBuildPhase section */

/* Begin PBXTargetDependency section */
		528163BC2FFD47F500B4ABF8 /* PBXTargetDependency */ = {
			isa = PBXTargetDependency;
			target = 528163B82FFD47F500B4ABF8 /* SteamPricesPOC Extension */;
			targetProxy = 528163BB2FFD47F500B4ABF8 /* PBXContainerItemProxy */;
		};
/* End PBXTargetDependency section */

/* Begin PBXVariantGroup section */
		528163A42FFD47F400B4ABF8 /* Main.html */ = {
			isa = PBXVariantGroup;
			children = (
				528163A52FFD47F400B4ABF8 /* Base */,
			);
			name = Main.html;
			sourceTree = "<group>";
		};
		528163AF2FFD47F400B4ABF8 /* Main.storyboard */ = {
			isa = PBXVariantGroup;
			children = (
				528163B02FFD47F400B4ABF8 /* Base */,
			);
			name = Main.storyboard;
			sourceTree = "<group>";
		};
/* End PBXVariantGroup section */

/* Begin XCBuildConfiguration section */
		528163C12FFD47F500B4ABF8 /* Debug */ = {
			isa = XCBuildConfiguration;
			buildSettings = {
				ALWAYS_SEARCH_USER_PATHS = NO;
				ASSETCATALOG_COMPILER_GENERATE_SWIFT_ASSET_SYMBOL_EXTENSIONS = YES;
				CLANG_ANALYZER_NONNULL = YES;
				CLANG_ANALYZER_NUMBER_OBJECT_CONVERSION = YES_AGGRESSIVE;
				CLANG_CXX_LANGUAGE_STANDARD = "gnu++20";
				CLANG_ENABLE_MODULES = YES;
				CLANG_ENABLE_OBJC_ARC = YES;
				CLANG_ENABLE_OBJC_WEAK = YES;
				CLANG_WARN_BLOCK_CAPTURE_AUTORELEASING = YES;
				CLANG_WARN_BOOL_CONVERSION = YES;
				CLANG_WARN_COMMA = YES;
				CLANG_WARN_CONSTANT_CONVERSION = YES;
				CLANG_WARN_DEPRECATED_OBJC_IMPLEMENTATIONS = YES;
				CLANG_WARN_DIRECT_OBJC_ISA_USAGE = YES_ERROR;
				CLANG_WARN_DOCUMENTATION_COMMENTS = YES;
				CLANG_WARN_EMPTY_BODY = YES;
				CLANG_WARN_ENUM_CONVERSION = YES;
				CLANG_WARN_INFINITE_RECURSION = YES;
				CLANG_WARN_INT_CONVERSION = YES;
				CLANG_WARN_NON_LITERAL_NULL_CONVERSION = YES;
				CLANG_WARN_OBJC_IMPLICIT_RETAIN_SELF = YES;
				CLANG_WARN_OBJC_LITERAL_CONVERSION = YES;
				CLANG_WARN_OBJC_ROOT_CLASS = YES_ERROR;
				CLANG_WARN_QUOTED_INCLUDE_IN_FRAMEWORK_HEADER = YES;
				CLANG_WARN_RANGE_LOOP_ANALYSIS = YES;
				CLANG_WARN_STRICT_PROTOTYPES = YES;
				CLANG_WARN_SUSPICIOUS_MOVE = YES;
				CLANG_WARN_UNGUARDED_AVAILABILITY = YES_AGGRESSIVE;
				CLANG_WARN_UNREACHABLE_CODE = YES;
				CLANG_WARN__DUPLICATE_METHOD_MATCH = YES;
				COPY_PHASE_STRIP = NO;
				DEBUG_INFORMATION_FORMAT = dwarf;
				ENABLE_STRICT_OBJC_MSGSEND = YES;
				ENABLE_TESTABILITY = YES;
				ENABLE_USER_SCRIPT_SANDBOXING = YES;
				GCC_C_LANGUAGE_STANDARD = gnu17;
				GCC_DYNAMIC_NO_PIC = NO;
				GCC_NO_COMMON_BLOCKS = YES;
				GCC_OPTIMIZATION_LEVEL = 0;
				GCC_PREPROCESSOR_DEFINITIONS = (
					"DEBUG=1",
					"$(inherited)",
				);
				GCC_WARN_64_TO_32_BIT_CONVERSION = YES;
				GCC_WARN_ABOUT_RETURN_TYPE = YES_ERROR;
				GCC_WARN_UNDECLARED_SELECTOR = YES;
				GCC_WARN_UNINITIALIZED_AUTOS = YES_AGGRESSIVE;
				GCC_WARN_UNUSED_FUNCTION = YES;
				GCC_WARN_UNUSED_VARIABLE = YES;
				LOCALIZATION_PREFERS_STRING_CATALOGS = YES;
				MACOSX_DEPLOYMENT_TARGET = 26.5;
				MTL_ENABLE_DEBUG_INFO = INCLUDE_SOURCE;
				MTL_FAST_MATH = YES;
				ONLY_ACTIVE_ARCH = YES;
				SDKROOT = macosx;
				SWIFT_ACTIVE_COMPILATION_CONDITIONS = "DEBUG $(inherited)";
				SWIFT_OPTIMIZATION_LEVEL = "-Onone";
			};
			name = Debug;
		};
		528163C22FFD47F500B4ABF8 /* Release */ = {
			isa = XCBuildConfiguration;
			buildSettings = {
				ALWAYS_SEARCH_USER_PATHS = NO;
				ASSETCATALOG_COMPILER_GENERATE_SWIFT_ASSET_SYMBOL_EXTENSIONS = YES;
				CLANG_ANALYZER_NONNULL = YES;
				CLANG_ANALYZER_NUMBER_OBJECT_CONVERSION = YES_AGGRESSIVE;
				CLANG_CXX_LANGUAGE_STANDARD = "gnu++20";
				CLANG_ENABLE_MODULES = YES;
				CLANG_ENABLE_OBJC_ARC = YES;
				CLANG_ENABLE_OBJC_WEAK = YES;
				CLANG_WARN_BLOCK_CAPTURE_AUTORELEASING = YES;
				CLANG_WARN_BOOL_CONVERSION = YES;
				CLANG_WARN_COMMA = YES;
				CLANG_WARN_CONSTANT_CONVERSION = YES;
				CLANG_WARN_DEPRECATED_OBJC_IMPLEMENTATIONS = YES;
				CLANG_WARN_DIRECT_OBJC_ISA_USAGE = YES_ERROR;
				CLANG_WARN_DOCUMENTATION_COMMENTS = YES;
				CLANG_WARN_EMPTY_BODY = YES;
				CLANG_WARN_ENUM_CONVERSION = YES;
				CLANG_WARN_INFINITE_RECURSION = YES;
				CLANG_WARN_INT_CONVERSION = YES;
				CLANG_WARN_NON_LITERAL_NULL_CONVERSION = YES;
				CLANG_WARN_OBJC_IMPLICIT_RETAIN_SELF = YES;
				CLANG_WARN_OBJC_LITERAL_CONVERSION = YES;
				CLANG_WARN_OBJC_ROOT_CLASS = YES_ERROR;
				CLANG_WARN_QUOTED_INCLUDE_IN_FRAMEWORK_HEADER = YES;
				CLANG_WARN_RANGE_LOOP_ANALYSIS = YES;
				CLANG_WARN_STRICT_PROTOTYPES = YES;
				CLANG_WARN_SUSPICIOUS_MOVE = YES;
				CLANG_WARN_UNGUARDED_AVAILABILITY = YES_AGGRESSIVE;
				CLANG_WARN_UNREACHABLE_CODE = YES;
				CLANG_WARN__DUPLICATE_METHOD_MATCH = YES;
				COPY_PHASE_STRIP = NO;
				DEBUG_INFORMATION_FORMAT = "dwarf-with-dsym";
				ENABLE_NS_ASSERTIONS = NO;
				ENABLE_STRICT_OBJC_MSGSEND = YES;
				ENABLE_USER_SCRIPT_SANDBOXING = YES;
				GCC_C_LANGUAGE_STANDARD = gnu17;
				GCC_NO_COMMON_BLOCKS = YES;
				GCC_WARN_64_TO_32_BIT_CONVERSION = YES;
				GCC_WARN_ABOUT_RETURN_TYPE = YES_ERROR;
				GCC_WARN_UNDECLARED_SELECTOR = YES;
				GCC_WARN_UNINITIALIZED_AUTOS = YES_AGGRESSIVE;
				GCC_WARN_UNUSED_FUNCTION = YES;
				GCC_WARN_UNUSED_VARIABLE = YES;
				LOCALIZATION_PREFERS_STRING_CATALOGS = YES;
				MACOSX_DEPLOYMENT_TARGET = 26.5;
				MTL_ENABLE_DEBUG_INFO = NO;
				MTL_FAST_MATH = YES;
				SDKROOT = macosx;
				SWIFT_COMPILATION_MODE = wholemodule;
			};
			name = Release;
		};
		528163C42FFD47F500B4ABF8 /* Debug */ = {
			isa = XCBuildConfiguration;
			buildSettings = {
				CODE_SIGN_STYLE = Automatic;
				CURRENT_PROJECT_VERSION = 1;
				ENABLE_APP_SANDBOX = YES;
				ENABLE_HARDENED_RUNTIME = YES;
				ENABLE_USER_SELECTED_FILES = readonly;
				GENERATE_INFOPLIST_FILE = YES;
				INFOPLIST_FILE = "SteamPricesPOC Extension/Info.plist";
				INFOPLIST_KEY_CFBundleDisplayName = "SteamPricesPOC Extension";
				INFOPLIST_KEY_NSHumanReadableCopyright = "";
				LD_RUNPATH_SEARCH_PATHS = (
					"$(inherited)",
					"@executable_path/../Frameworks",
					"@executable_path/../../../../Frameworks",
				);
				MACOSX_DEPLOYMENT_TARGET = 10.14;
				MARKETING_VERSION = 1.0;
				OTHER_LDFLAGS = (
					"-framework",
					SafariServices,
				);
				DEVELOPMENT_TEAM = 7UFLPXKQC2; PRODUCT_BUNDLE_IDENTIFIER = com.dguevara.SteamPricesPOC.Extension;
				PRODUCT_NAME = "$(TARGET_NAME)";
				SKIP_INSTALL = YES;
				STRING_CATALOG_GENERATE_SYMBOLS = YES;
				SWIFT_APPROACHABLE_CONCURRENCY = YES;
				SWIFT_EMIT_LOC_STRINGS = YES;
				SWIFT_UPCOMING_FEATURE_MEMBER_IMPORT_VISIBILITY = YES;
				SWIFT_VERSION = 5.0;
			};
			name = Debug;
		};
		528163C52FFD47F500B4ABF8 /* Release */ = {
			isa = XCBuildConfiguration;
			buildSettings = {
				CODE_SIGN_STYLE = Automatic;
				CURRENT_PROJECT_VERSION = 1;
				ENABLE_APP_SANDBOX = YES;
				ENABLE_HARDENED_RUNTIME = YES;
				ENABLE_USER_SELECTED_FILES = readonly;
				GENERATE_INFOPLIST_FILE = YES;
				INFOPLIST_FILE = "SteamPricesPOC Extension/Info.plist";
				INFOPLIST_KEY_CFBundleDisplayName = "SteamPricesPOC Extension";
				INFOPLIST_KEY_NSHumanReadableCopyright = "";
				LD_RUNPATH_SEARCH_PATHS = (
					"$(inherited)",
					"@executable_path/../Frameworks",
					"@executable_path/../../../../Frameworks",
				);
				MACOSX_DEPLOYMENT_TARGET = 10.14;
				MARKETING_VERSION = 1.0;
				OTHER_LDFLAGS = (
					"-framework",
					SafariServices,
				);
				DEVELOPMENT_TEAM = 7UFLPXKQC2; PRODUCT_BUNDLE_IDENTIFIER = com.dguevara.SteamPricesPOC.Extension;
				PRODUCT_NAME = "$(TARGET_NAME)";
				SKIP_INSTALL = YES;
				STRING_CATALOG_GENERATE_SYMBOLS = YES;
				SWIFT_APPROACHABLE_CONCURRENCY = YES;
				SWIFT_EMIT_LOC_STRINGS = YES;
				SWIFT_UPCOMING_FEATURE_MEMBER_IMPORT_VISIBILITY = YES;
				SWIFT_VERSION = 5.0;
			};
			name = Release;
		};
		528163C82FFD47F500B4ABF8 /* Debug */ = {
			isa = XCBuildConfiguration;
			buildSettings = {
				ASSETCATALOG_COMPILER_APPICON_NAME = AppIcon;
				ASSETCATALOG_COMPILER_GLOBAL_ACCENT_COLOR_NAME = AccentColor;
				CODE_SIGN_STYLE = Automatic;
				COMBINE_HIDPI_IMAGES = YES;
				CURRENT_PROJECT_VERSION = 1;
				ENABLE_APP_SANDBOX = YES;
				ENABLE_HARDENED_RUNTIME = YES;
				ENABLE_OUTGOING_NETWORK_CONNECTIONS = YES;
				ENABLE_USER_SELECTED_FILES = readonly;
				GENERATE_INFOPLIST_FILE = YES;
				INFOPLIST_FILE = SteamPricesPOC/Info.plist;
				INFOPLIST_KEY_CFBundleDisplayName = SteamPricesPOC;
				INFOPLIST_KEY_NSHumanReadableCopyright = "";
				INFOPLIST_KEY_NSMainStoryboardFile = Main;
				INFOPLIST_KEY_NSPrincipalClass = NSApplication;
				LD_RUNPATH_SEARCH_PATHS = (
					"$(inherited)",
					"@executable_path/../Frameworks",
				);
				MARKETING_VERSION = 1.0;
				OTHER_LDFLAGS = (
					"-framework",
					SafariServices,
					"-framework",
					WebKit,
				);
				DEVELOPMENT_TEAM = 7UFLPXKQC2; PRODUCT_BUNDLE_IDENTIFIER = com.dguevara.SteamPricesPOC;
				PRODUCT_NAME = "$(TARGET_NAME)";
				REGISTER_APP_GROUPS = YES;
				STRING_CATALOG_GENERATE_SYMBOLS = YES;
				SWIFT_APPROACHABLE_CONCURRENCY = YES;
				SWIFT_DEFAULT_ACTOR_ISOLATION = MainActor;
				SWIFT_EMIT_LOC_STRINGS = YES;
				SWIFT_UPCOMING_FEATURE_MEMBER_IMPORT_VISIBILITY = YES;
				SWIFT_VERSION = 5.0;
			};
			name = Debug;
		};
		528163C92FFD47F500B4ABF8 /* Release */ = {
			isa = XCBuildConfiguration;
			buildSettings = {
				ASSETCATALOG_COMPILER_APPICON_NAME = AppIcon;
				ASSETCATALOG_COMPILER_GLOBAL_ACCENT_COLOR_NAME = AccentColor;
				CODE_SIGN_STYLE = Automatic;
				COMBINE_HIDPI_IMAGES = YES;
				CURRENT_PROJECT_VERSION = 1;
				ENABLE_APP_SANDBOX = YES;
				ENABLE_HARDENED_RUNTIME = YES;
				ENABLE_OUTGOING_NETWORK_CONNECTIONS = YES;
				ENABLE_USER_SELECTED_FILES = readonly;
				GENERATE_INFOPLIST_FILE = YES;
				INFOPLIST_FILE = SteamPricesPOC/Info.plist;
				INFOPLIST_KEY_CFBundleDisplayName = SteamPricesPOC;
				INFOPLIST_KEY_NSHumanReadableCopyright = "";
				INFOPLIST_KEY_NSMainStoryboardFile = Main;
				INFOPLIST_KEY_NSPrincipalClass = NSApplication;
				LD_RUNPATH_SEARCH_PATHS = (
					"$(inherited)",
					"@executable_path/../Frameworks",
				);
				MARKETING_VERSION = 1.0;
				OTHER_LDFLAGS = (
					"-framework",
					SafariServices,
					"-framework",
					WebKit,
				);
				DEVELOPMENT_TEAM = 7UFLPXKQC2; PRODUCT_BUNDLE_IDENTIFIER = com.dguevara.SteamPricesPOC;
				PRODUCT_NAME = "$(TARGET_NAME)";
				REGISTER_APP_GROUPS = YES;
				STRING_CATALOG_GENERATE_SYMBOLS = YES;
				SWIFT_APPROACHABLE_CONCURRENCY = YES;
				SWIFT_DEFAULT_ACTOR_ISOLATION = MainActor;
				SWIFT_EMIT_LOC_STRINGS = YES;
				SWIFT_UPCOMING_FEATURE_MEMBER_IMPORT_VISIBILITY = YES;
				SWIFT_VERSION = 5.0;
			};
			name = Release;
		};
/* End XCBuildConfiguration section */

/* Begin XCConfigurationList section */
		528163992FFD47F400B4ABF8 /* Build configuration list for PBXProject "SteamPricesPOC" */ = {
			isa = XCConfigurationList;
			buildConfigurations = (
				528163C12FFD47F500B4ABF8 /* Debug */,
				528163C22FFD47F500B4ABF8 /* Release */,
			);
			defaultConfigurationIsVisible = 0;
			defaultConfigurationName = Release;
		};
		528163C32FFD47F500B4ABF8 /* Build configuration list for PBXNativeTarget "SteamPricesPOC Extension" */ = {
			isa = XCConfigurationList;
			buildConfigurations = (
				528163C42FFD47F500B4ABF8 /* Debug */,
				528163C52FFD47F500B4ABF8 /* Release */,
			);
			defaultConfigurationIsVisible = 0;
			defaultConfigurationName = Release;
		};
		528163C72FFD47F500B4ABF8 /* Build configuration list for PBXNativeTarget "SteamPricesPOC" */ = {
			isa = XCConfigurationList;
			buildConfigurations = (
				528163C82FFD47F500B4ABF8 /* Debug */,
				528163C92FFD47F500B4ABF8 /* Release */,
			);
			defaultConfigurationIsVisible = 0;
			defaultConfigurationName = Release;
		};
/* End XCConfigurationList section */
	};
	rootObject = 528163962FFD47F400B4ABF8 /* Project object */;
}
