// !$*UTF8*$!
{
	archiveVersion = 1;
	classes = {
	};
	objectVersion = 77;
	objects = {

/* Begin PBXBuildFile section */
		520BE5002FFD433F001D8F54 /* AppDelegate.swift in Sources */ = {isa = PBXBuildFile; fileRef = 520BE4FF2FFD433F001D8F54 /* AppDelegate.swift */; };
		520BE5042FFD433F001D8F54 /* Main.html in Resources */ = {isa = PBXBuildFile; fileRef = 520BE5022FFD433F001D8F54 /* Main.html */; };
		520BE5062FFD433F001D8F54 /* Icon.png in Resources */ = {isa = PBXBuildFile; fileRef = 520BE5052FFD433F001D8F54 /* Icon.png */; };
		520BE5082FFD433F001D8F54 /* Style.css in Resources */ = {isa = PBXBuildFile; fileRef = 520BE5072FFD433F001D8F54 /* Style.css */; };
		520BE50A2FFD433F001D8F54 /* Script.js in Resources */ = {isa = PBXBuildFile; fileRef = 520BE5092FFD433F001D8F54 /* Script.js */; };
		520BE50C2FFD433F001D8F54 /* ViewController.swift in Sources */ = {isa = PBXBuildFile; fileRef = 520BE50B2FFD433F001D8F54 /* ViewController.swift */; };
		520BE50F2FFD433F001D8F54 /* Main.storyboard in Resources */ = {isa = PBXBuildFile; fileRef = 520BE50D2FFD433F001D8F54 /* Main.storyboard */; };
		520BE5112FFD4340001D8F54 /* Assets.xcassets in Resources */ = {isa = PBXBuildFile; fileRef = 520BE5102FFD4340001D8F54 /* Assets.xcassets */; };
		520BE5182FFD4340001D8F54 /* SteamPricesPOC Extension.appex in Embed Foundation Extensions */ = {isa = PBXBuildFile; fileRef = 520BE5172FFD4340001D8F54 /* SteamPricesPOC Extension.appex */; settings = {ATTRIBUTES = (RemoveHeadersOnCopy, ); }; };
		520BE51D2FFD4340001D8F54 /* SafariWebExtensionHandler.swift in Sources */ = {isa = PBXBuildFile; fileRef = 520BE51C2FFD4340001D8F54 /* SafariWebExtensionHandler.swift */; };
		520BE52D2FFD4341001D8F54 /* content.css in Resources */ = {isa = PBXBuildFile; fileRef = 520BE5292FFD4341001D8F54 /* content.css */; };
		520BE52E2FFD4341001D8F54 /* background.js in Resources */ = {isa = PBXBuildFile; fileRef = 520BE52A2FFD4341001D8F54 /* background.js */; };
		520BE52F2FFD4341001D8F54 /* manifest.json in Resources */ = {isa = PBXBuildFile; fileRef = 520BE52B2FFD4341001D8F54 /* manifest.json */; };
		520BE5302FFD4341001D8F54 /* content.js in Resources */ = {isa = PBXBuildFile; fileRef = 520BE52C2FFD4341001D8F54 /* content.js */; };
/* End PBXBuildFile section */

/* Begin PBXContainerItemProxy section */
		520BE5192FFD4340001D8F54 /* PBXContainerItemProxy */ = {
			isa = PBXContainerItemProxy;
			containerPortal = 520BE4F42FFD433F001D8F54 /* Project object */;
			proxyType = 1;
			remoteGlobalIDString = 520BE5162FFD4340001D8F54;
			remoteInfo = "SteamPricesPOC Extension";
		};
/* End PBXContainerItemProxy section */

/* Begin PBXCopyFilesBuildPhase section */
		520BE5242FFD4340001D8F54 /* Embed Foundation Extensions */ = {
			isa = PBXCopyFilesBuildPhase;
			buildActionMask = 2147483647;
			dstPath = "";
			dstSubfolderSpec = 13;
			files = (
				520BE5182FFD4340001D8F54 /* SteamPricesPOC Extension.appex in Embed Foundation Extensions */,
			);
			name = "Embed Foundation Extensions";
			runOnlyForDeploymentPostprocessing = 0;
		};
/* End PBXCopyFilesBuildPhase section */

/* Begin PBXFileReference section */
		520BE4FC2FFD433F001D8F54 /* SteamPricesPOC.app */ = {isa = PBXFileReference; explicitFileType = wrapper.application; includeInIndex = 0; path = SteamPricesPOC.app; sourceTree = BUILT_PRODUCTS_DIR; };
		520BE4FF2FFD433F001D8F54 /* AppDelegate.swift */ = {isa = PBXFileReference; lastKnownFileType = sourcecode.swift; path = AppDelegate.swift; sourceTree = "<group>"; };
		520BE5032FFD433F001D8F54 /* Base */ = {isa = PBXFileReference; lastKnownFileType = text.html; name = Base; path = Base.lproj/Main.html; sourceTree = "<group>"; };
		520BE5052FFD433F001D8F54 /* Icon.png */ = {isa = PBXFileReference; lastKnownFileType = image.png; path = Icon.png; sourceTree = "<group>"; };
		520BE5072FFD433F001D8F54 /* Style.css */ = {isa = PBXFileReference; lastKnownFileType = text.css; path = Style.css; sourceTree = "<group>"; };
		520BE5092FFD433F001D8F54 /* Script.js */ = {isa = PBXFileReference; lastKnownFileType = sourcecode.javascript; path = Script.js; sourceTree = "<group>"; };
		520BE50B2FFD433F001D8F54 /* ViewController.swift */ = {isa = PBXFileReference; lastKnownFileType = sourcecode.swift; path = ViewController.swift; sourceTree = "<group>"; };
		520BE50E2FFD433F001D8F54 /* Base */ = {isa = PBXFileReference; lastKnownFileType = file.storyboard; name = Base; path = Base.lproj/Main.storyboard; sourceTree = "<group>"; };
		520BE5102FFD4340001D8F54 /* Assets.xcassets */ = {isa = PBXFileReference; lastKnownFileType = folder.assetcatalog; path = Assets.xcassets; sourceTree = "<group>"; };
		520BE5122FFD4340001D8F54 /* Info.plist */ = {isa = PBXFileReference; lastKnownFileType = text.plist.xml; path = Info.plist; sourceTree = "<group>"; };
		520BE5172FFD4340001D8F54 /* SteamPricesPOC Extension.appex */ = {isa = PBXFileReference; explicitFileType = "wrapper.app-extension"; includeInIndex = 0; path = "SteamPricesPOC Extension.appex"; sourceTree = BUILT_PRODUCTS_DIR; };
		520BE51C2FFD4340001D8F54 /* SafariWebExtensionHandler.swift */ = {isa = PBXFileReference; lastKnownFileType = sourcecode.swift; path = SafariWebExtensionHandler.swift; sourceTree = "<group>"; };
		520BE51E2FFD4340001D8F54 /* Info.plist */ = {isa = PBXFileReference; lastKnownFileType = text.plist.xml; path = Info.plist; sourceTree = "<group>"; };
		520BE5292FFD4341001D8F54 /* content.css */ = {isa = PBXFileReference; lastKnownFileType = text.css; name = content.css; path = Resources/content.css; sourceTree = "<group>"; };
		520BE52A2FFD4341001D8F54 /* background.js */ = {isa = PBXFileReference; lastKnownFileType = sourcecode.javascript; name = background.js; path = Resources/background.js; sourceTree = "<group>"; };
		520BE52B2FFD4341001D8F54 /* manifest.json */ = {isa = PBXFileReference; lastKnownFileType = text.json; name = manifest.json; path = Resources/manifest.json; sourceTree = "<group>"; };
		520BE52C2FFD4341001D8F54 /* content.js */ = {isa = PBXFileReference; lastKnownFileType = sourcecode.javascript; name = content.js; path = Resources/content.js; sourceTree = "<group>"; };
/* End PBXFileReference section */

/* Begin PBXFrameworksBuildPhase section */
		520BE4F92FFD433F001D8F54 /* Frameworks */ = {
			isa = PBXFrameworksBuildPhase;
			buildActionMask = 2147483647;
			files = (
			);
			runOnlyForDeploymentPostprocessing = 0;
		};
		520BE5142FFD4340001D8F54 /* Frameworks */ = {
			isa = PBXFrameworksBuildPhase;
			buildActionMask = 2147483647;
			files = (
			);
			runOnlyForDeploymentPostprocessing = 0;
		};
/* End PBXFrameworksBuildPhase section */

/* Begin PBXGroup section */
		520BE4F32FFD433F001D8F54 = {
			isa = PBXGroup;
			children = (
				520BE4FE2FFD433F001D8F54 /* SteamPricesPOC */,
				520BE51B2FFD4340001D8F54 /* SteamPricesPOC Extension */,
				520BE4FD2FFD433F001D8F54 /* Products */,
			);
			sourceTree = "<group>";
		};
		520BE4FD2FFD433F001D8F54 /* Products */ = {
			isa = PBXGroup;
			children = (
				520BE4FC2FFD433F001D8F54 /* SteamPricesPOC.app */,
				520BE5172FFD4340001D8F54 /* SteamPricesPOC Extension.appex */,
			);
			name = Products;
			sourceTree = "<group>";
		};
		520BE4FE2FFD433F001D8F54 /* SteamPricesPOC */ = {
			isa = PBXGroup;
			children = (
				520BE4FF2FFD433F001D8F54 /* AppDelegate.swift */,
				520BE50B2FFD433F001D8F54 /* ViewController.swift */,
				520BE50D2FFD433F001D8F54 /* Main.storyboard */,
				520BE5102FFD4340001D8F54 /* Assets.xcassets */,
				520BE5122FFD4340001D8F54 /* Info.plist */,
				520BE5012FFD433F001D8F54 /* Resources */,
			);
			path = SteamPricesPOC;
			sourceTree = "<group>";
		};
		520BE5012FFD433F001D8F54 /* Resources */ = {
			isa = PBXGroup;
			children = (
				520BE5022FFD433F001D8F54 /* Main.html */,
				520BE5052FFD433F001D8F54 /* Icon.png */,
				520BE5072FFD433F001D8F54 /* Style.css */,
				520BE5092FFD433F001D8F54 /* Script.js */,
			);
			path = Resources;
			sourceTree = "<group>";
		};
		520BE51B2FFD4340001D8F54 /* SteamPricesPOC Extension */ = {
			isa = PBXGroup;
			children = (
				520BE5282FFD4341001D8F54 /* Resources */,
				520BE51C2FFD4340001D8F54 /* SafariWebExtensionHandler.swift */,
				520BE51E2FFD4340001D8F54 /* Info.plist */,
			);
			path = "SteamPricesPOC Extension";
			sourceTree = "<group>";
		};
		520BE5282FFD4341001D8F54 /* Resources */ = {
			isa = PBXGroup;
			children = (
				520BE5292FFD4341001D8F54 /* content.css */,
				520BE52A2FFD4341001D8F54 /* background.js */,
				520BE52B2FFD4341001D8F54 /* manifest.json */,
				520BE52C2FFD4341001D8F54 /* content.js */,
			);
			name = Resources;
			path = "SteamPricesPOC Extension";
			sourceTree = SOURCE_ROOT;
		};
/* End PBXGroup section */

/* Begin PBXNativeTarget section */
		520BE4FB2FFD433F001D8F54 /* SteamPricesPOC */ = {
			isa = PBXNativeTarget;
			buildConfigurationList = 520BE5252FFD4340001D8F54 /* Build configuration list for PBXNativeTarget "SteamPricesPOC" */;
			buildPhases = (
				520BE4F82FFD433F001D8F54 /* Sources */,
				520BE4F92FFD433F001D8F54 /* Frameworks */,
				520BE4FA2FFD433F001D8F54 /* Resources */,
				520BE5242FFD4340001D8F54 /* Embed Foundation Extensions */,
			);
			buildRules = (
			);
			dependencies = (
				520BE51A2FFD4340001D8F54 /* PBXTargetDependency */,
			);
			name = SteamPricesPOC;
			packageProductDependencies = (
			);
			productName = SteamPricesPOC;
			productReference = 520BE4FC2FFD433F001D8F54 /* SteamPricesPOC.app */;
			productType = "com.apple.product-type.application";
		};
		520BE5162FFD4340001D8F54 /* SteamPricesPOC Extension */ = {
			isa = PBXNativeTarget;
			buildConfigurationList = 520BE5212FFD4340001D8F54 /* Build configuration list for PBXNativeTarget "SteamPricesPOC Extension" */;
			buildPhases = (
				520BE5132FFD4340001D8F54 /* Sources */,
				520BE5142FFD4340001D8F54 /* Frameworks */,
				520BE5152FFD4340001D8F54 /* Resources */,
			);
			buildRules = (
			);
			dependencies = (
			);
			name = "SteamPricesPOC Extension";
			packageProductDependencies = (
			);
			productName = "SteamPricesPOC Extension";
			productReference = 520BE5172FFD4340001D8F54 /* SteamPricesPOC Extension.appex */;
			productType = "com.apple.product-type.app-extension";
		};
/* End PBXNativeTarget section */

/* Begin PBXProject section */
		520BE4F42FFD433F001D8F54 /* Project object */ = {
			isa = PBXProject;
			attributes = {
				BuildIndependentTargetsInParallel = 1;
				LastSwiftUpdateCheck = 2660;
				LastUpgradeCheck = 2660;
				TargetAttributes = {
					520BE4FB2FFD433F001D8F54 = {
						CreatedOnToolsVersion = 26.6;
					};
					520BE5162FFD4340001D8F54 = {
						CreatedOnToolsVersion = 26.6;
					};
				};
			};
			buildConfigurationList = 520BE4F72FFD433F001D8F54 /* Build configuration list for PBXProject "SteamPricesPOC" */;
			developmentRegion = en;
			hasScannedForEncodings = 0;
			knownRegions = (
				en,
				Base,
			);
			mainGroup = 520BE4F32FFD433F001D8F54;
			minimizedProjectReferenceProxies = 1;
			preferredProjectObjectVersion = 77;
			productRefGroup = 520BE4FD2FFD433F001D8F54 /* Products */;
			projectDirPath = "";
			projectRoot = "";
			targets = (
				520BE4FB2FFD433F001D8F54 /* SteamPricesPOC */,
				520BE5162FFD4340001D8F54 /* SteamPricesPOC Extension */,
			);
		};
/* End PBXProject section */

/* Begin PBXResourcesBuildPhase section */
		520BE4FA2FFD433F001D8F54 /* Resources */ = {
			isa = PBXResourcesBuildPhase;
			buildActionMask = 2147483647;
			files = (
				520BE5062FFD433F001D8F54 /* Icon.png in Resources */,
				520BE50F2FFD433F001D8F54 /* Main.storyboard in Resources */,
				520BE50A2FFD433F001D8F54 /* Script.js in Resources */,
				520BE5042FFD433F001D8F54 /* Main.html in Resources */,
				520BE5112FFD4340001D8F54 /* Assets.xcassets in Resources */,
				520BE5082FFD433F001D8F54 /* Style.css in Resources */,
			);
			runOnlyForDeploymentPostprocessing = 0;
		};
		520BE5152FFD4340001D8F54 /* Resources */ = {
			isa = PBXResourcesBuildPhase;
			buildActionMask = 2147483647;
			files = (
				520BE5302FFD4341001D8F54 /* content.js in Resources */,
				520BE52E2FFD4341001D8F54 /* background.js in Resources */,
				520BE52F2FFD4341001D8F54 /* manifest.json in Resources */,
				520BE52D2FFD4341001D8F54 /* content.css in Resources */,
			);
			runOnlyForDeploymentPostprocessing = 0;
		};
/* End PBXResourcesBuildPhase section */

/* Begin PBXSourcesBuildPhase section */
		520BE4F82FFD433F001D8F54 /* Sources */ = {
			isa = PBXSourcesBuildPhase;
			buildActionMask = 2147483647;
			files = (
				520BE50C2FFD433F001D8F54 /* ViewController.swift in Sources */,
				520BE5002FFD433F001D8F54 /* AppDelegate.swift in Sources */,
			);
			runOnlyForDeploymentPostprocessing = 0;
		};
		520BE5132FFD4340001D8F54 /* Sources */ = {
			isa = PBXSourcesBuildPhase;
			buildActionMask = 2147483647;
			files = (
				520BE51D2FFD4340001D8F54 /* SafariWebExtensionHandler.swift in Sources */,
			);
			runOnlyForDeploymentPostprocessing = 0;
		};
/* End PBXSourcesBuildPhase section */

/* Begin PBXTargetDependency section */
		520BE51A2FFD4340001D8F54 /* PBXTargetDependency */ = {
			isa = PBXTargetDependency;
			target = 520BE5162FFD4340001D8F54 /* SteamPricesPOC Extension */;
			targetProxy = 520BE5192FFD4340001D8F54 /* PBXContainerItemProxy */;
		};
/* End PBXTargetDependency section */

/* Begin PBXVariantGroup section */
		520BE5022FFD433F001D8F54 /* Main.html */ = {
			isa = PBXVariantGroup;
			children = (
				520BE5032FFD433F001D8F54 /* Base */,
			);
			name = Main.html;
			sourceTree = "<group>";
		};
		520BE50D2FFD433F001D8F54 /* Main.storyboard */ = {
			isa = PBXVariantGroup;
			children = (
				520BE50E2FFD433F001D8F54 /* Base */,
			);
			name = Main.storyboard;
			sourceTree = "<group>";
		};
/* End PBXVariantGroup section */

/* Begin XCBuildConfiguration section */
		520BE51F2FFD4340001D8F54 /* Debug */ = {
			isa = XCBuildConfiguration;
			buildSettings = {
				ALWAYS_SEARCH_USER_PATHS = NO;
				ASSETCATALOG_COMPILER_GENERATE_SWIFT_ASSET_SYMBOL_EXTENSIONS = YES;
				CLANG_ANALYZER_NONNULL = YES;
				CLANG_ANALYZER_NUMBER_OBJECT_CONVERSION = YES_AGGRESSIVE;
				CLANG_CXX_LANGUAGE_STANDARD = "gnu++20";
				CLANG_ENABLE_MODULES = YES;
				CLANG_ENABLE_OBJC_ARC = YES;
				CLANG_ENABLE_OBJC_WEAK = YES;
				CLANG_WARN_BLOCK_CAPTURE_AUTORELEASING = YES;
				CLANG_WARN_BOOL_CONVERSION = YES;
				CLANG_WARN_COMMA = YES;
				CLANG_WARN_CONSTANT_CONVERSION = YES;
				CLANG_WARN_DEPRECATED_OBJC_IMPLEMENTATIONS = YES;
				CLANG_WARN_DIRECT_OBJC_ISA_USAGE = YES_ERROR;
				CLANG_WARN_DOCUMENTATION_COMMENTS = YES;
				CLANG_WARN_EMPTY_BODY = YES;
				CLANG_WARN_ENUM_CONVERSION = YES;
				CLANG_WARN_INFINITE_RECURSION = YES;
				CLANG_WARN_INT_CONVERSION = YES;
				CLANG_WARN_NON_LITERAL_NULL_CONVERSION = YES;
				CLANG_WARN_OBJC_IMPLICIT_RETAIN_SELF = YES;
				CLANG_WARN_OBJC_LITERAL_CONVERSION = YES;
				CLANG_WARN_OBJC_ROOT_CLASS = YES_ERROR;
				CLANG_WARN_QUOTED_INCLUDE_IN_FRAMEWORK_HEADER = YES;
				CLANG_WARN_RANGE_LOOP_ANALYSIS = YES;
				CLANG_WARN_STRICT_PROTOTYPES = YES;
				CLANG_WARN_SUSPICIOUS_MOVE = YES;
				CLANG_WARN_UNGUARDED_AVAILABILITY = YES_AGGRESSIVE;
				CLANG_WARN_UNREACHABLE_CODE = YES;
				CLANG_WARN__DUPLICATE_METHOD_MATCH = YES;
				COPY_PHASE_STRIP = NO;
				DEBUG_INFORMATION_FORMAT = dwarf;
				ENABLE_STRICT_OBJC_MSGSEND = YES;
				ENABLE_TESTABILITY = YES;
				ENABLE_USER_SCRIPT_SANDBOXING = YES;
				GCC_C_LANGUAGE_STANDARD = gnu17;
				GCC_DYNAMIC_NO_PIC = NO;
				GCC_NO_COMMON_BLOCKS = YES;
				GCC_OPTIMIZATION_LEVEL = 0;
				GCC_PREPROCESSOR_DEFINITIONS = (
					"DEBUG=1",
					"$(inherited)",
				);
				GCC_WARN_64_TO_32_BIT_CONVERSION = YES;
				GCC_WARN_ABOUT_RETURN_TYPE = YES_ERROR;
				GCC_WARN_UNDECLARED_SELECTOR = YES;
				GCC_WARN_UNINITIALIZED_AUTOS = YES_AGGRESSIVE;
				GCC_WARN_UNUSED_FUNCTION = YES;
				GCC_WARN_UNUSED_VARIABLE = YES;
				LOCALIZATION_PREFERS_STRING_CATALOGS = YES;
				MACOSX_DEPLOYMENT_TARGET = 26.5;
				MTL_ENABLE_DEBUG_INFO = INCLUDE_SOURCE;
				MTL_FAST_MATH = YES;
				ONLY_ACTIVE_ARCH = YES;
				SDKROOT = macosx;
				SWIFT_ACTIVE_COMPILATION_CONDITIONS = "DEBUG $(inherited)";
				SWIFT_OPTIMIZATION_LEVEL = "-Onone";
			};
			name = Debug;
		};
		520BE5202FFD4340001D8F54 /* Release */ = {
			isa = XCBuildConfiguration;
			buildSettings = {
				ALWAYS_SEARCH_USER_PATHS = NO;
				ASSETCATALOG_COMPILER_GENERATE_SWIFT_ASSET_SYMBOL_EXTENSIONS = YES;
				CLANG_ANALYZER_NONNULL = YES;
				CLANG_ANALYZER_NUMBER_OBJECT_CONVERSION = YES_AGGRESSIVE;
				CLANG_CXX_LANGUAGE_STANDARD = "gnu++20";
				CLANG_ENABLE_MODULES = YES;
				CLANG_ENABLE_OBJC_ARC = YES;
				CLANG_ENABLE_OBJC_WEAK = YES;
				CLANG_WARN_BLOCK_CAPTURE_AUTORELEASING = YES;
				CLANG_WARN_BOOL_CONVERSION = YES;
				CLANG_WARN_COMMA = YES;
				CLANG_WARN_CONSTANT_CONVERSION = YES;
				CLANG_WARN_DEPRECATED_OBJC_IMPLEMENTATIONS = YES;
				CLANG_WARN_DIRECT_OBJC_ISA_USAGE = YES_ERROR;
				CLANG_WARN_DOCUMENTATION_COMMENTS = YES;
				CLANG_WARN_EMPTY_BODY = YES;
				CLANG_WARN_ENUM_CONVERSION = YES;
				CLANG_WARN_INFINITE_RECURSION = YES;
				CLANG_WARN_INT_CONVERSION = YES;
				CLANG_WARN_NON_LITERAL_NULL_CONVERSION = YES;
				CLANG_WARN_OBJC_IMPLICIT_RETAIN_SELF = YES;
				CLANG_WARN_OBJC_LITERAL_CONVERSION = YES;
				CLANG_WARN_OBJC_ROOT_CLASS = YES_ERROR;
				CLANG_WARN_QUOTED_INCLUDE_IN_FRAMEWORK_HEADER = YES;
				CLANG_WARN_RANGE_LOOP_ANALYSIS = YES;
				CLANG_WARN_STRICT_PROTOTYPES = YES;
				CLANG_WARN_SUSPICIOUS_MOVE = YES;
				CLANG_WARN_UNGUARDED_AVAILABILITY = YES_AGGRESSIVE;
				CLANG_WARN_UNREACHABLE_CODE = YES;
				CLANG_WARN__DUPLICATE_METHOD_MATCH = YES;
				COPY_PHASE_STRIP = NO;
				DEBUG_INFORMATION_FORMAT = "dwarf-with-dsym";
				ENABLE_NS_ASSERTIONS = NO;
				ENABLE_STRICT_OBJC_MSGSEND = YES;
				ENABLE_USER_SCRIPT_SANDBOXING = YES;
				GCC_C_LANGUAGE_STANDARD = gnu17;
				GCC_NO_COMMON_BLOCKS = YES;
				GCC_WARN_64_TO_32_BIT_CONVERSION = YES;
				GCC_WARN_ABOUT_RETURN_TYPE = YES_ERROR;
				GCC_WARN_UNDECLARED_SELECTOR = YES;
				GCC_WARN_UNINITIALIZED_AUTOS = YES_AGGRESSIVE;
				GCC_WARN_UNUSED_FUNCTION = YES;
				GCC_WARN_UNUSED_VARIABLE = YES;
				LOCALIZATION_PREFERS_STRING_CATALOGS = YES;
				MACOSX_DEPLOYMENT_TARGET = 26.5;
				MTL_ENABLE_DEBUG_INFO = NO;
				MTL_FAST_MATH = YES;
				SDKROOT = macosx;
				SWIFT_COMPILATION_MODE = wholemodule;
			};
			name = Release;
		};
		520BE5222FFD4340001D8F54 /* Debug */ = {
			isa = XCBuildConfiguration;
			buildSettings = {
				CODE_SIGN_STYLE = Automatic;
				CURRENT_PROJECT_VERSION = 1;
				ENABLE_APP_SANDBOX = YES;
				ENABLE_HARDENED_RUNTIME = YES;
				ENABLE_USER_SELECTED_FILES = readonly;
				GENERATE_INFOPLIST_FILE = YES;
				INFOPLIST_FILE = "SteamPricesPOC Extension/Info.plist";
				INFOPLIST_KEY_CFBundleDisplayName = "SteamPricesPOC Extension";
				INFOPLIST_KEY_NSHumanReadableCopyright = "";
				LD_RUNPATH_SEARCH_PATHS = (
					"$(inherited)",
					"@executable_path/../Frameworks",
					"@executable_path/../../../../Frameworks",
				);
				MACOSX_DEPLOYMENT_TARGET = 10.14;
				MARKETING_VERSION = 1.0;
				OTHER_LDFLAGS = (
					"-framework",
					SafariServices,
				);
				PRODUCT_BUNDLE_IDENTIFIER = com.dguevara.SteamPricesPOC.Extension;
				PRODUCT_NAME = "$(TARGET_NAME)";
				SKIP_INSTALL = YES;
				STRING_CATALOG_GENERATE_SYMBOLS = YES;
				SWIFT_APPROACHABLE_CONCURRENCY = YES;
				SWIFT_EMIT_LOC_STRINGS = YES;
				SWIFT_UPCOMING_FEATURE_MEMBER_IMPORT_VISIBILITY = YES;
				SWIFT_VERSION = 5.0;
			};
			name = Debug;
		};
		520BE5232FFD4340001D8F54 /* Release */ = {
			isa = XCBuildConfiguration;
			buildSettings = {
				CODE_SIGN_STYLE = Automatic;
				CURRENT_PROJECT_VERSION = 1;
				ENABLE_APP_SANDBOX = YES;
				ENABLE_HARDENED_RUNTIME = YES;
				ENABLE_USER_SELECTED_FILES = readonly;
				GENERATE_INFOPLIST_FILE = YES;
				INFOPLIST_FILE = "SteamPricesPOC Extension/Info.plist";
				INFOPLIST_KEY_CFBundleDisplayName = "SteamPricesPOC Extension";
				INFOPLIST_KEY_NSHumanReadableCopyright = "";
				LD_RUNPATH_SEARCH_PATHS = (
					"$(inherited)",
					"@executable_path/../Frameworks",
					"@executable_path/../../../../Frameworks",
				);
				MACOSX_DEPLOYMENT_TARGET = 10.14;
				MARKETING_VERSION = 1.0;
				OTHER_LDFLAGS = (
					"-framework",
					SafariServices,
				);
				PRODUCT_BUNDLE_IDENTIFIER = com.dguevara.SteamPricesPOC.Extension;
				PRODUCT_NAME = "$(TARGET_NAME)";
				SKIP_INSTALL = YES;
				STRING_CATALOG_GENERATE_SYMBOLS = YES;
				SWIFT_APPROACHABLE_CONCURRENCY = YES;
				SWIFT_EMIT_LOC_STRINGS = YES;
				SWIFT_UPCOMING_FEATURE_MEMBER_IMPORT_VISIBILITY = YES;
				SWIFT_VERSION = 5.0;
			};
			name = Release;
		};
		520BE5262FFD4340001D8F54 /* Debug */ = {
			isa = XCBuildConfiguration;
			buildSettings = {
				ASSETCATALOG_COMPILER_APPICON_NAME = AppIcon;
				ASSETCATALOG_COMPILER_GLOBAL_ACCENT_COLOR_NAME = AccentColor;
				CODE_SIGN_STYLE = Automatic;
				COMBINE_HIDPI_IMAGES = YES;
				CURRENT_PROJECT_VERSION = 1;
				ENABLE_APP_SANDBOX = YES;
				ENABLE_HARDENED_RUNTIME = YES;
				ENABLE_OUTGOING_NETWORK_CONNECTIONS = YES;
				ENABLE_USER_SELECTED_FILES = readonly;
				GENERATE_INFOPLIST_FILE = YES;
				INFOPLIST_FILE = SteamPricesPOC/Info.plist;
				INFOPLIST_KEY_CFBundleDisplayName = SteamPricesPOC;
				INFOPLIST_KEY_NSHumanReadableCopyright = "";
				INFOPLIST_KEY_NSMainStoryboardFile = Main;
				INFOPLIST_KEY_NSPrincipalClass = NSApplication;
				LD_RUNPATH_SEARCH_PATHS = (
					"$(inherited)",
					"@executable_path/../Frameworks",
				);
				MARKETING_VERSION = 1.0;
				OTHER_LDFLAGS = (
					"-framework",
					SafariServices,
					"-framework",
					WebKit,
				);
				PRODUCT_BUNDLE_IDENTIFIER = com.dguevara.SteamPricesPOC;
				PRODUCT_NAME = "$(TARGET_NAME)";
				REGISTER_APP_GROUPS = YES;
				STRING_CATALOG_GENERATE_SYMBOLS = YES;
				SWIFT_APPROACHABLE_CONCURRENCY = YES;
				SWIFT_DEFAULT_ACTOR_ISOLATION = MainActor;
				SWIFT_EMIT_LOC_STRINGS = YES;
				SWIFT_UPCOMING_FEATURE_MEMBER_IMPORT_VISIBILITY = YES;
				SWIFT_VERSION = 5.0;
			};
			name = Debug;
		};
		520BE5272FFD4340001D8F54 /* Release */ = {
			isa = XCBuildConfiguration;
			buildSettings = {
				ASSETCATALOG_COMPILER_APPICON_NAME = AppIcon;
				ASSETCATALOG_COMPILER_GLOBAL_ACCENT_COLOR_NAME = AccentColor;
				CODE_SIGN_STYLE = Automatic;
				COMBINE_HIDPI_IMAGES = YES;
				CURRENT_PROJECT_VERSION = 1;
				ENABLE_APP_SANDBOX = YES;
				ENABLE_HARDENED_RUNTIME = YES;
				ENABLE_OUTGOING_NETWORK_CONNECTIONS = YES;
				ENABLE_USER_SELECTED_FILES = readonly;
				GENERATE_INFOPLIST_FILE = YES;
				INFOPLIST_FILE = SteamPricesPOC/Info.plist;
				INFOPLIST_KEY_CFBundleDisplayName = SteamPricesPOC;
				INFOPLIST_KEY_NSHumanReadableCopyright = "";
				INFOPLIST_KEY_NSMainStoryboardFile = Main;
				INFOPLIST_KEY_NSPrincipalClass = NSApplication;
				LD_RUNPATH_SEARCH_PATHS = (
					"$(inherited)",
					"@executable_path/../Frameworks",
				);
				MARKETING_VERSION = 1.0;
				OTHER_LDFLAGS = (
					"-framework",
					SafariServices,
					"-framework",
					WebKit,
				);
				PRODUCT_BUNDLE_IDENTIFIER = com.dguevara.SteamPricesPOC;
				PRODUCT_NAME = "$(TARGET_NAME)";
				REGISTER_APP_GROUPS = YES;
				STRING_CATALOG_GENERATE_SYMBOLS = YES;
				SWIFT_APPROACHABLE_CONCURRENCY = YES;
				SWIFT_DEFAULT_ACTOR_ISOLATION = MainActor;
				SWIFT_EMIT_LOC_STRINGS = YES;
				SWIFT_UPCOMING_FEATURE_MEMBER_IMPORT_VISIBILITY = YES;
				SWIFT_VERSION = 5.0;
			};
			name = Release;
		};
/* End XCBuildConfiguration section */

/* Begin XCConfigurationList section */
		520BE4F72FFD433F001D8F54 /* Build configuration list for PBXProject "SteamPricesPOC" */ = {
			isa = XCConfigurationList;
			buildConfigurations = (
				520BE51F2FFD4340001D8F54 /* Debug */,
				520BE5202FFD4340001D8F54 /* Release */,
			);
			defaultConfigurationIsVisible = 0;
			defaultConfigurationName = Release;
		};
		520BE5212FFD4340001D8F54 /* Build configuration list for PBXNativeTarget "SteamPricesPOC Extension" */ = {
			isa = XCConfigurationList;
			buildConfigurations = (
				520BE5222FFD4340001D8F54 /* Debug */,
				520BE5232FFD4340001D8F54 /* Release */,
			);
			defaultConfigurationIsVisible = 0;
			defaultConfigurationName = Release;
		};
		520BE5252FFD4340001D8F54 /* Build configuration list for PBXNativeTarget "SteamPricesPOC" */ = {
			isa = XCConfigurationList;
			buildConfigurations = (
				520BE5262FFD4340001D8F54 /* Debug */,
				520BE5272FFD4340001D8F54 /* Release */,
			);
			defaultConfigurationIsVisible = 0;
			defaultConfigurationName = Release;
		};
/* End XCConfigurationList section */
	};
	rootObject = 520BE4F42FFD433F001D8F54 /* Project object */;
}
